
Microsoft Visual Studio Solution File, Format Version 10.00
# Visual Studio 2008
Project("{FAE04EC0-301F-11D3-BF4B-00C04F79EFBC}") = "CorePrototype", "CorePrototype\CorePrototype.csproj", "{393B0B38-9A51-41C5-8447-A23CA500BEFC}"
EndProject
Project("{FAE04EC0-301F-11D3-BF4B-00C04F79EFBC}") = "Common", "Common\Common.csproj", "{D8647BD4-7BB1-40B7-A78C-5F8DEFB1C338}"
EndProject
Project("{FAE04EC0-301F-11D3-BF4B-00C04F79EFBC}") = "TestSuite001", "TestSuite001\TestSuite001.csproj", "{0FD24B0A-1E2C-4E43-B497-C68EE5FC64B7}"
EndProject
Project("{FAE04EC0-301F-11D3-BF4B-00C04F79EFBC}") = "TestSuite002", "TestSuite002\TestSuite002.csproj", "{F83ECA75-AA85-48EF-8503-B963DDFC377E}"
EndProject
Global
	GlobalSection(TeamFoundationVersionControl) = preSolution
		SccNumberOfProjects = 5
		SccEnterpriseProvider = {4CA58AB2-18FA-4F8D-95D4-32DDF27D184C}
		SccTeamFoundationServer = http://spb-tfs01:8080/
		SccLocalPath0 = .
		SccProjectUniqueName1 = Common\\Common.csproj
		SccProjectName1 = Common
		SccLocalPath1 = Common
		SccProjectUniqueName2 = CorePrototype\\CorePrototype.csproj
		SccProjectName2 = CorePrototype
		SccLocalPath2 = CorePrototype
		SccProjectUniqueName3 = TestSuite001\\TestSuite001.csproj
		SccProjectName3 = TestSuite001
		SccLocalPath3 = TestSuite001
		SccProjectUniqueName4 = TestSuite002\\TestSuite002.csproj
		SccProjectName4 = TestSuite002
		SccLocalPath4 = TestSuite002
	EndGlobalSection
	GlobalSection(SolutionConfigurationPlatforms) = preSolution
		Debug|Any CPU = Debug|Any CPU
		Release|Any CPU = Release|Any CPU
	EndGlobalSection
	GlobalSection(ProjectConfigurationPlatforms) = postSolution
		{393B0B38-9A51-41C5-8447-A23CA500BEFC}.Debug|Any CPU.ActiveCfg = Debug|Any CPU
		{393B0B38-9A51-41C5-8447-A23CA500BEFC}.Debug|Any CPU.Build.0 = Debug|Any CPU
		{393B0B38-9A51-41C5-8447-A23CA500BEFC}.Release|Any CPU.ActiveCfg = Release|Any CPU
		{393B0B38-9A51-41C5-8447-A23CA500BEFC}.Release|Any CPU.Build.0 = Release|Any CPU
		{D8647BD4-7BB1-40B7-A78C-5F8DEFB1C338}.Debug|Any CPU.ActiveCfg = Debug|Any CPU
		{D8647BD4-7BB1-40B7-A78C-5F8DEFB1C338}.Debug|Any CPU.Build.0 = Debug|Any CPU
		{D8647BD4-7BB1-40B7-A78C-5F8DEFB1C338}.Release|Any CPU.ActiveCfg = Release|Any CPU
		{D8647BD4-7BB1-40B7-A78C-5F8DEFB1C338}.Release|Any CPU.Build.0 = Release|Any CPU
		{0FD24B0A-1E2C-4E43-B497-C68EE5FC64B7}.Debug|Any CPU.ActiveCfg = Debug|Any CPU
		{0FD24B0A-1E2C-4E43-B497-C68EE5FC64B7}.Debug|Any CPU.Build.0 = Debug|Any CPU
		{0FD24B0A-1E2C-4E43-B497-C68EE5FC64B7}.Release|Any CPU.ActiveCfg = Release|Any CPU
		{0FD24B0A-1E2C-4E43-B497-C68EE5FC64B7}.Release|Any CPU.Build.0 = Release|Any CPU
		{F83ECA75-AA85-48EF-8503-B963DDFC377E}.Debug|Any CPU.ActiveCfg = Debug|Any CPU
		{F83ECA75-AA85-48EF-8503-B963DDFC377E}.Debug|Any CPU.Build.0 = Debug|Any CPU
		{F83ECA75-AA85-48EF-8503-B963DDFC377E}.Release|Any CPU.ActiveCfg = Release|Any CPU
		{F83ECA75-AA85-48EF-8503-B963DDFC377E}.Release|Any CPU.Build.0 = Release|Any CPU
	EndGlobalSection
	GlobalSection(SolutionProperties) = preSolution
		HideSolutionNode = FALSE
	EndGlobalSection
EndGlobal
