
Microsoft Visual Studio Solution File, Format Version 12.00
# Visual Studio 2012
Project("{FAE04EC0-301F-11D3-BF4B-00C04F79EFBC}") = "XMLtoHTML", "XMLtoHTML\XMLtoHTML.csproj", "{5696E25E-04A3-431B-8E99-AB7903545798}"
EndProject
Global
	GlobalSection(TeamFoundationVersionControl) = preSolution
		SccNumberOfProjects = 2
		SccEnterpriseProvider = {4CA58AB2-18FA-4F8D-95D4-32DDF27D184C}
		SccTeamFoundationServer = http://nov-tfs04:8080/tfs/defaultcollection
		SccLocalPath0 = .
		SccProjectUniqueName1 = XMLtoHTML\\XMLtoHTML.csproj
		SccProjectName1 = XMLtoHTML
		SccLocalPath1 = XMLtoHTML
	EndGlobalSection
	GlobalSection(SolutionConfigurationPlatforms) = preSolution
		Debug|Any CPU = Debug|Any CPU
		Release|Any CPU = Release|Any CPU
	EndGlobalSection
	GlobalSection(ProjectConfigurationPlatforms) = postSolution
		{5696E25E-04A3-431B-8E99-AB7903545798}.Debug|Any CPU.ActiveCfg = Debug|Any CPU
		{5696E25E-04A3-431B-8E99-AB7903545798}.Debug|Any CPU.Build.0 = Debug|Any CPU
		{5696E25E-04A3-431B-8E99-AB7903545798}.Release|Any CPU.ActiveCfg = Release|Any CPU
		{5696E25E-04A3-431B-8E99-AB7903545798}.Release|Any CPU.Build.0 = Release|Any CPU
	EndGlobalSection
	GlobalSection(SolutionProperties) = preSolution
		HideSolutionNode = FALSE
	EndGlobalSection
EndGlobal
