
Microsoft Visual Studio Solution File, Format Version 12.00
# Visual Studio 2012
Project("{FAE04EC0-301F-11D3-BF4B-00C04F79EFBC}") = "XsdChecker", "XsdChecker\XsdChecker.csproj", "{35657EBE-4B10-4B73-A687-6DE27FA77EBD}"
EndProject
Project("{FAE04EC0-301F-11D3-BF4B-00C04F79EFBC}") = "XsdCheckerLib", "XsdCheckerLib\XsdCheckerLib\XsdCheckerLib.csproj", "{B811F02F-2D4F-4E51-821B-01173609724D}"
EndProject
Global
	GlobalSection(SolutionConfigurationPlatforms) = preSolution
		Debug|Any CPU = Debug|Any CPU
		Release|Any CPU = Release|Any CPU
	EndGlobalSection
	GlobalSection(ProjectConfigurationPlatforms) = postSolution
		{35657EBE-4B10-4B73-A687-6DE27FA77EBD}.Debug|Any CPU.ActiveCfg = Debug|Any CPU
		{35657EBE-4B10-4B73-A687-6DE27FA77EBD}.Debug|Any CPU.Build.0 = Debug|Any CPU
		{35657EBE-4B10-4B73-A687-6DE27FA77EBD}.Release|Any CPU.ActiveCfg = Release|Any CPU
		{35657EBE-4B10-4B73-A687-6DE27FA77EBD}.Release|Any CPU.Build.0 = Release|Any CPU
		{B811F02F-2D4F-4E51-821B-01173609724D}.Debug|Any CPU.ActiveCfg = Debug|Any CPU
		{B811F02F-2D4F-4E51-821B-01173609724D}.Debug|Any CPU.Build.0 = Debug|Any CPU
		{B811F02F-2D4F-4E51-821B-01173609724D}.Release|Any CPU.ActiveCfg = Release|Any CPU
		{B811F02F-2D4F-4E51-821B-01173609724D}.Release|Any CPU.Build.0 = Release|Any CPU
	EndGlobalSection
	GlobalSection(SolutionProperties) = preSolution
		HideSolutionNode = FALSE
	EndGlobalSection
EndGlobal
