
Microsoft Visual Studio Solution File, Format Version 10.00
# Visual Studio 2008
Project("{FAE04EC0-301F-11D3-BF4B-00C04F79EFBC}") = "TestTool.GUI", "TestTool.GUI\TestTool.GUI.csproj", "{E867C701-FE40-4DFE-BF36-0A9D3AB75056}"
	ProjectSection(ProjectDependencies) = postProject
		{A15808FF-153A-484A-8A61-AFB0F25CE8D5} = {A15808FF-153A-484A-8A61-AFB0F25CE8D5}
	EndProjectSection
EndProject
Project("{FAE04EC0-301F-11D3-BF4B-00C04F79EFBC}") = "TestTool.Tests.Common", "TestTool.Tests.Common\TestTool.Tests.Common.csproj", "{A15808FF-153A-484A-8A61-AFB0F25CE8D5}"
EndProject
Project("{FAE04EC0-301F-11D3-BF4B-00C04F79EFBC}") = "TestTool.Tests.TestCases", "TestTool.Tests.TestCases\TestTool.Tests.TestCases.csproj", "{F76B57AB-3717-4C02-A4E6-7B441C74010A}"
	ProjectSection(ProjectDependencies) = postProject
		{A15808FF-153A-484A-8A61-AFB0F25CE8D5} = {A15808FF-153A-484A-8A61-AFB0F25CE8D5}
	EndProjectSection
EndProject
Project("{2150E333-8FDC-42A3-9474-1A3956D46DE8}") = "Lib", "Lib", "{9D1247F6-4313-4A22-B1CB-D286DCB24E79}"
	ProjectSection(SolutionItems) = preProject
		Lib\itextsharp.dll = Lib\itextsharp.dll
	EndProjectSection
EndProject
Project("{FAE04EC0-301F-11D3-BF4B-00C04F79EFBC}") = "TestTool.Proxies", "TestTool.Tests.Proxies\TestTool.Proxies.csproj", "{DF7B7F6B-0A32-4F38-BCAC-AF7813AF934E}"
EndProject
Project("{54435603-DBB4-11D2-8724-00A0C9A8B90C}") = "TestTool.Setup", "TestTool.Setup\TestTool.Setup.vdproj", "{63F85B7E-42D7-4A96-A6E4-600EA8E6B0AF}"
EndProject
Project("{FAE04EC0-301F-11D3-BF4B-00C04F79EFBC}") = "TestTool.HttpTransport", "TestTool.HttpTransport\TestTool.HttpTransport.csproj", "{093AF2D0-9FA6-4E1C-841C-661CE9DC5230}"
EndProject
Project("{8BC9CEB8-8B4A-11D0-8D11-00A0C91BC942}") = "SourceFilter", "SourceFilter\SourceFilter.vcproj", "{39469123-3EB7-45F3-A15B-3854DFD2C2EB}"
EndProject
Global
	GlobalSection(TeamFoundationVersionControl) = preSolution
		SccNumberOfProjects = 8
		SccEnterpriseProvider = {4CA58AB2-18FA-4F8D-95D4-32DDF27D184C}
		SccTeamFoundationServer = http://spb-tfs01:8080/
		SccLocalPath0 = .
		SccProjectUniqueName1 = TestTool.GUI\\TestTool.GUI.csproj
		SccProjectName1 = TestTool.GUI
		SccLocalPath1 = TestTool.GUI
		SccProjectUniqueName2 = TestTool.Tests.Common\\TestTool.Tests.Common.csproj
		SccProjectName2 = TestTool.Tests.Common
		SccLocalPath2 = TestTool.Tests.Common
		SccProjectUniqueName3 = TestTool.Tests.TestCases\\TestTool.Tests.TestCases.csproj
		SccProjectName3 = TestTool.Tests.TestCases
		SccLocalPath3 = TestTool.Tests.TestCases
		SccProjectUniqueName4 = TestTool.Tests.Proxies\\TestTool.Proxies.csproj
		SccProjectName4 = TestTool.Tests.Proxies
		SccLocalPath4 = TestTool.Tests.Proxies
		SccProjectUniqueName5 = TestTool.Setup\\TestTool.Setup.vdproj
		SccProjectName5 = TestTool.Setup
		SccLocalPath5 = TestTool.Setup
		SccProjectUniqueName6 = TestTool.HttpTransport\\TestTool.HttpTransport.csproj
		SccProjectName6 = TestTool.HttpTransport
		SccLocalPath6 = TestTool.HttpTransport
		SccProjectUniqueName7 = SourceFilter\\SourceFilter.vcproj
		SccProjectName7 = SourceFilter
		SccLocalPath7 = SourceFilter
	EndGlobalSection
	GlobalSection(SolutionConfigurationPlatforms) = preSolution
		Debug|Any CPU = Debug|Any CPU
		Debug|Mixed Platforms = Debug|Mixed Platforms
		Debug|Win32 = Debug|Win32
		Debug|x64 = Debug|x64
		Release - Full|Any CPU = Release - Full|Any CPU
		Release - Full|Mixed Platforms = Release - Full|Mixed Platforms
		Release - Full|Win32 = Release - Full|Win32
		Release - Full|x64 = Release - Full|x64
		Release|Any CPU = Release|Any CPU
		Release|Mixed Platforms = Release|Mixed Platforms
		Release|Win32 = Release|Win32
		Release|x64 = Release|x64
	EndGlobalSection
	GlobalSection(ProjectConfigurationPlatforms) = postSolution
		{E867C701-FE40-4DFE-BF36-0A9D3AB75056}.Debug|Any CPU.ActiveCfg = Debug|Any CPU
		{E867C701-FE40-4DFE-BF36-0A9D3AB75056}.Debug|Any CPU.Build.0 = Debug|Any CPU
		{E867C701-FE40-4DFE-BF36-0A9D3AB75056}.Debug|Mixed Platforms.ActiveCfg = Debug|Any CPU
		{E867C701-FE40-4DFE-BF36-0A9D3AB75056}.Debug|Mixed Platforms.Build.0 = Debug|Any CPU
		{E867C701-FE40-4DFE-BF36-0A9D3AB75056}.Debug|Win32.ActiveCfg = Debug|Any CPU
		{E867C701-FE40-4DFE-BF36-0A9D3AB75056}.Debug|x64.ActiveCfg = Debug|Any CPU
		{E867C701-FE40-4DFE-BF36-0A9D3AB75056}.Release - Full|Any CPU.ActiveCfg = Release - Full|Any CPU
		{E867C701-FE40-4DFE-BF36-0A9D3AB75056}.Release - Full|Any CPU.Build.0 = Release - Full|Any CPU
		{E867C701-FE40-4DFE-BF36-0A9D3AB75056}.Release - Full|Mixed Platforms.ActiveCfg = Release - Full|Any CPU
		{E867C701-FE40-4DFE-BF36-0A9D3AB75056}.Release - Full|Mixed Platforms.Build.0 = Release - Full|Any CPU
		{E867C701-FE40-4DFE-BF36-0A9D3AB75056}.Release - Full|Win32.ActiveCfg = Release - Full|Any CPU
		{E867C701-FE40-4DFE-BF36-0A9D3AB75056}.Release - Full|x64.ActiveCfg = Release - Full|Any CPU
		{E867C701-FE40-4DFE-BF36-0A9D3AB75056}.Release|Any CPU.ActiveCfg = Release|Any CPU
		{E867C701-FE40-4DFE-BF36-0A9D3AB75056}.Release|Any CPU.Build.0 = Release|Any CPU
		{E867C701-FE40-4DFE-BF36-0A9D3AB75056}.Release|Mixed Platforms.ActiveCfg = Release|Any CPU
		{E867C701-FE40-4DFE-BF36-0A9D3AB75056}.Release|Mixed Platforms.Build.0 = Release|Any CPU
		{E867C701-FE40-4DFE-BF36-0A9D3AB75056}.Release|Win32.ActiveCfg = Release|Any CPU
		{E867C701-FE40-4DFE-BF36-0A9D3AB75056}.Release|x64.ActiveCfg = Release|Any CPU
		{A15808FF-153A-484A-8A61-AFB0F25CE8D5}.Debug|Any CPU.ActiveCfg = Debug|Any CPU
		{A15808FF-153A-484A-8A61-AFB0F25CE8D5}.Debug|Any CPU.Build.0 = Debug|Any CPU
		{A15808FF-153A-484A-8A61-AFB0F25CE8D5}.Debug|Mixed Platforms.ActiveCfg = Debug|Any CPU
		{A15808FF-153A-484A-8A61-AFB0F25CE8D5}.Debug|Mixed Platforms.Build.0 = Debug|Any CPU
		{A15808FF-153A-484A-8A61-AFB0F25CE8D5}.Debug|Win32.ActiveCfg = Debug|Any CPU
		{A15808FF-153A-484A-8A61-AFB0F25CE8D5}.Debug|x64.ActiveCfg = Debug|Any CPU
		{A15808FF-153A-484A-8A61-AFB0F25CE8D5}.Release - Full|Any CPU.ActiveCfg = Release - Full|Any CPU
		{A15808FF-153A-484A-8A61-AFB0F25CE8D5}.Release - Full|Any CPU.Build.0 = Release - Full|Any CPU
		{A15808FF-153A-484A-8A61-AFB0F25CE8D5}.Release - Full|Mixed Platforms.ActiveCfg = Release - Full|Any CPU
		{A15808FF-153A-484A-8A61-AFB0F25CE8D5}.Release - Full|Mixed Platforms.Build.0 = Release - Full|Any CPU
		{A15808FF-153A-484A-8A61-AFB0F25CE8D5}.Release - Full|Win32.ActiveCfg = Release - Full|Any CPU
		{A15808FF-153A-484A-8A61-AFB0F25CE8D5}.Release - Full|x64.ActiveCfg = Release - Full|Any CPU
		{A15808FF-153A-484A-8A61-AFB0F25CE8D5}.Release|Any CPU.ActiveCfg = Release|Any CPU
		{A15808FF-153A-484A-8A61-AFB0F25CE8D5}.Release|Any CPU.Build.0 = Release|Any CPU
		{A15808FF-153A-484A-8A61-AFB0F25CE8D5}.Release|Mixed Platforms.ActiveCfg = Release|Any CPU
		{A15808FF-153A-484A-8A61-AFB0F25CE8D5}.Release|Mixed Platforms.Build.0 = Release|Any CPU
		{A15808FF-153A-484A-8A61-AFB0F25CE8D5}.Release|Win32.ActiveCfg = Release|Any CPU
		{A15808FF-153A-484A-8A61-AFB0F25CE8D5}.Release|x64.ActiveCfg = Release|Any CPU
		{F76B57AB-3717-4C02-A4E6-7B441C74010A}.Debug|Any CPU.ActiveCfg = Debug|Any CPU
		{F76B57AB-3717-4C02-A4E6-7B441C74010A}.Debug|Any CPU.Build.0 = Debug|Any CPU
		{F76B57AB-3717-4C02-A4E6-7B441C74010A}.Debug|Mixed Platforms.ActiveCfg = Debug|Any CPU
		{F76B57AB-3717-4C02-A4E6-7B441C74010A}.Debug|Mixed Platforms.Build.0 = Debug|Any CPU
		{F76B57AB-3717-4C02-A4E6-7B441C74010A}.Debug|Win32.ActiveCfg = Debug|Any CPU
		{F76B57AB-3717-4C02-A4E6-7B441C74010A}.Debug|x64.ActiveCfg = Debug|Any CPU
		{F76B57AB-3717-4C02-A4E6-7B441C74010A}.Release - Full|Any CPU.ActiveCfg = Release - Full|Any CPU
		{F76B57AB-3717-4C02-A4E6-7B441C74010A}.Release - Full|Any CPU.Build.0 = Release - Full|Any CPU
		{F76B57AB-3717-4C02-A4E6-7B441C74010A}.Release - Full|Mixed Platforms.ActiveCfg = Release - Full|Any CPU
		{F76B57AB-3717-4C02-A4E6-7B441C74010A}.Release - Full|Mixed Platforms.Build.0 = Release - Full|Any CPU
		{F76B57AB-3717-4C02-A4E6-7B441C74010A}.Release - Full|Win32.ActiveCfg = Release - Full|Any CPU
		{F76B57AB-3717-4C02-A4E6-7B441C74010A}.Release - Full|x64.ActiveCfg = Release - Full|Any CPU
		{F76B57AB-3717-4C02-A4E6-7B441C74010A}.Release|Any CPU.ActiveCfg = Release|Any CPU
		{F76B57AB-3717-4C02-A4E6-7B441C74010A}.Release|Any CPU.Build.0 = Release|Any CPU
		{F76B57AB-3717-4C02-A4E6-7B441C74010A}.Release|Mixed Platforms.ActiveCfg = Release|Any CPU
		{F76B57AB-3717-4C02-A4E6-7B441C74010A}.Release|Mixed Platforms.Build.0 = Release|Any CPU
		{F76B57AB-3717-4C02-A4E6-7B441C74010A}.Release|Win32.ActiveCfg = Release|Any CPU
		{F76B57AB-3717-4C02-A4E6-7B441C74010A}.Release|x64.ActiveCfg = Release|Any CPU
		{DF7B7F6B-0A32-4F38-BCAC-AF7813AF934E}.Debug|Any CPU.ActiveCfg = Debug|Any CPU
		{DF7B7F6B-0A32-4F38-BCAC-AF7813AF934E}.Debug|Any CPU.Build.0 = Debug|Any CPU
		{DF7B7F6B-0A32-4F38-BCAC-AF7813AF934E}.Debug|Mixed Platforms.ActiveCfg = Debug|Any CPU
		{DF7B7F6B-0A32-4F38-BCAC-AF7813AF934E}.Debug|Mixed Platforms.Build.0 = Debug|Any CPU
		{DF7B7F6B-0A32-4F38-BCAC-AF7813AF934E}.Debug|Win32.ActiveCfg = Debug|Any CPU
		{DF7B7F6B-0A32-4F38-BCAC-AF7813AF934E}.Debug|x64.ActiveCfg = Debug|Any CPU
		{DF7B7F6B-0A32-4F38-BCAC-AF7813AF934E}.Release - Full|Any CPU.ActiveCfg = Release - Full|Any CPU
		{DF7B7F6B-0A32-4F38-BCAC-AF7813AF934E}.Release - Full|Any CPU.Build.0 = Release - Full|Any CPU
		{DF7B7F6B-0A32-4F38-BCAC-AF7813AF934E}.Release - Full|Mixed Platforms.ActiveCfg = Release - Full|Any CPU
		{DF7B7F6B-0A32-4F38-BCAC-AF7813AF934E}.Release - Full|Mixed Platforms.Build.0 = Release - Full|Any CPU
		{DF7B7F6B-0A32-4F38-BCAC-AF7813AF934E}.Release - Full|Win32.ActiveCfg = Release - Full|Any CPU
		{DF7B7F6B-0A32-4F38-BCAC-AF7813AF934E}.Release - Full|x64.ActiveCfg = Release - Full|Any CPU
		{DF7B7F6B-0A32-4F38-BCAC-AF7813AF934E}.Release|Any CPU.ActiveCfg = Release|Any CPU
		{DF7B7F6B-0A32-4F38-BCAC-AF7813AF934E}.Release|Any CPU.Build.0 = Release|Any CPU
		{DF7B7F6B-0A32-4F38-BCAC-AF7813AF934E}.Release|Mixed Platforms.ActiveCfg = Release|Any CPU
		{DF7B7F6B-0A32-4F38-BCAC-AF7813AF934E}.Release|Mixed Platforms.Build.0 = Release|Any CPU
		{DF7B7F6B-0A32-4F38-BCAC-AF7813AF934E}.Release|Win32.ActiveCfg = Release|Any CPU
		{DF7B7F6B-0A32-4F38-BCAC-AF7813AF934E}.Release|x64.ActiveCfg = Release|Any CPU
		{63F85B7E-42D7-4A96-A6E4-600EA8E6B0AF}.Debug|Any CPU.ActiveCfg = Debug
		{63F85B7E-42D7-4A96-A6E4-600EA8E6B0AF}.Debug|Mixed Platforms.ActiveCfg = Debug
		{63F85B7E-42D7-4A96-A6E4-600EA8E6B0AF}.Debug|Win32.ActiveCfg = Debug
		{63F85B7E-42D7-4A96-A6E4-600EA8E6B0AF}.Debug|Win32.Build.0 = Debug
		{63F85B7E-42D7-4A96-A6E4-600EA8E6B0AF}.Debug|x64.ActiveCfg = Debug
		{63F85B7E-42D7-4A96-A6E4-600EA8E6B0AF}.Debug|x64.Build.0 = Debug
		{63F85B7E-42D7-4A96-A6E4-600EA8E6B0AF}.Release - Full|Any CPU.ActiveCfg = Release - Full
		{63F85B7E-42D7-4A96-A6E4-600EA8E6B0AF}.Release - Full|Mixed Platforms.ActiveCfg = Release - Full
		{63F85B7E-42D7-4A96-A6E4-600EA8E6B0AF}.Release - Full|Mixed Platforms.Build.0 = Release - Full
		{63F85B7E-42D7-4A96-A6E4-600EA8E6B0AF}.Release - Full|Win32.ActiveCfg = Release - Full
		{63F85B7E-42D7-4A96-A6E4-600EA8E6B0AF}.Release - Full|Win32.Build.0 = Release - Full
		{63F85B7E-42D7-4A96-A6E4-600EA8E6B0AF}.Release - Full|x64.ActiveCfg = Release - Full
		{63F85B7E-42D7-4A96-A6E4-600EA8E6B0AF}.Release - Full|x64.Build.0 = Release - Full
		{63F85B7E-42D7-4A96-A6E4-600EA8E6B0AF}.Release|Any CPU.ActiveCfg = Release
		{63F85B7E-42D7-4A96-A6E4-600EA8E6B0AF}.Release|Mixed Platforms.ActiveCfg = Release
		{63F85B7E-42D7-4A96-A6E4-600EA8E6B0AF}.Release|Win32.ActiveCfg = Release
		{63F85B7E-42D7-4A96-A6E4-600EA8E6B0AF}.Release|Win32.Build.0 = Release
		{63F85B7E-42D7-4A96-A6E4-600EA8E6B0AF}.Release|x64.ActiveCfg = Release
		{63F85B7E-42D7-4A96-A6E4-600EA8E6B0AF}.Release|x64.Build.0 = Release
		{093AF2D0-9FA6-4E1C-841C-661CE9DC5230}.Debug|Any CPU.ActiveCfg = Debug|Any CPU
		{093AF2D0-9FA6-4E1C-841C-661CE9DC5230}.Debug|Any CPU.Build.0 = Debug|Any CPU
		{093AF2D0-9FA6-4E1C-841C-661CE9DC5230}.Debug|Mixed Platforms.ActiveCfg = Debug|Any CPU
		{093AF2D0-9FA6-4E1C-841C-661CE9DC5230}.Debug|Mixed Platforms.Build.0 = Debug|Any CPU
		{093AF2D0-9FA6-4E1C-841C-661CE9DC5230}.Debug|Win32.ActiveCfg = Debug|Any CPU
		{093AF2D0-9FA6-4E1C-841C-661CE9DC5230}.Debug|x64.ActiveCfg = Debug|Any CPU
		{093AF2D0-9FA6-4E1C-841C-661CE9DC5230}.Release - Full|Any CPU.ActiveCfg = Release - Full|Any CPU
		{093AF2D0-9FA6-4E1C-841C-661CE9DC5230}.Release - Full|Any CPU.Build.0 = Release - Full|Any CPU
		{093AF2D0-9FA6-4E1C-841C-661CE9DC5230}.Release - Full|Mixed Platforms.ActiveCfg = Release - Full|Any CPU
		{093AF2D0-9FA6-4E1C-841C-661CE9DC5230}.Release - Full|Mixed Platforms.Build.0 = Release - Full|Any CPU
		{093AF2D0-9FA6-4E1C-841C-661CE9DC5230}.Release - Full|Win32.ActiveCfg = Release - Full|Any CPU
		{093AF2D0-9FA6-4E1C-841C-661CE9DC5230}.Release - Full|x64.ActiveCfg = Release - Full|Any CPU
		{093AF2D0-9FA6-4E1C-841C-661CE9DC5230}.Release|Any CPU.ActiveCfg = Release|Any CPU
		{093AF2D0-9FA6-4E1C-841C-661CE9DC5230}.Release|Any CPU.Build.0 = Release|Any CPU
		{093AF2D0-9FA6-4E1C-841C-661CE9DC5230}.Release|Mixed Platforms.ActiveCfg = Release|Any CPU
		{093AF2D0-9FA6-4E1C-841C-661CE9DC5230}.Release|Mixed Platforms.Build.0 = Release|Any CPU
		{093AF2D0-9FA6-4E1C-841C-661CE9DC5230}.Release|Win32.ActiveCfg = Release|Any CPU
		{093AF2D0-9FA6-4E1C-841C-661CE9DC5230}.Release|x64.ActiveCfg = Release|Any CPU
		{39469123-3EB7-45F3-A15B-3854DFD2C2EB}.Debug|Any CPU.ActiveCfg = Release|Win32
		{39469123-3EB7-45F3-A15B-3854DFD2C2EB}.Debug|Any CPU.Build.0 = Release|Win32
		{39469123-3EB7-45F3-A15B-3854DFD2C2EB}.Debug|Mixed Platforms.ActiveCfg = Release|Win32
		{39469123-3EB7-45F3-A15B-3854DFD2C2EB}.Debug|Mixed Platforms.Build.0 = Release|Win32
		{39469123-3EB7-45F3-A15B-3854DFD2C2EB}.Debug|Win32.ActiveCfg = Debug|Win32
		{39469123-3EB7-45F3-A15B-3854DFD2C2EB}.Debug|Win32.Build.0 = Debug|Win32
		{39469123-3EB7-45F3-A15B-3854DFD2C2EB}.Debug|x64.ActiveCfg = Debug|Win32
		{39469123-3EB7-45F3-A15B-3854DFD2C2EB}.Release - Full|Any CPU.ActiveCfg = Release - Full|Win32
		{39469123-3EB7-45F3-A15B-3854DFD2C2EB}.Release - Full|Any CPU.Build.0 = Release - Full|Win32
		{39469123-3EB7-45F3-A15B-3854DFD2C2EB}.Release - Full|Mixed Platforms.ActiveCfg = Release - Full|Win32
		{39469123-3EB7-45F3-A15B-3854DFD2C2EB}.Release - Full|Mixed Platforms.Build.0 = Release - Full|Win32
		{39469123-3EB7-45F3-A15B-3854DFD2C2EB}.Release - Full|Win32.ActiveCfg = Release - Full|Win32
		{39469123-3EB7-45F3-A15B-3854DFD2C2EB}.Release - Full|x64.ActiveCfg = Release - Full|Win32
		{39469123-3EB7-45F3-A15B-3854DFD2C2EB}.Release|Any CPU.ActiveCfg = Release|Win32
		{39469123-3EB7-45F3-A15B-3854DFD2C2EB}.Release|Any CPU.Build.0 = Release|Win32
		{39469123-3EB7-45F3-A15B-3854DFD2C2EB}.Release|Mixed Platforms.ActiveCfg = Release|Win32
		{39469123-3EB7-45F3-A15B-3854DFD2C2EB}.Release|Mixed Platforms.Build.0 = Release|Win32
		{39469123-3EB7-45F3-A15B-3854DFD2C2EB}.Release|Win32.ActiveCfg = Release|Win32
		{39469123-3EB7-45F3-A15B-3854DFD2C2EB}.Release|Win32.Build.0 = Release|Win32
		{39469123-3EB7-45F3-A15B-3854DFD2C2EB}.Release|x64.ActiveCfg = Release|Win32
	EndGlobalSection
	GlobalSection(SolutionProperties) = preSolution
		HideSolutionNode = FALSE
	EndGlobalSection
EndGlobal
