
Microsoft Visual Studio Solution File, Format Version 10.00
# Visual Studio 2008
Project("{FAE04EC0-301F-11D3-BF4B-00C04F79EFBC}") = "TestUpdateLib", "TestUpdateLib\TestUpdateLib.csproj", "{64407F7B-328E-4AEF-B692-9418B0D1DBE8}"
EndProject
Project("{FAE04EC0-301F-11D3-BF4B-00C04F79EFBC}") = "TestTool.Tests.Definitions", "..\..\..\Version2\TestTool\TestTool.Tests.Definitions\TestTool.Tests.Definitions.csproj", "{E51CC5F9-4874-4F19-A917-F72F605AFA23}"
EndProject
Project("{FAE04EC0-301F-11D3-BF4B-00C04F79EFBC}") = "TestTool.Tests.Engine.Base", "..\..\..\Version2\TestTool\TestTool.Tests.Engine.Base\TestTool.Tests.Engine.Base.csproj", "{AA613619-0AC5-4F85-A2F8-EACDE7E04406}"
EndProject
Global
	GlobalSection(TeamFoundationVersionControl) = preSolution
		SccNumberOfProjects = 4
		SccEnterpriseProvider = {4CA58AB2-18FA-4F8D-95D4-32DDF27D184C}
		SccTeamFoundationServer = http://nov-tfs02:8080/tfs/DefaultCollection
		SccLocalPath0 = .
		SccProjectUniqueName1 = TestUpdateLib\\TestUpdateLib.csproj
		SccProjectName1 = TestUpdateLib
		SccLocalPath1 = TestUpdateLib
		SccProjectUniqueName2 = ..\\..\\..\\Version2\\TestTool\\TestTool.Tests.Definitions\\TestTool.Tests.Definitions.csproj
		SccProjectName2 = ../../../Version2/TestTool/TestTool.Tests.Definitions
		SccLocalPath2 = ..\\..\\..\\Version2\\TestTool\\TestTool.Tests.Definitions
		SccProjectUniqueName3 = ..\\..\\..\\Version2\\TestTool\\TestTool.Tests.Engine.Base\\TestTool.Tests.Engine.Base.csproj
		SccProjectName3 = ../../../Version2/TestTool/TestTool.Tests.Engine.Base
		SccLocalPath3 = ..\\..\\..\\Version2\\TestTool\\TestTool.Tests.Engine.Base
	EndGlobalSection
	GlobalSection(SolutionConfigurationPlatforms) = preSolution
		Debug|Any CPU = Debug|Any CPU
		Debug|x86 = Debug|x86
		Release - all|Any CPU = Release - all|Any CPU
		Release - all|x86 = Release - all|x86
		Release - Full|Any CPU = Release - Full|Any CPU
		Release - Full|x86 = Release - Full|x86
		Release|Any CPU = Release|Any CPU
		Release|x86 = Release|x86
	EndGlobalSection
	GlobalSection(ProjectConfigurationPlatforms) = postSolution
		{64407F7B-328E-4AEF-B692-9418B0D1DBE8}.Debug|Any CPU.ActiveCfg = Debug|Any CPU
		{64407F7B-328E-4AEF-B692-9418B0D1DBE8}.Debug|Any CPU.Build.0 = Debug|Any CPU
		{64407F7B-328E-4AEF-B692-9418B0D1DBE8}.Debug|x86.ActiveCfg = Debug|Any CPU
		{64407F7B-328E-4AEF-B692-9418B0D1DBE8}.Release - all|Any CPU.ActiveCfg = Release|Any CPU
		{64407F7B-328E-4AEF-B692-9418B0D1DBE8}.Release - all|Any CPU.Build.0 = Release|Any CPU
		{64407F7B-328E-4AEF-B692-9418B0D1DBE8}.Release - all|x86.ActiveCfg = Release|Any CPU
		{64407F7B-328E-4AEF-B692-9418B0D1DBE8}.Release - Full|Any CPU.ActiveCfg = Release|Any CPU
		{64407F7B-328E-4AEF-B692-9418B0D1DBE8}.Release - Full|Any CPU.Build.0 = Release|Any CPU
		{64407F7B-328E-4AEF-B692-9418B0D1DBE8}.Release - Full|x86.ActiveCfg = Release|Any CPU
		{64407F7B-328E-4AEF-B692-9418B0D1DBE8}.Release|Any CPU.ActiveCfg = Release|Any CPU
		{64407F7B-328E-4AEF-B692-9418B0D1DBE8}.Release|Any CPU.Build.0 = Release|Any CPU
		{64407F7B-328E-4AEF-B692-9418B0D1DBE8}.Release|x86.ActiveCfg = Release|Any CPU
		{E51CC5F9-4874-4F19-A917-F72F605AFA23}.Debug|Any CPU.ActiveCfg = Debug|Any CPU
		{E51CC5F9-4874-4F19-A917-F72F605AFA23}.Debug|Any CPU.Build.0 = Debug|Any CPU
		{E51CC5F9-4874-4F19-A917-F72F605AFA23}.Debug|x86.ActiveCfg = Debug|x86
		{E51CC5F9-4874-4F19-A917-F72F605AFA23}.Debug|x86.Build.0 = Debug|x86
		{E51CC5F9-4874-4F19-A917-F72F605AFA23}.Release - all|Any CPU.ActiveCfg = Release|x86
		{E51CC5F9-4874-4F19-A917-F72F605AFA23}.Release - all|x86.ActiveCfg = Release|x86
		{E51CC5F9-4874-4F19-A917-F72F605AFA23}.Release - all|x86.Build.0 = Release|x86
		{E51CC5F9-4874-4F19-A917-F72F605AFA23}.Release - Full|Any CPU.ActiveCfg = Release|x86
		{E51CC5F9-4874-4F19-A917-F72F605AFA23}.Release - Full|x86.ActiveCfg = Release|x86
		{E51CC5F9-4874-4F19-A917-F72F605AFA23}.Release - Full|x86.Build.0 = Release|x86
		{E51CC5F9-4874-4F19-A917-F72F605AFA23}.Release|Any CPU.ActiveCfg = Release|Any CPU
		{E51CC5F9-4874-4F19-A917-F72F605AFA23}.Release|Any CPU.Build.0 = Release|Any CPU
		{E51CC5F9-4874-4F19-A917-F72F605AFA23}.Release|x86.ActiveCfg = Release|x86
		{E51CC5F9-4874-4F19-A917-F72F605AFA23}.Release|x86.Build.0 = Release|x86
		{AA613619-0AC5-4F85-A2F8-EACDE7E04406}.Debug|Any CPU.ActiveCfg = Debug|Any CPU
		{AA613619-0AC5-4F85-A2F8-EACDE7E04406}.Debug|Any CPU.Build.0 = Debug|Any CPU
		{AA613619-0AC5-4F85-A2F8-EACDE7E04406}.Debug|x86.ActiveCfg = Debug|x86
		{AA613619-0AC5-4F85-A2F8-EACDE7E04406}.Debug|x86.Build.0 = Debug|x86
		{AA613619-0AC5-4F85-A2F8-EACDE7E04406}.Release - all|Any CPU.ActiveCfg = Release|x86
		{AA613619-0AC5-4F85-A2F8-EACDE7E04406}.Release - all|x86.ActiveCfg = Release|x86
		{AA613619-0AC5-4F85-A2F8-EACDE7E04406}.Release - all|x86.Build.0 = Release|x86
		{AA613619-0AC5-4F85-A2F8-EACDE7E04406}.Release - Full|Any CPU.ActiveCfg = Release|x86
		{AA613619-0AC5-4F85-A2F8-EACDE7E04406}.Release - Full|x86.ActiveCfg = Release|x86
		{AA613619-0AC5-4F85-A2F8-EACDE7E04406}.Release - Full|x86.Build.0 = Release|x86
		{AA613619-0AC5-4F85-A2F8-EACDE7E04406}.Release|Any CPU.ActiveCfg = Release|Any CPU
		{AA613619-0AC5-4F85-A2F8-EACDE7E04406}.Release|Any CPU.Build.0 = Release|Any CPU
		{AA613619-0AC5-4F85-A2F8-EACDE7E04406}.Release|x86.ActiveCfg = Release|x86
		{AA613619-0AC5-4F85-A2F8-EACDE7E04406}.Release|x86.Build.0 = Release|x86
	EndGlobalSection
	GlobalSection(SolutionProperties) = preSolution
		HideSolutionNode = FALSE
	EndGlobalSection
EndGlobal
