
Microsoft Visual Studio Solution File, Format Version 10.00
# Visual Studio 2008
Project("{FAE04EC0-301F-11D3-BF4B-00C04F79EFBC}") = "AutomatedTesting.GUI", "AutomatedTesting.GUI\AutomatedTesting.GUI.csproj", "{2C3DC123-1E5A-4447-BD26-9FC913850707}"
EndProject
Project("{FAE04EC0-301F-11D3-BF4B-00C04F79EFBC}") = "TestTool.HttpTransport", "..\TestTool\TestTool.HttpTransport\TestTool.HttpTransport.csproj", "{093AF2D0-9FA6-4E1C-841C-661CE9DC5230}"
EndProject
Project("{FAE04EC0-301F-11D3-BF4B-00C04F79EFBC}") = "TestTool.HttpTransport.Interfaces", "..\TestTool\TestTool.HttpTransport.Interfaces\TestTool.HttpTransport.Interfaces.csproj", "{8540E99D-499E-4CFA-BC8C-5EF6F2C7F28D}"
EndProject
Project("{FAE04EC0-301F-11D3-BF4B-00C04F79EFBC}") = "TestTool.Tests.Common", "..\TestTool\TestTool.Tests.Common\TestTool.Tests.Common.csproj", "{A15808FF-153A-484A-8A61-AFB0F25CE8D5}"
EndProject
Project("{FAE04EC0-301F-11D3-BF4B-00C04F79EFBC}") = "TestTool.Tests.Definitions", "..\TestTool\TestTool.Tests.Definitions\TestTool.Tests.Definitions.csproj", "{E51CC5F9-4874-4F19-A917-F72F605AFA23}"
EndProject
Project("{FAE04EC0-301F-11D3-BF4B-00C04F79EFBC}") = "TestTool.Tests.Engine", "..\TestTool\TestTool.Tests.Engine\TestTool.Tests.Engine.csproj", "{6F067A3A-EDB1-4F81-BF8D-2C29CCF4DA62}"
EndProject
Project("{FAE04EC0-301F-11D3-BF4B-00C04F79EFBC}") = "TestTool.Tests.Engine.Base", "..\TestTool\TestTool.Tests.Engine.Base\TestTool.Tests.Engine.Base.csproj", "{AA613619-0AC5-4F85-A2F8-EACDE7E04406}"
EndProject
Project("{FAE04EC0-301F-11D3-BF4B-00C04F79EFBC}") = "TestTool.Proxies", "..\TestTool\TestTool.Tests.Proxies\TestTool.Proxies.csproj", "{DF7B7F6B-0A32-4F38-BCAC-AF7813AF934E}"
EndProject
Project("{FAE04EC0-301F-11D3-BF4B-00C04F79EFBC}") = "TestTool.Tests.TestCases", "..\TestTool\TestTool.Tests.TestCases\TestTool.Tests.TestCases.csproj", "{F76B57AB-3717-4C02-A4E6-7B441C74010A}"
EndProject
Project("{FAE04EC0-301F-11D3-BF4B-00C04F79EFBC}") = "AutomatedTesting.DutManagement", "AutomatedTesting.DutManagement\AutomatedTesting.DutManagement.csproj", "{3BC5EA53-CD7A-4A5D-BD00-9A2B2A200F17}"
EndProject
Global
	GlobalSection(TeamFoundationVersionControl) = preSolution
		SccNumberOfProjects = 11
		SccEnterpriseProvider = {4CA58AB2-18FA-4F8D-95D4-32DDF27D184C}
		SccTeamFoundationServer = http://nov-tfs02:8080/tfs/DefaultCollection
		SccProjectUniqueName0 = ..\\TestTool\\TestTool.HttpTransport\\TestTool.HttpTransport.csproj
		SccProjectName0 = ../TestTool/TestTool.HttpTransport
		SccLocalPath0 = ..\\TestTool\\TestTool.HttpTransport
		SccProjectUniqueName1 = ..\\TestTool\\TestTool.HttpTransport.Interfaces\\TestTool.HttpTransport.Interfaces.csproj
		SccProjectName1 = ../TestTool/TestTool.HttpTransport.Interfaces
		SccLocalPath1 = ..\\TestTool\\TestTool.HttpTransport.Interfaces
		SccProjectUniqueName2 = ..\\TestTool\\TestTool.Tests.Common\\TestTool.Tests.Common.csproj
		SccProjectName2 = ../TestTool/TestTool.Tests.Common
		SccLocalPath2 = ..\\TestTool\\TestTool.Tests.Common
		SccProjectUniqueName3 = ..\\TestTool\\TestTool.Tests.Definitions\\TestTool.Tests.Definitions.csproj
		SccProjectName3 = ../TestTool/TestTool.Tests.Definitions
		SccLocalPath3 = ..\\TestTool\\TestTool.Tests.Definitions
		SccProjectUniqueName4 = ..\\TestTool\\TestTool.Tests.Engine\\TestTool.Tests.Engine.csproj
		SccProjectName4 = ../TestTool/TestTool.Tests.Engine
		SccLocalPath4 = ..\\TestTool\\TestTool.Tests.Engine
		SccProjectUniqueName5 = ..\\TestTool\\TestTool.Tests.Engine.Base\\TestTool.Tests.Engine.Base.csproj
		SccProjectName5 = ../TestTool/TestTool.Tests.Engine.Base
		SccLocalPath5 = ..\\TestTool\\TestTool.Tests.Engine.Base
		SccProjectUniqueName6 = ..\\TestTool\\TestTool.Tests.Proxies\\TestTool.Proxies.csproj
		SccProjectName6 = ../TestTool/TestTool.Tests.Proxies
		SccLocalPath6 = ..\\TestTool\\TestTool.Tests.Proxies
		SccProjectUniqueName7 = ..\\TestTool\\TestTool.Tests.TestCases\\TestTool.Tests.TestCases.csproj
		SccProjectName7 = ../TestTool/TestTool.Tests.TestCases
		SccLocalPath7 = ..\\TestTool\\TestTool.Tests.TestCases
		SccLocalPath8 = .
		SccProjectUniqueName9 = AutomatedTesting.DutManagement\\AutomatedTesting.DutManagement.csproj
		SccProjectName9 = AutomatedTesting.DutManagement
		SccLocalPath9 = AutomatedTesting.DutManagement
		SccProjectUniqueName10 = AutomatedTesting.GUI\\AutomatedTesting.GUI.csproj
		SccProjectName10 = AutomatedTesting.GUI
		SccLocalPath10 = AutomatedTesting.GUI
	EndGlobalSection
	GlobalSection(SolutionConfigurationPlatforms) = preSolution
		Debug|Any CPU = Debug|Any CPU
		Debug|x86 = Debug|x86
		Release - all|Any CPU = Release - all|Any CPU
		Release - all|x86 = Release - all|x86
		Release - Full|Any CPU = Release - Full|Any CPU
		Release - Full|x86 = Release - Full|x86
		Release|Any CPU = Release|Any CPU
		Release|x86 = Release|x86
	EndGlobalSection
	GlobalSection(ProjectConfigurationPlatforms) = postSolution
		{2C3DC123-1E5A-4447-BD26-9FC913850707}.Debug|Any CPU.ActiveCfg = Debug|Any CPU
		{2C3DC123-1E5A-4447-BD26-9FC913850707}.Debug|Any CPU.Build.0 = Debug|Any CPU
		{2C3DC123-1E5A-4447-BD26-9FC913850707}.Debug|x86.ActiveCfg = Debug|Any CPU
		{2C3DC123-1E5A-4447-BD26-9FC913850707}.Release - all|Any CPU.ActiveCfg = Release|Any CPU
		{2C3DC123-1E5A-4447-BD26-9FC913850707}.Release - all|Any CPU.Build.0 = Release|Any CPU
		{2C3DC123-1E5A-4447-BD26-9FC913850707}.Release - all|x86.ActiveCfg = Release|Any CPU
		{2C3DC123-1E5A-4447-BD26-9FC913850707}.Release - Full|Any CPU.ActiveCfg = Release|Any CPU
		{2C3DC123-1E5A-4447-BD26-9FC913850707}.Release - Full|Any CPU.Build.0 = Release|Any CPU
		{2C3DC123-1E5A-4447-BD26-9FC913850707}.Release - Full|x86.ActiveCfg = Release|Any CPU
		{2C3DC123-1E5A-4447-BD26-9FC913850707}.Release|Any CPU.ActiveCfg = Release|Any CPU
		{2C3DC123-1E5A-4447-BD26-9FC913850707}.Release|Any CPU.Build.0 = Release|Any CPU
		{2C3DC123-1E5A-4447-BD26-9FC913850707}.Release|x86.ActiveCfg = Release|Any CPU
		{093AF2D0-9FA6-4E1C-841C-661CE9DC5230}.Debug|Any CPU.ActiveCfg = Debug|Any CPU
		{093AF2D0-9FA6-4E1C-841C-661CE9DC5230}.Debug|Any CPU.Build.0 = Debug|Any CPU
		{093AF2D0-9FA6-4E1C-841C-661CE9DC5230}.Debug|x86.ActiveCfg = Debug|x86
		{093AF2D0-9FA6-4E1C-841C-661CE9DC5230}.Debug|x86.Build.0 = Debug|x86
		{093AF2D0-9FA6-4E1C-841C-661CE9DC5230}.Release - all|Any CPU.ActiveCfg = Release - all|Any CPU
		{093AF2D0-9FA6-4E1C-841C-661CE9DC5230}.Release - all|Any CPU.Build.0 = Release - all|Any CPU
		{093AF2D0-9FA6-4E1C-841C-661CE9DC5230}.Release - all|x86.ActiveCfg = Release - all|x86
		{093AF2D0-9FA6-4E1C-841C-661CE9DC5230}.Release - all|x86.Build.0 = Release - all|x86
		{093AF2D0-9FA6-4E1C-841C-661CE9DC5230}.Release - Full|Any CPU.ActiveCfg = Release - Full|Any CPU
		{093AF2D0-9FA6-4E1C-841C-661CE9DC5230}.Release - Full|Any CPU.Build.0 = Release - Full|Any CPU
		{093AF2D0-9FA6-4E1C-841C-661CE9DC5230}.Release - Full|x86.ActiveCfg = Release - Full|x86
		{093AF2D0-9FA6-4E1C-841C-661CE9DC5230}.Release - Full|x86.Build.0 = Release - Full|x86
		{093AF2D0-9FA6-4E1C-841C-661CE9DC5230}.Release|Any CPU.ActiveCfg = Release|Any CPU
		{093AF2D0-9FA6-4E1C-841C-661CE9DC5230}.Release|Any CPU.Build.0 = Release|Any CPU
		{093AF2D0-9FA6-4E1C-841C-661CE9DC5230}.Release|x86.ActiveCfg = Release|x86
		{093AF2D0-9FA6-4E1C-841C-661CE9DC5230}.Release|x86.Build.0 = Release|x86
		{8540E99D-499E-4CFA-BC8C-5EF6F2C7F28D}.Debug|Any CPU.ActiveCfg = Debug|Any CPU
		{8540E99D-499E-4CFA-BC8C-5EF6F2C7F28D}.Debug|Any CPU.Build.0 = Debug|Any CPU
		{8540E99D-499E-4CFA-BC8C-5EF6F2C7F28D}.Debug|x86.ActiveCfg = Debug|x86
		{8540E99D-499E-4CFA-BC8C-5EF6F2C7F28D}.Debug|x86.Build.0 = Debug|x86
		{8540E99D-499E-4CFA-BC8C-5EF6F2C7F28D}.Release - all|Any CPU.ActiveCfg = Release|x86
		{8540E99D-499E-4CFA-BC8C-5EF6F2C7F28D}.Release - all|x86.ActiveCfg = Release|x86
		{8540E99D-499E-4CFA-BC8C-5EF6F2C7F28D}.Release - all|x86.Build.0 = Release|x86
		{8540E99D-499E-4CFA-BC8C-5EF6F2C7F28D}.Release - Full|Any CPU.ActiveCfg = Release|x86
		{8540E99D-499E-4CFA-BC8C-5EF6F2C7F28D}.Release - Full|x86.ActiveCfg = Release|x86
		{8540E99D-499E-4CFA-BC8C-5EF6F2C7F28D}.Release - Full|x86.Build.0 = Release|x86
		{8540E99D-499E-4CFA-BC8C-5EF6F2C7F28D}.Release|Any CPU.ActiveCfg = Release|Any CPU
		{8540E99D-499E-4CFA-BC8C-5EF6F2C7F28D}.Release|Any CPU.Build.0 = Release|Any CPU
		{8540E99D-499E-4CFA-BC8C-5EF6F2C7F28D}.Release|x86.ActiveCfg = Release|x86
		{8540E99D-499E-4CFA-BC8C-5EF6F2C7F28D}.Release|x86.Build.0 = Release|x86
		{A15808FF-153A-484A-8A61-AFB0F25CE8D5}.Debug|Any CPU.ActiveCfg = Debug|Any CPU
		{A15808FF-153A-484A-8A61-AFB0F25CE8D5}.Debug|Any CPU.Build.0 = Debug|Any CPU
		{A15808FF-153A-484A-8A61-AFB0F25CE8D5}.Debug|x86.ActiveCfg = Debug|x86
		{A15808FF-153A-484A-8A61-AFB0F25CE8D5}.Debug|x86.Build.0 = Debug|x86
		{A15808FF-153A-484A-8A61-AFB0F25CE8D5}.Release - all|Any CPU.ActiveCfg = Release - all|Any CPU
		{A15808FF-153A-484A-8A61-AFB0F25CE8D5}.Release - all|Any CPU.Build.0 = Release - all|Any CPU
		{A15808FF-153A-484A-8A61-AFB0F25CE8D5}.Release - all|x86.ActiveCfg = Release - all|x86
		{A15808FF-153A-484A-8A61-AFB0F25CE8D5}.Release - all|x86.Build.0 = Release - all|x86
		{A15808FF-153A-484A-8A61-AFB0F25CE8D5}.Release - Full|Any CPU.ActiveCfg = Release - Full|Any CPU
		{A15808FF-153A-484A-8A61-AFB0F25CE8D5}.Release - Full|Any CPU.Build.0 = Release - Full|Any CPU
		{A15808FF-153A-484A-8A61-AFB0F25CE8D5}.Release - Full|x86.ActiveCfg = Release - Full|x86
		{A15808FF-153A-484A-8A61-AFB0F25CE8D5}.Release - Full|x86.Build.0 = Release - Full|x86
		{A15808FF-153A-484A-8A61-AFB0F25CE8D5}.Release|Any CPU.ActiveCfg = Release|Any CPU
		{A15808FF-153A-484A-8A61-AFB0F25CE8D5}.Release|Any CPU.Build.0 = Release|Any CPU
		{A15808FF-153A-484A-8A61-AFB0F25CE8D5}.Release|x86.ActiveCfg = Release|x86
		{A15808FF-153A-484A-8A61-AFB0F25CE8D5}.Release|x86.Build.0 = Release|x86
		{E51CC5F9-4874-4F19-A917-F72F605AFA23}.Debug|Any CPU.ActiveCfg = Debug|Any CPU
		{E51CC5F9-4874-4F19-A917-F72F605AFA23}.Debug|Any CPU.Build.0 = Debug|Any CPU
		{E51CC5F9-4874-4F19-A917-F72F605AFA23}.Debug|x86.ActiveCfg = Debug|x86
		{E51CC5F9-4874-4F19-A917-F72F605AFA23}.Debug|x86.Build.0 = Debug|x86
		{E51CC5F9-4874-4F19-A917-F72F605AFA23}.Release - all|Any CPU.ActiveCfg = Release|x86
		{E51CC5F9-4874-4F19-A917-F72F605AFA23}.Release - all|x86.ActiveCfg = Release|x86
		{E51CC5F9-4874-4F19-A917-F72F605AFA23}.Release - all|x86.Build.0 = Release|x86
		{E51CC5F9-4874-4F19-A917-F72F605AFA23}.Release - Full|Any CPU.ActiveCfg = Release|x86
		{E51CC5F9-4874-4F19-A917-F72F605AFA23}.Release - Full|x86.ActiveCfg = Release|x86
		{E51CC5F9-4874-4F19-A917-F72F605AFA23}.Release - Full|x86.Build.0 = Release|x86
		{E51CC5F9-4874-4F19-A917-F72F605AFA23}.Release|Any CPU.ActiveCfg = Release|Any CPU
		{E51CC5F9-4874-4F19-A917-F72F605AFA23}.Release|Any CPU.Build.0 = Release|Any CPU
		{E51CC5F9-4874-4F19-A917-F72F605AFA23}.Release|x86.ActiveCfg = Release|x86
		{E51CC5F9-4874-4F19-A917-F72F605AFA23}.Release|x86.Build.0 = Release|x86
		{6F067A3A-EDB1-4F81-BF8D-2C29CCF4DA62}.Debug|Any CPU.ActiveCfg = Debug|Any CPU
		{6F067A3A-EDB1-4F81-BF8D-2C29CCF4DA62}.Debug|Any CPU.Build.0 = Debug|Any CPU
		{6F067A3A-EDB1-4F81-BF8D-2C29CCF4DA62}.Debug|x86.ActiveCfg = Debug|x86
		{6F067A3A-EDB1-4F81-BF8D-2C29CCF4DA62}.Debug|x86.Build.0 = Debug|x86
		{6F067A3A-EDB1-4F81-BF8D-2C29CCF4DA62}.Release - all|Any CPU.ActiveCfg = Release|x86
		{6F067A3A-EDB1-4F81-BF8D-2C29CCF4DA62}.Release - all|x86.ActiveCfg = Release|x86
		{6F067A3A-EDB1-4F81-BF8D-2C29CCF4DA62}.Release - all|x86.Build.0 = Release|x86
		{6F067A3A-EDB1-4F81-BF8D-2C29CCF4DA62}.Release - Full|Any CPU.ActiveCfg = Release|x86
		{6F067A3A-EDB1-4F81-BF8D-2C29CCF4DA62}.Release - Full|x86.ActiveCfg = Release|x86
		{6F067A3A-EDB1-4F81-BF8D-2C29CCF4DA62}.Release - Full|x86.Build.0 = Release|x86
		{6F067A3A-EDB1-4F81-BF8D-2C29CCF4DA62}.Release|Any CPU.ActiveCfg = Release|Any CPU
		{6F067A3A-EDB1-4F81-BF8D-2C29CCF4DA62}.Release|Any CPU.Build.0 = Release|Any CPU
		{6F067A3A-EDB1-4F81-BF8D-2C29CCF4DA62}.Release|x86.ActiveCfg = Release|x86
		{6F067A3A-EDB1-4F81-BF8D-2C29CCF4DA62}.Release|x86.Build.0 = Release|x86
		{AA613619-0AC5-4F85-A2F8-EACDE7E04406}.Debug|Any CPU.ActiveCfg = Debug|Any CPU
		{AA613619-0AC5-4F85-A2F8-EACDE7E04406}.Debug|Any CPU.Build.0 = Debug|Any CPU
		{AA613619-0AC5-4F85-A2F8-EACDE7E04406}.Debug|x86.ActiveCfg = Debug|x86
		{AA613619-0AC5-4F85-A2F8-EACDE7E04406}.Debug|x86.Build.0 = Debug|x86
		{AA613619-0AC5-4F85-A2F8-EACDE7E04406}.Release - all|Any CPU.ActiveCfg = Release|x86
		{AA613619-0AC5-4F85-A2F8-EACDE7E04406}.Release - all|x86.ActiveCfg = Release|x86
		{AA613619-0AC5-4F85-A2F8-EACDE7E04406}.Release - all|x86.Build.0 = Release|x86
		{AA613619-0AC5-4F85-A2F8-EACDE7E04406}.Release - Full|Any CPU.ActiveCfg = Release|x86
		{AA613619-0AC5-4F85-A2F8-EACDE7E04406}.Release - Full|x86.ActiveCfg = Release|x86
		{AA613619-0AC5-4F85-A2F8-EACDE7E04406}.Release - Full|x86.Build.0 = Release|x86
		{AA613619-0AC5-4F85-A2F8-EACDE7E04406}.Release|Any CPU.ActiveCfg = Release|Any CPU
		{AA613619-0AC5-4F85-A2F8-EACDE7E04406}.Release|Any CPU.Build.0 = Release|Any CPU
		{AA613619-0AC5-4F85-A2F8-EACDE7E04406}.Release|x86.ActiveCfg = Release|x86
		{AA613619-0AC5-4F85-A2F8-EACDE7E04406}.Release|x86.Build.0 = Release|x86
		{DF7B7F6B-0A32-4F38-BCAC-AF7813AF934E}.Debug|Any CPU.ActiveCfg = Debug|Any CPU
		{DF7B7F6B-0A32-4F38-BCAC-AF7813AF934E}.Debug|Any CPU.Build.0 = Debug|Any CPU
		{DF7B7F6B-0A32-4F38-BCAC-AF7813AF934E}.Debug|x86.ActiveCfg = Debug|x86
		{DF7B7F6B-0A32-4F38-BCAC-AF7813AF934E}.Debug|x86.Build.0 = Debug|x86
		{DF7B7F6B-0A32-4F38-BCAC-AF7813AF934E}.Release - all|Any CPU.ActiveCfg = Release - all|Any CPU
		{DF7B7F6B-0A32-4F38-BCAC-AF7813AF934E}.Release - all|Any CPU.Build.0 = Release - all|Any CPU
		{DF7B7F6B-0A32-4F38-BCAC-AF7813AF934E}.Release - all|x86.ActiveCfg = Release - all|x86
		{DF7B7F6B-0A32-4F38-BCAC-AF7813AF934E}.Release - all|x86.Build.0 = Release - all|x86
		{DF7B7F6B-0A32-4F38-BCAC-AF7813AF934E}.Release - Full|Any CPU.ActiveCfg = Release - Full|Any CPU
		{DF7B7F6B-0A32-4F38-BCAC-AF7813AF934E}.Release - Full|Any CPU.Build.0 = Release - Full|Any CPU
		{DF7B7F6B-0A32-4F38-BCAC-AF7813AF934E}.Release - Full|x86.ActiveCfg = Release - Full|x86
		{DF7B7F6B-0A32-4F38-BCAC-AF7813AF934E}.Release - Full|x86.Build.0 = Release - Full|x86
		{DF7B7F6B-0A32-4F38-BCAC-AF7813AF934E}.Release|Any CPU.ActiveCfg = Release|Any CPU
		{DF7B7F6B-0A32-4F38-BCAC-AF7813AF934E}.Release|Any CPU.Build.0 = Release|Any CPU
		{DF7B7F6B-0A32-4F38-BCAC-AF7813AF934E}.Release|x86.ActiveCfg = Release|x86
		{DF7B7F6B-0A32-4F38-BCAC-AF7813AF934E}.Release|x86.Build.0 = Release|x86
		{F76B57AB-3717-4C02-A4E6-7B441C74010A}.Debug|Any CPU.ActiveCfg = Debug|Any CPU
		{F76B57AB-3717-4C02-A4E6-7B441C74010A}.Debug|Any CPU.Build.0 = Debug|Any CPU
		{F76B57AB-3717-4C02-A4E6-7B441C74010A}.Debug|x86.ActiveCfg = Debug|x86
		{F76B57AB-3717-4C02-A4E6-7B441C74010A}.Debug|x86.Build.0 = Debug|x86
		{F76B57AB-3717-4C02-A4E6-7B441C74010A}.Release - all|Any CPU.ActiveCfg = Release - all|Any CPU
		{F76B57AB-3717-4C02-A4E6-7B441C74010A}.Release - all|Any CPU.Build.0 = Release - all|Any CPU
		{F76B57AB-3717-4C02-A4E6-7B441C74010A}.Release - all|x86.ActiveCfg = Release - all|x86
		{F76B57AB-3717-4C02-A4E6-7B441C74010A}.Release - all|x86.Build.0 = Release - all|x86
		{F76B57AB-3717-4C02-A4E6-7B441C74010A}.Release - Full|Any CPU.ActiveCfg = Release - Full|Any CPU
		{F76B57AB-3717-4C02-A4E6-7B441C74010A}.Release - Full|Any CPU.Build.0 = Release - Full|Any CPU
		{F76B57AB-3717-4C02-A4E6-7B441C74010A}.Release - Full|x86.ActiveCfg = Release - Full|x86
		{F76B57AB-3717-4C02-A4E6-7B441C74010A}.Release - Full|x86.Build.0 = Release - Full|x86
		{F76B57AB-3717-4C02-A4E6-7B441C74010A}.Release|Any CPU.ActiveCfg = Release|Any CPU
		{F76B57AB-3717-4C02-A4E6-7B441C74010A}.Release|Any CPU.Build.0 = Release|Any CPU
		{F76B57AB-3717-4C02-A4E6-7B441C74010A}.Release|x86.ActiveCfg = Release|x86
		{F76B57AB-3717-4C02-A4E6-7B441C74010A}.Release|x86.Build.0 = Release|x86
		{3BC5EA53-CD7A-4A5D-BD00-9A2B2A200F17}.Debug|Any CPU.ActiveCfg = Debug|Any CPU
		{3BC5EA53-CD7A-4A5D-BD00-9A2B2A200F17}.Debug|Any CPU.Build.0 = Debug|Any CPU
		{3BC5EA53-CD7A-4A5D-BD00-9A2B2A200F17}.Debug|x86.ActiveCfg = Debug|Any CPU
		{3BC5EA53-CD7A-4A5D-BD00-9A2B2A200F17}.Release - all|Any CPU.ActiveCfg = Release|Any CPU
		{3BC5EA53-CD7A-4A5D-BD00-9A2B2A200F17}.Release - all|Any CPU.Build.0 = Release|Any CPU
		{3BC5EA53-CD7A-4A5D-BD00-9A2B2A200F17}.Release - all|x86.ActiveCfg = Release|Any CPU
		{3BC5EA53-CD7A-4A5D-BD00-9A2B2A200F17}.Release - Full|Any CPU.ActiveCfg = Release|Any CPU
		{3BC5EA53-CD7A-4A5D-BD00-9A2B2A200F17}.Release - Full|Any CPU.Build.0 = Release|Any CPU
		{3BC5EA53-CD7A-4A5D-BD00-9A2B2A200F17}.Release - Full|x86.ActiveCfg = Release|Any CPU
		{3BC5EA53-CD7A-4A5D-BD00-9A2B2A200F17}.Release|Any CPU.ActiveCfg = Release|Any CPU
		{3BC5EA53-CD7A-4A5D-BD00-9A2B2A200F17}.Release|Any CPU.Build.0 = Release|Any CPU
		{3BC5EA53-CD7A-4A5D-BD00-9A2B2A200F17}.Release|x86.ActiveCfg = Release|Any CPU
	EndGlobalSection
	GlobalSection(SolutionProperties) = preSolution
		HideSolutionNode = FALSE
	EndGlobalSection
EndGlobal
