
Microsoft Visual Studio Solution File, Format Version 10.00
# Visual Studio 2008
Project("{FAE04EC0-301F-11D3-BF4B-00C04F79EFBC}") = "CameraWebService", "CameraWebService\CameraWebService.csproj", "{42C8341B-69A3-4F73-B64A-732315465ACC}"
EndProject
Project("{FAE04EC0-301F-11D3-BF4B-00C04F79EFBC}") = "DigestAuthMod", "DigestAuthMod\DigestAuthMod.csproj", "{AEBE54DF-F9FA-47A5-8299-BFFF819E747C}"
EndProject
Project("{FAE04EC0-301F-11D3-BF4B-00C04F79EFBC}") = "SmartAuthMod", "SmartAuthMod\SmartAuthMod.csproj", "{9873EE5A-245B-4B18-912C-90551D8086EF}"
EndProject
Global
	GlobalSection(TeamFoundationVersionControl) = preSolution
		SccNumberOfProjects = 4
		SccEnterpriseProvider = {4CA58AB2-18FA-4F8D-95D4-32DDF27D184C}
		SccTeamFoundationServer = http://nov-tfs02:8080/tfs/DefaultCollection
		SccLocalPath0 = .
		SccProjectUniqueName1 = CameraWebService\\CameraWebService.csproj
		SccProjectName1 = CameraWebService
		SccLocalPath1 = CameraWebService
		SccProjectUniqueName2 = DigestAuthMod\\DigestAuthMod.csproj
		SccProjectName2 = DigestAuthMod
		SccLocalPath2 = DigestAuthMod
		SccProjectUniqueName3 = SmartAuthMod\\SmartAuthMod.csproj
		SccProjectName3 = SmartAuthMod
		SccLocalPath3 = SmartAuthMod
	EndGlobalSection
	GlobalSection(SolutionConfigurationPlatforms) = preSolution
		Debug|Any CPU = Debug|Any CPU
		Release|Any CPU = Release|Any CPU
	EndGlobalSection
	GlobalSection(ProjectConfigurationPlatforms) = postSolution
		{42C8341B-69A3-4F73-B64A-732315465ACC}.Debug|Any CPU.ActiveCfg = Debug|Any CPU
		{42C8341B-69A3-4F73-B64A-732315465ACC}.Debug|Any CPU.Build.0 = Debug|Any CPU
		{42C8341B-69A3-4F73-B64A-732315465ACC}.Release|Any CPU.ActiveCfg = Release|Any CPU
		{42C8341B-69A3-4F73-B64A-732315465ACC}.Release|Any CPU.Build.0 = Release|Any CPU
		{AEBE54DF-F9FA-47A5-8299-BFFF819E747C}.Debug|Any CPU.ActiveCfg = Debug|Any CPU
		{AEBE54DF-F9FA-47A5-8299-BFFF819E747C}.Debug|Any CPU.Build.0 = Debug|Any CPU
		{AEBE54DF-F9FA-47A5-8299-BFFF819E747C}.Release|Any CPU.ActiveCfg = Release|Any CPU
		{AEBE54DF-F9FA-47A5-8299-BFFF819E747C}.Release|Any CPU.Build.0 = Release|Any CPU
		{9873EE5A-245B-4B18-912C-90551D8086EF}.Debug|Any CPU.ActiveCfg = Debug|Any CPU
		{9873EE5A-245B-4B18-912C-90551D8086EF}.Debug|Any CPU.Build.0 = Debug|Any CPU
		{9873EE5A-245B-4B18-912C-90551D8086EF}.Release|Any CPU.ActiveCfg = Release|Any CPU
		{9873EE5A-245B-4B18-912C-90551D8086EF}.Release|Any CPU.Build.0 = Release|Any CPU
	EndGlobalSection
	GlobalSection(SolutionProperties) = preSolution
		HideSolutionNode = FALSE
	EndGlobalSection
EndGlobal
