
Microsoft Visual Studio Solution File, Format Version 10.00
# Visual Studio 2008
Project("{FAE04EC0-301F-11D3-BF4B-00C04F79EFBC}") = "CustomHttpTestClient", "HttpTestClient\CustomHttpTestClient.csproj", "{99F3F714-0C25-4752-B413-0A0E11D16F12}"
EndProject
Project("{FAE04EC0-301F-11D3-BF4B-00C04F79EFBC}") = "CustomHttpTransport", "HttpTransport\CustomHttpTransport.csproj", "{37086881-1FD9-4DE1-8DB5-0AC8456C65A9}"
EndProject
Global
	GlobalSection(TeamFoundationVersionControl) = preSolution
		SccNumberOfProjects = 3
		SccEnterpriseProvider = {4CA58AB2-18FA-4F8D-95D4-32DDF27D184C}
		SccTeamFoundationServer = http://spb-tfs01:8080/
		SccLocalPath0 = .
		SccProjectUniqueName1 = HttpTestClient\\CustomHttpTestClient.csproj
		SccProjectName1 = HttpTestClient
		SccLocalPath1 = HttpTestClient
		SccProjectUniqueName2 = HttpTransport\\CustomHttpTransport.csproj
		SccProjectName2 = HttpTransport
		SccLocalPath2 = HttpTransport
	EndGlobalSection
	GlobalSection(SolutionConfigurationPlatforms) = preSolution
		Debug|Any CPU = Debug|Any CPU
		Release|Any CPU = Release|Any CPU
	EndGlobalSection
	GlobalSection(ProjectConfigurationPlatforms) = postSolution
		{99F3F714-0C25-4752-B413-0A0E11D16F12}.Debug|Any CPU.ActiveCfg = Debug|Any CPU
		{99F3F714-0C25-4752-B413-0A0E11D16F12}.Debug|Any CPU.Build.0 = Debug|Any CPU
		{99F3F714-0C25-4752-B413-0A0E11D16F12}.Release|Any CPU.ActiveCfg = Release|Any CPU
		{99F3F714-0C25-4752-B413-0A0E11D16F12}.Release|Any CPU.Build.0 = Release|Any CPU
		{37086881-1FD9-4DE1-8DB5-0AC8456C65A9}.Debug|Any CPU.ActiveCfg = Debug|Any CPU
		{37086881-1FD9-4DE1-8DB5-0AC8456C65A9}.Debug|Any CPU.Build.0 = Debug|Any CPU
		{37086881-1FD9-4DE1-8DB5-0AC8456C65A9}.Release|Any CPU.ActiveCfg = Release|Any CPU
		{37086881-1FD9-4DE1-8DB5-0AC8456C65A9}.Release|Any CPU.Build.0 = Release|Any CPU
	EndGlobalSection
	GlobalSection(SolutionProperties) = preSolution
		HideSolutionNode = FALSE
	EndGlobalSection
EndGlobal
