
Microsoft Visual Studio Solution File, Format Version 10.00
# Visual Studio 2008
Project("{FAE04EC0-301F-11D3-BF4B-00C04F79EFBC}") = "RTSPClient", "RTSPClient.csproj", "{AF41BF82-E7F3-414F-9621-527550272D05}"
EndProject
Project("{2150E333-8FDC-42A3-9474-1A3956D46DE8}") = "Lib", "Lib", "{7F04D3D5-62AC-4156-B828-644449812F21}"
	ProjectSection(SolutionItems) = preProject
		Lib\Vlc.DotNet.Core.dll = Lib\Vlc.DotNet.Core.dll
		Lib\Vlc.DotNet.Forms.dll = Lib\Vlc.DotNet.Forms.dll
		Lib\Vlc.DotNet.Wpf.dll = Lib\Vlc.DotNet.Wpf.dll
	EndProjectSection
EndProject
Global
	GlobalSection(TeamFoundationVersionControl) = preSolution
		SccNumberOfProjects = 2
		SccEnterpriseProvider = {4CA58AB2-18FA-4F8D-95D4-32DDF27D184C}
		SccTeamFoundationServer = http://spb-tfs01:8080/
		SccLocalPath0 = .
		SccProjectUniqueName1 = RTSPClient.csproj
		SccLocalPath1 = .
	EndGlobalSection
	GlobalSection(SolutionConfigurationPlatforms) = preSolution
		Debug|Any CPU = Debug|Any CPU
		Release|Any CPU = Release|Any CPU
	EndGlobalSection
	GlobalSection(ProjectConfigurationPlatforms) = postSolution
		{AF41BF82-E7F3-414F-9621-527550272D05}.Debug|Any CPU.ActiveCfg = Debug|Any CPU
		{AF41BF82-E7F3-414F-9621-527550272D05}.Debug|Any CPU.Build.0 = Debug|Any CPU
		{AF41BF82-E7F3-414F-9621-527550272D05}.Release|Any CPU.ActiveCfg = Release|Any CPU
		{AF41BF82-E7F3-414F-9621-527550272D05}.Release|Any CPU.Build.0 = Release|Any CPU
	EndGlobalSection
	GlobalSection(SolutionProperties) = preSolution
		HideSolutionNode = FALSE
	EndGlobalSection
EndGlobal
