
Microsoft Visual Studio Solution File, Format Version 10.00
# Visual Studio 2008
Project("{FAE04EC0-301F-11D3-BF4B-00C04F79EFBC}") = "TestLibrary", "TestLibrary\TestLibrary.csproj", "{9C55690C-1953-4458-A168-9A6B407A046F}"
EndProject
Project("{FAE04EC0-301F-11D3-BF4B-00C04F79EFBC}") = "TestTool.Tests.Definitions", "..\..\Version2\TestTool\TestTool.Tests.Definitions\TestTool.Tests.Definitions.csproj", "{E51CC5F9-4874-4F19-A917-F72F605AFA23}"
EndProject
Project("{FAE04EC0-301F-11D3-BF4B-00C04F79EFBC}") = "TestTool.Tests.Engine.Base", "..\..\Version2\TestTool\TestTool.Tests.Engine.Base\TestTool.Tests.Engine.Base.csproj", "{AA613619-0AC5-4F85-A2F8-EACDE7E04406}"
EndProject
Project("{FAE04EC0-301F-11D3-BF4B-00C04F79EFBC}") = "TestTool.HttpTransport", "..\..\Version2\TestTool\TestTool.HttpTransport\TestTool.HttpTransport.csproj", "{093AF2D0-9FA6-4E1C-841C-661CE9DC5230}"
EndProject
Project("{FAE04EC0-301F-11D3-BF4B-00C04F79EFBC}") = "TestTool.HttpTransport.Interfaces", "..\..\Version2\TestTool\TestTool.HttpTransport.Interfaces\TestTool.HttpTransport.Interfaces.csproj", "{8540E99D-499E-4CFA-BC8C-5EF6F2C7F28D}"
EndProject
Project("{FAE04EC0-301F-11D3-BF4B-00C04F79EFBC}") = "TestTool.Tests.Common", "..\..\Version2\TestTool\TestTool.Tests.Common\TestTool.Tests.Common.csproj", "{A15808FF-153A-484A-8A61-AFB0F25CE8D5}"
EndProject
Project("{FAE04EC0-301F-11D3-BF4B-00C04F79EFBC}") = "TestTool.Proxies", "..\..\Version2\TestTool\TestTool.Tests.Proxies\TestTool.Proxies.csproj", "{DF7B7F6B-0A32-4F38-BCAC-AF7813AF934E}"
EndProject
Global
	GlobalSection(TeamFoundationVersionControl) = preSolution
		SccNumberOfProjects = 8
		SccEnterpriseProvider = {4CA58AB2-18FA-4F8D-95D4-32DDF27D184C}
		SccTeamFoundationServer = http://nov-tfs02:8080/tfs/DefaultCollection
		SccProjectUniqueName0 = ..\\..\\Version2\\TestTool-SecondAlpha\\TestTool.Tests.Definitions\\TestTool.Tests.Definitions.csproj
		SccProjectName0 = ../../../TestTool.Tests.Definitions
		SccLocalPath0 = ..\\..\\..\\Version2\\TestTool-SecondAlpha\\TestTool.Tests.Definitions
		SccProjectFilePathRelativizedFromConnection0 = ..\\..\\..\\ON-0110\\Version2\\TestTool-SecondAlpha\\TestTool.Tests.Definitions\\
		SccProjectUniqueName1 = ..\\..\\Version2\\TestTool-SecondAlpha\\TestTool.Tests.Engine.Base\\TestTool.Tests.Engine.Base.csproj
		SccProjectName1 = ../../Version2/TestTool-SecondAlpha/TestTool.Tests.Engine.Base
		SccLocalPath1 = ..\\..\\Version2\\TestTool-SecondAlpha\\TestTool.Tests.Engine.Base
		SccProjectUniqueName2 = ..\\..\\Version2\\TestTool-SecondAlpha\\TestTool.HttpTransport\\TestTool.HttpTransport.csproj
		SccProjectName2 = ../../Version2/TestTool-SecondAlpha/TestTool.HttpTransport
		SccLocalPath2 = ..\\..\\Version2\\TestTool-SecondAlpha\\TestTool.HttpTransport
		SccProjectUniqueName3 = ..\\..\\Version2\\TestTool-SecondAlpha\\TestTool.HttpTransport.Interfaces\\TestTool.HttpTransport.Interfaces.csproj
		SccProjectName3 = ../../Version2/TestTool-SecondAlpha/TestTool.HttpTransport.Interfaces
		SccLocalPath3 = ..\\..\\Version2\\TestTool-SecondAlpha\\TestTool.HttpTransport.Interfaces
		SccProjectUniqueName4 = ..\\..\\Version2\\TestTool-SecondAlpha\\TestTool.Tests.Common\\TestTool.Tests.Common.csproj
		SccProjectName4 = ../../Version2/TestTool-SecondAlpha/TestTool.Tests.Common
		SccLocalPath4 = ..\\..\\Version2\\TestTool-SecondAlpha\\TestTool.Tests.Common
		SccProjectUniqueName5 = ..\\..\\Version2\\TestTool-SecondAlpha\\TestTool.Tests.Proxies\\TestTool.Proxies.csproj
		SccProjectName5 = ../../Version2/TestTool-SecondAlpha/TestTool.Tests.Proxies
		SccLocalPath5 = ..\\..\\Version2\\TestTool-SecondAlpha\\TestTool.Tests.Proxies
		SccLocalPath6 = .
		SccProjectUniqueName7 = TestLibrary\\TestLibrary.csproj
		SccProjectName7 = TestLibrary
		SccLocalPath7 = TestLibrary
	EndGlobalSection
	GlobalSection(SolutionConfigurationPlatforms) = preSolution
		Debug|Any CPU = Debug|Any CPU
		Release - all|Any CPU = Release - all|Any CPU
		Release - Full|Any CPU = Release - Full|Any CPU
		Release|Any CPU = Release|Any CPU
	EndGlobalSection
	GlobalSection(ProjectConfigurationPlatforms) = postSolution
		{9C55690C-1953-4458-A168-9A6B407A046F}.Debug|Any CPU.ActiveCfg = Debug|Any CPU
		{9C55690C-1953-4458-A168-9A6B407A046F}.Debug|Any CPU.Build.0 = Debug|Any CPU
		{9C55690C-1953-4458-A168-9A6B407A046F}.Release - all|Any CPU.ActiveCfg = Release|Any CPU
		{9C55690C-1953-4458-A168-9A6B407A046F}.Release - all|Any CPU.Build.0 = Release|Any CPU
		{9C55690C-1953-4458-A168-9A6B407A046F}.Release - Full|Any CPU.ActiveCfg = Release|Any CPU
		{9C55690C-1953-4458-A168-9A6B407A046F}.Release - Full|Any CPU.Build.0 = Release|Any CPU
		{9C55690C-1953-4458-A168-9A6B407A046F}.Release|Any CPU.ActiveCfg = Release|Any CPU
		{9C55690C-1953-4458-A168-9A6B407A046F}.Release|Any CPU.Build.0 = Release|Any CPU
		{E51CC5F9-4874-4F19-A917-F72F605AFA23}.Debug|Any CPU.ActiveCfg = Debug|Any CPU
		{E51CC5F9-4874-4F19-A917-F72F605AFA23}.Debug|Any CPU.Build.0 = Debug|Any CPU
		{E51CC5F9-4874-4F19-A917-F72F605AFA23}.Release - all|Any CPU.ActiveCfg = Release|Any CPU
		{E51CC5F9-4874-4F19-A917-F72F605AFA23}.Release - all|Any CPU.Build.0 = Release|Any CPU
		{E51CC5F9-4874-4F19-A917-F72F605AFA23}.Release - Full|Any CPU.ActiveCfg = Release|Any CPU
		{E51CC5F9-4874-4F19-A917-F72F605AFA23}.Release - Full|Any CPU.Build.0 = Release|Any CPU
		{E51CC5F9-4874-4F19-A917-F72F605AFA23}.Release|Any CPU.ActiveCfg = Release|Any CPU
		{E51CC5F9-4874-4F19-A917-F72F605AFA23}.Release|Any CPU.Build.0 = Release|Any CPU
		{AA613619-0AC5-4F85-A2F8-EACDE7E04406}.Debug|Any CPU.ActiveCfg = Debug|Any CPU
		{AA613619-0AC5-4F85-A2F8-EACDE7E04406}.Debug|Any CPU.Build.0 = Debug|Any CPU
		{AA613619-0AC5-4F85-A2F8-EACDE7E04406}.Release - all|Any CPU.ActiveCfg = Release|Any CPU
		{AA613619-0AC5-4F85-A2F8-EACDE7E04406}.Release - all|Any CPU.Build.0 = Release|Any CPU
		{AA613619-0AC5-4F85-A2F8-EACDE7E04406}.Release - Full|Any CPU.ActiveCfg = Release|Any CPU
		{AA613619-0AC5-4F85-A2F8-EACDE7E04406}.Release - Full|Any CPU.Build.0 = Release|Any CPU
		{AA613619-0AC5-4F85-A2F8-EACDE7E04406}.Release|Any CPU.ActiveCfg = Release|Any CPU
		{AA613619-0AC5-4F85-A2F8-EACDE7E04406}.Release|Any CPU.Build.0 = Release|Any CPU
		{093AF2D0-9FA6-4E1C-841C-661CE9DC5230}.Debug|Any CPU.ActiveCfg = Debug|Any CPU
		{093AF2D0-9FA6-4E1C-841C-661CE9DC5230}.Debug|Any CPU.Build.0 = Debug|Any CPU
		{093AF2D0-9FA6-4E1C-841C-661CE9DC5230}.Release - all|Any CPU.ActiveCfg = Release - all|Any CPU
		{093AF2D0-9FA6-4E1C-841C-661CE9DC5230}.Release - all|Any CPU.Build.0 = Release - all|Any CPU
		{093AF2D0-9FA6-4E1C-841C-661CE9DC5230}.Release - Full|Any CPU.ActiveCfg = Release - Full|Any CPU
		{093AF2D0-9FA6-4E1C-841C-661CE9DC5230}.Release - Full|Any CPU.Build.0 = Release - Full|Any CPU
		{093AF2D0-9FA6-4E1C-841C-661CE9DC5230}.Release|Any CPU.ActiveCfg = Release|Any CPU
		{093AF2D0-9FA6-4E1C-841C-661CE9DC5230}.Release|Any CPU.Build.0 = Release|Any CPU
		{8540E99D-499E-4CFA-BC8C-5EF6F2C7F28D}.Debug|Any CPU.ActiveCfg = Debug|Any CPU
		{8540E99D-499E-4CFA-BC8C-5EF6F2C7F28D}.Debug|Any CPU.Build.0 = Debug|Any CPU
		{8540E99D-499E-4CFA-BC8C-5EF6F2C7F28D}.Release - all|Any CPU.ActiveCfg = Release|Any CPU
		{8540E99D-499E-4CFA-BC8C-5EF6F2C7F28D}.Release - all|Any CPU.Build.0 = Release|Any CPU
		{8540E99D-499E-4CFA-BC8C-5EF6F2C7F28D}.Release - Full|Any CPU.ActiveCfg = Release|Any CPU
		{8540E99D-499E-4CFA-BC8C-5EF6F2C7F28D}.Release - Full|Any CPU.Build.0 = Release|Any CPU
		{8540E99D-499E-4CFA-BC8C-5EF6F2C7F28D}.Release|Any CPU.ActiveCfg = Release|Any CPU
		{8540E99D-499E-4CFA-BC8C-5EF6F2C7F28D}.Release|Any CPU.Build.0 = Release|Any CPU
		{A15808FF-153A-484A-8A61-AFB0F25CE8D5}.Debug|Any CPU.ActiveCfg = Debug|Any CPU
		{A15808FF-153A-484A-8A61-AFB0F25CE8D5}.Debug|Any CPU.Build.0 = Debug|Any CPU
		{A15808FF-153A-484A-8A61-AFB0F25CE8D5}.Release - all|Any CPU.ActiveCfg = Release - all|Any CPU
		{A15808FF-153A-484A-8A61-AFB0F25CE8D5}.Release - all|Any CPU.Build.0 = Release - all|Any CPU
		{A15808FF-153A-484A-8A61-AFB0F25CE8D5}.Release - Full|Any CPU.ActiveCfg = Release - Full|Any CPU
		{A15808FF-153A-484A-8A61-AFB0F25CE8D5}.Release - Full|Any CPU.Build.0 = Release - Full|Any CPU
		{A15808FF-153A-484A-8A61-AFB0F25CE8D5}.Release|Any CPU.ActiveCfg = Release|Any CPU
		{A15808FF-153A-484A-8A61-AFB0F25CE8D5}.Release|Any CPU.Build.0 = Release|Any CPU
		{DF7B7F6B-0A32-4F38-BCAC-AF7813AF934E}.Debug|Any CPU.ActiveCfg = Debug|Any CPU
		{DF7B7F6B-0A32-4F38-BCAC-AF7813AF934E}.Debug|Any CPU.Build.0 = Debug|Any CPU
		{DF7B7F6B-0A32-4F38-BCAC-AF7813AF934E}.Release - all|Any CPU.ActiveCfg = Release - all|Any CPU
		{DF7B7F6B-0A32-4F38-BCAC-AF7813AF934E}.Release - all|Any CPU.Build.0 = Release - all|Any CPU
		{DF7B7F6B-0A32-4F38-BCAC-AF7813AF934E}.Release - Full|Any CPU.ActiveCfg = Release - Full|Any CPU
		{DF7B7F6B-0A32-4F38-BCAC-AF7813AF934E}.Release - Full|Any CPU.Build.0 = Release - Full|Any CPU
		{DF7B7F6B-0A32-4F38-BCAC-AF7813AF934E}.Release|Any CPU.ActiveCfg = Release|Any CPU
		{DF7B7F6B-0A32-4F38-BCAC-AF7813AF934E}.Release|Any CPU.Build.0 = Release|Any CPU
	EndGlobalSection
	GlobalSection(SolutionProperties) = preSolution
		HideSolutionNode = FALSE
	EndGlobalSection
EndGlobal
