
Microsoft Visual Studio Solution File, Format Version 10.00
# Visual Studio 2008
Project("{FAE04EC0-301F-11D3-BF4B-00C04F79EFBC}") = "TestTool.GUI", "TestTool.GUI\TestTool.GUI.csproj", "{8EC3F971-248E-42A1-8657-69934A2AFF5B}"
EndProject
Project("{FAE04EC0-301F-11D3-BF4B-00C04F79EFBC}") = "TestTool.Interfaces", "TestTool.Interfaces\TestTool.Interfaces.csproj", "{C053F589-AB32-4DB6-A792-203559563C26}"
EndProject
Project("{FAE04EC0-301F-11D3-BF4B-00C04F79EFBC}") = "TestTool.Device", "TestTool.Device\TestTool.Device.csproj", "{4D8C105D-C854-4758-AED2-2BCC1FD5989B}"
EndProject
Project("{FAE04EC0-301F-11D3-BF4B-00C04F79EFBC}") = "TestTool.Transport", "TestTool.Transport\TestTool.Transport.csproj", "{A97ED101-FE9D-4D6C-BFE4-05BD4FF387EF}"
EndProject
Global
	GlobalSection(TeamFoundationVersionControl) = preSolution
		SccNumberOfProjects = 5
		SccEnterpriseProvider = {4CA58AB2-18FA-4F8D-95D4-32DDF27D184C}
		SccTeamFoundationServer = http://nov-tfs02:8080/tfs/DefaultCollection
		SccLocalPath0 = .
		SccProjectUniqueName1 = TestTool.Device\\TestTool.Device.csproj
		SccProjectName1 = TestTool.Device
		SccLocalPath1 = TestTool.Device
		SccProjectUniqueName2 = TestTool.GUI\\TestTool.GUI.csproj
		SccProjectName2 = TestTool.GUI
		SccLocalPath2 = TestTool.GUI
		SccProjectUniqueName3 = TestTool.Interfaces\\TestTool.Interfaces.csproj
		SccProjectName3 = TestTool.Interfaces
		SccLocalPath3 = TestTool.Interfaces
		SccProjectUniqueName4 = TestTool.Transport\\TestTool.Transport.csproj
		SccProjectName4 = TestTool.Transport
		SccLocalPath4 = TestTool.Transport
	EndGlobalSection
	GlobalSection(SolutionConfigurationPlatforms) = preSolution
		Debug|Any CPU = Debug|Any CPU
		Release|Any CPU = Release|Any CPU
	EndGlobalSection
	GlobalSection(ProjectConfigurationPlatforms) = postSolution
		{8EC3F971-248E-42A1-8657-69934A2AFF5B}.Debug|Any CPU.ActiveCfg = Debug|Any CPU
		{8EC3F971-248E-42A1-8657-69934A2AFF5B}.Debug|Any CPU.Build.0 = Debug|Any CPU
		{8EC3F971-248E-42A1-8657-69934A2AFF5B}.Release|Any CPU.ActiveCfg = Release|Any CPU
		{8EC3F971-248E-42A1-8657-69934A2AFF5B}.Release|Any CPU.Build.0 = Release|Any CPU
		{C053F589-AB32-4DB6-A792-203559563C26}.Debug|Any CPU.ActiveCfg = Debug|Any CPU
		{C053F589-AB32-4DB6-A792-203559563C26}.Debug|Any CPU.Build.0 = Debug|Any CPU
		{C053F589-AB32-4DB6-A792-203559563C26}.Release|Any CPU.ActiveCfg = Release|Any CPU
		{C053F589-AB32-4DB6-A792-203559563C26}.Release|Any CPU.Build.0 = Release|Any CPU
		{4D8C105D-C854-4758-AED2-2BCC1FD5989B}.Debug|Any CPU.ActiveCfg = Debug|Any CPU
		{4D8C105D-C854-4758-AED2-2BCC1FD5989B}.Debug|Any CPU.Build.0 = Debug|Any CPU
		{4D8C105D-C854-4758-AED2-2BCC1FD5989B}.Release|Any CPU.ActiveCfg = Release|Any CPU
		{4D8C105D-C854-4758-AED2-2BCC1FD5989B}.Release|Any CPU.Build.0 = Release|Any CPU
		{A97ED101-FE9D-4D6C-BFE4-05BD4FF387EF}.Debug|Any CPU.ActiveCfg = Debug|Any CPU
		{A97ED101-FE9D-4D6C-BFE4-05BD4FF387EF}.Debug|Any CPU.Build.0 = Debug|Any CPU
		{A97ED101-FE9D-4D6C-BFE4-05BD4FF387EF}.Release|Any CPU.ActiveCfg = Release|Any CPU
		{A97ED101-FE9D-4D6C-BFE4-05BD4FF387EF}.Release|Any CPU.Build.0 = Release|Any CPU
	EndGlobalSection
	GlobalSection(SolutionProperties) = preSolution
		HideSolutionNode = FALSE
	EndGlobalSection
EndGlobal
