
Microsoft Visual Studio Solution File, Format Version 12.00
# Visual Studio 2012
Project("{2150E333-8FDC-42A3-9474-1A3956D46DE8}") = "Lib", "Lib", "{9D1247F6-4313-4A22-B1CB-D286DCB24E79}"
	ProjectSection(SolutionItems) = preProject
		Lib\DirectShowLib-2005.dll = Lib\DirectShowLib-2005.dll
		Lib\itextsharp.dll = Lib\itextsharp.dll
		Lib\live.lib = Lib\live.lib
		Lib\ONVIFRTSPFilter.dll = Lib\ONVIFRTSPFilter.dll
		Lib\strmbase.lib = Lib\strmbase.lib
	EndProjectSection
EndProject
Project("{FAE04EC0-301F-11D3-BF4B-00C04F79EFBC}") = "TestTool.GUI", "TestTool.GUI\TestTool.GUI.csproj", "{E867C701-FE40-4DFE-BF36-0A9D3AB75056}"
	ProjectSection(ProjectDependencies) = postProject
		{DB093FA2-8843-4E11-B0A3-17AB97F61644} = {DB093FA2-8843-4E11-B0A3-17AB97F61644}
		{F76B57AB-3717-4C02-A4E6-7B441C74010A} = {F76B57AB-3717-4C02-A4E6-7B441C74010A}
		{A15808FF-153A-484A-8A61-AFB0F25CE8D5} = {A15808FF-153A-484A-8A61-AFB0F25CE8D5}
	EndProjectSection
EndProject
Project("{FAE04EC0-301F-11D3-BF4B-00C04F79EFBC}") = "TestTool.Tests.Common", "TestTool.Tests.Common\TestTool.Tests.Common.csproj", "{A15808FF-153A-484A-8A61-AFB0F25CE8D5}"
EndProject
Project("{FAE04EC0-301F-11D3-BF4B-00C04F79EFBC}") = "TestTool.Tests.TestCases", "TestTool.Tests.TestCases\TestTool.Tests.TestCases.csproj", "{F76B57AB-3717-4C02-A4E6-7B441C74010A}"
	ProjectSection(ProjectDependencies) = postProject
		{A15808FF-153A-484A-8A61-AFB0F25CE8D5} = {A15808FF-153A-484A-8A61-AFB0F25CE8D5}
	EndProjectSection
EndProject
Project("{FAE04EC0-301F-11D3-BF4B-00C04F79EFBC}") = "TestTool.Proxies", "TestTool.Tests.Proxies\TestTool.Proxies.csproj", "{DF7B7F6B-0A32-4F38-BCAC-AF7813AF934E}"
EndProject
Project("{FAE04EC0-301F-11D3-BF4B-00C04F79EFBC}") = "TestTool.HttpTransport", "TestTool.HttpTransport\TestTool.HttpTransport.csproj", "{093AF2D0-9FA6-4E1C-841C-661CE9DC5230}"
EndProject
Project("{8BC9CEB8-8B4A-11D0-8D11-00A0C91BC942}") = "SourceFilter", "SourceFilter\SourceFilter.vcxproj", "{39469123-3EB7-45F3-A15B-3854DFD2C2EB}"
EndProject
Project("{FAE04EC0-301F-11D3-BF4B-00C04F79EFBC}") = "TestTool.Tests.Definitions", "TestTool.Tests.Definitions\TestTool.Tests.Definitions.csproj", "{E51CC5F9-4874-4F19-A917-F72F605AFA23}"
EndProject
Project("{FAE04EC0-301F-11D3-BF4B-00C04F79EFBC}") = "TestTool.Tests.Engine", "TestTool.Tests.Engine\TestTool.Tests.Engine.csproj", "{6F067A3A-EDB1-4F81-BF8D-2C29CCF4DA62}"
EndProject
Project("{FAE04EC0-301F-11D3-BF4B-00C04F79EFBC}") = "TestTool.Tests.Engine.Base", "TestTool.Tests.Engine.Base\TestTool.Tests.Engine.Base.csproj", "{AA613619-0AC5-4F85-A2F8-EACDE7E04406}"
EndProject
Project("{FAE04EC0-301F-11D3-BF4B-00C04F79EFBC}") = "TestTool.HttpTransport.Interfaces", "TestTool.HttpTransport.Interfaces\TestTool.HttpTransport.Interfaces.csproj", "{8540E99D-499E-4CFA-BC8C-5EF6F2C7F28D}"
EndProject
Project("{8BC9CEB8-8B4A-11D0-8D11-00A0C91BC942}") = "RTSPSimulator", "RTSPSimulator\RTSPSimulator.vcxproj", "{DB093FA2-8843-4E11-B0A3-17AB97F61644}"
EndProject
Project("{930C7802-8A8C-48F9-8165-68863BCCD9DD}") = "TestTool.Installer", "TestTool.Installer\TestTool.Installer.wixproj", "{53E27E3F-DA60-4E65-A378-BB6CE8260A30}"
	ProjectSection(ProjectDependencies) = postProject
		{AA613619-0AC5-4F85-A2F8-EACDE7E04406} = {AA613619-0AC5-4F85-A2F8-EACDE7E04406}
		{39469123-3EB7-45F3-A15B-3854DFD2C2EB} = {39469123-3EB7-45F3-A15B-3854DFD2C2EB}
		{6F067A3A-EDB1-4F81-BF8D-2C29CCF4DA62} = {6F067A3A-EDB1-4F81-BF8D-2C29CCF4DA62}
		{DF7B7F6B-0A32-4F38-BCAC-AF7813AF934E} = {DF7B7F6B-0A32-4F38-BCAC-AF7813AF934E}
		{8540E99D-499E-4CFA-BC8C-5EF6F2C7F28D} = {8540E99D-499E-4CFA-BC8C-5EF6F2C7F28D}
		{DB093FA2-8843-4E11-B0A3-17AB97F61644} = {DB093FA2-8843-4E11-B0A3-17AB97F61644}
		{F76B57AB-3717-4C02-A4E6-7B441C74010A} = {F76B57AB-3717-4C02-A4E6-7B441C74010A}
		{093AF2D0-9FA6-4E1C-841C-661CE9DC5230} = {093AF2D0-9FA6-4E1C-841C-661CE9DC5230}
		{E51CC5F9-4874-4F19-A917-F72F605AFA23} = {E51CC5F9-4874-4F19-A917-F72F605AFA23}
		{A15808FF-153A-484A-8A61-AFB0F25CE8D5} = {A15808FF-153A-484A-8A61-AFB0F25CE8D5}
	EndProjectSection
EndProject
Global
	GlobalSection(TeamFoundationVersionControl) = preSolution
		SccNumberOfProjects = 13
		SccEnterpriseProvider = {4CA58AB2-18FA-4F8D-95D4-32DDF27D184C}
		SccTeamFoundationServer = http://nov-tfs02:8080/tfs/defaultcollection
		SccLocalPath0 = .
		SccProjectUniqueName1 = TestTool.GUI\\TestTool.GUI.csproj
		SccProjectName1 = TestTool.GUI
		SccLocalPath1 = TestTool.GUI
		SccProjectUniqueName2 = TestTool.Tests.Common\\TestTool.Tests.Common.csproj
		SccProjectName2 = TestTool.Tests.Common
		SccLocalPath2 = TestTool.Tests.Common
		SccProjectUniqueName3 = TestTool.Tests.TestCases\\TestTool.Tests.TestCases.csproj
		SccProjectName3 = TestTool.Tests.TestCases
		SccLocalPath3 = TestTool.Tests.TestCases
		SccProjectUniqueName4 = TestTool.Tests.Proxies\\TestTool.Proxies.csproj
		SccProjectName4 = TestTool.Tests.Proxies
		SccLocalPath4 = TestTool.Tests.Proxies
		SccProjectUniqueName5 = TestTool.HttpTransport\\TestTool.HttpTransport.csproj
		SccProjectName5 = TestTool.HttpTransport
		SccLocalPath5 = TestTool.HttpTransport
		SccProjectUniqueName6 = TestTool.Tests.Definitions\\TestTool.Tests.Definitions.csproj
		SccProjectName6 = TestTool.Tests.Definitions
		SccLocalPath6 = TestTool.Tests.Definitions
		SccProjectUniqueName7 = TestTool.Tests.Engine\\TestTool.Tests.Engine.csproj
		SccProjectName7 = TestTool.Tests.Engine
		SccLocalPath7 = TestTool.Tests.Engine
		SccProjectUniqueName8 = TestTool.Tests.Engine.Base\\TestTool.Tests.Engine.Base.csproj
		SccProjectName8 = TestTool.Tests.Engine.Base
		SccLocalPath8 = TestTool.Tests.Engine.Base
		SccProjectUniqueName9 = TestTool.HttpTransport.Interfaces\\TestTool.HttpTransport.Interfaces.csproj
		SccProjectName9 = TestTool.HttpTransport.Interfaces
		SccLocalPath9 = TestTool.HttpTransport.Interfaces
		SccProjectUniqueName10 = TestTool.Installer\\TestTool.Installer.wixproj
		SccProjectName10 = TestTool.Installer
		SccLocalPath10 = TestTool.Installer
		SccProjectUniqueName11 = SourceFilter\\SourceFilter.vcxproj
		SccProjectName11 = SourceFilter
		SccLocalPath11 = SourceFilter
		SccProjectUniqueName12 = RTSPSimulator\\RTSPSimulator.vcxproj
		SccProjectName12 = RTSPSimulator
		SccLocalPath12 = RTSPSimulator
	EndGlobalSection
	GlobalSection(SolutionConfigurationPlatforms) = preSolution
		Debug|Any CPU = Debug|Any CPU
		Debug|Mixed Platforms = Debug|Mixed Platforms
		Debug|Win32 = Debug|Win32
		Debug|x64 = Debug|x64
		Debug|x86 = Debug|x86
		Release - Full|Any CPU = Release - Full|Any CPU
		Release - Full|Mixed Platforms = Release - Full|Mixed Platforms
		Release - Full|Win32 = Release - Full|Win32
		Release - Full|x64 = Release - Full|x64
		Release - Full|x86 = Release - Full|x86
		Release|Any CPU = Release|Any CPU
		Release|Mixed Platforms = Release|Mixed Platforms
		Release|Win32 = Release|Win32
		Release|x64 = Release|x64
		Release|x86 = Release|x86
	EndGlobalSection
	GlobalSection(ProjectConfigurationPlatforms) = postSolution
		{E867C701-FE40-4DFE-BF36-0A9D3AB75056}.Debug|Any CPU.ActiveCfg = Debug|Any CPU
		{E867C701-FE40-4DFE-BF36-0A9D3AB75056}.Debug|Any CPU.Build.0 = Debug|Any CPU
		{E867C701-FE40-4DFE-BF36-0A9D3AB75056}.Debug|Mixed Platforms.ActiveCfg = Debug|x86
		{E867C701-FE40-4DFE-BF36-0A9D3AB75056}.Debug|Mixed Platforms.Build.0 = Debug|x86
		{E867C701-FE40-4DFE-BF36-0A9D3AB75056}.Debug|Win32.ActiveCfg = Debug|Any CPU
		{E867C701-FE40-4DFE-BF36-0A9D3AB75056}.Debug|x64.ActiveCfg = Debug|Any CPU
		{E867C701-FE40-4DFE-BF36-0A9D3AB75056}.Debug|x86.ActiveCfg = Debug|x86
		{E867C701-FE40-4DFE-BF36-0A9D3AB75056}.Debug|x86.Build.0 = Debug|x86
		{E867C701-FE40-4DFE-BF36-0A9D3AB75056}.Release - Full|Any CPU.ActiveCfg = Release - Full|Any CPU
		{E867C701-FE40-4DFE-BF36-0A9D3AB75056}.Release - Full|Any CPU.Build.0 = Release - Full|Any CPU
		{E867C701-FE40-4DFE-BF36-0A9D3AB75056}.Release - Full|Mixed Platforms.ActiveCfg = Release - Full|Any CPU
		{E867C701-FE40-4DFE-BF36-0A9D3AB75056}.Release - Full|Mixed Platforms.Build.0 = Release - Full|Any CPU
		{E867C701-FE40-4DFE-BF36-0A9D3AB75056}.Release - Full|Win32.ActiveCfg = Release - Full|Any CPU
		{E867C701-FE40-4DFE-BF36-0A9D3AB75056}.Release - Full|x64.ActiveCfg = Release - Full|Any CPU
		{E867C701-FE40-4DFE-BF36-0A9D3AB75056}.Release - Full|x86.ActiveCfg = Release - Full|x86
		{E867C701-FE40-4DFE-BF36-0A9D3AB75056}.Release - Full|x86.Build.0 = Release - Full|x86
		{E867C701-FE40-4DFE-BF36-0A9D3AB75056}.Release|Any CPU.ActiveCfg = Release|Any CPU
		{E867C701-FE40-4DFE-BF36-0A9D3AB75056}.Release|Any CPU.Build.0 = Release|Any CPU
		{E867C701-FE40-4DFE-BF36-0A9D3AB75056}.Release|Mixed Platforms.ActiveCfg = Release|x86
		{E867C701-FE40-4DFE-BF36-0A9D3AB75056}.Release|Mixed Platforms.Build.0 = Release|x86
		{E867C701-FE40-4DFE-BF36-0A9D3AB75056}.Release|Win32.ActiveCfg = Release|Any CPU
		{E867C701-FE40-4DFE-BF36-0A9D3AB75056}.Release|x64.ActiveCfg = Release|Any CPU
		{E867C701-FE40-4DFE-BF36-0A9D3AB75056}.Release|x86.ActiveCfg = Release|x86
		{E867C701-FE40-4DFE-BF36-0A9D3AB75056}.Release|x86.Build.0 = Release|x86
		{A15808FF-153A-484A-8A61-AFB0F25CE8D5}.Debug|Any CPU.ActiveCfg = Debug|Any CPU
		{A15808FF-153A-484A-8A61-AFB0F25CE8D5}.Debug|Any CPU.Build.0 = Debug|Any CPU
		{A15808FF-153A-484A-8A61-AFB0F25CE8D5}.Debug|Mixed Platforms.ActiveCfg = Debug|x86
		{A15808FF-153A-484A-8A61-AFB0F25CE8D5}.Debug|Mixed Platforms.Build.0 = Debug|x86
		{A15808FF-153A-484A-8A61-AFB0F25CE8D5}.Debug|Win32.ActiveCfg = Debug|Any CPU
		{A15808FF-153A-484A-8A61-AFB0F25CE8D5}.Debug|x64.ActiveCfg = Debug|Any CPU
		{A15808FF-153A-484A-8A61-AFB0F25CE8D5}.Debug|x86.ActiveCfg = Debug|x86
		{A15808FF-153A-484A-8A61-AFB0F25CE8D5}.Debug|x86.Build.0 = Debug|x86
		{A15808FF-153A-484A-8A61-AFB0F25CE8D5}.Release - Full|Any CPU.ActiveCfg = Release - Full|Any CPU
		{A15808FF-153A-484A-8A61-AFB0F25CE8D5}.Release - Full|Any CPU.Build.0 = Release - Full|Any CPU
		{A15808FF-153A-484A-8A61-AFB0F25CE8D5}.Release - Full|Mixed Platforms.ActiveCfg = Release - Full|Any CPU
		{A15808FF-153A-484A-8A61-AFB0F25CE8D5}.Release - Full|Mixed Platforms.Build.0 = Release - Full|Any CPU
		{A15808FF-153A-484A-8A61-AFB0F25CE8D5}.Release - Full|Win32.ActiveCfg = Release - Full|Any CPU
		{A15808FF-153A-484A-8A61-AFB0F25CE8D5}.Release - Full|x64.ActiveCfg = Release - Full|Any CPU
		{A15808FF-153A-484A-8A61-AFB0F25CE8D5}.Release - Full|x86.ActiveCfg = Release - Full|x86
		{A15808FF-153A-484A-8A61-AFB0F25CE8D5}.Release - Full|x86.Build.0 = Release - Full|x86
		{A15808FF-153A-484A-8A61-AFB0F25CE8D5}.Release|Any CPU.ActiveCfg = Release|Any CPU
		{A15808FF-153A-484A-8A61-AFB0F25CE8D5}.Release|Any CPU.Build.0 = Release|Any CPU
		{A15808FF-153A-484A-8A61-AFB0F25CE8D5}.Release|Mixed Platforms.ActiveCfg = Release|x86
		{A15808FF-153A-484A-8A61-AFB0F25CE8D5}.Release|Mixed Platforms.Build.0 = Release|x86
		{A15808FF-153A-484A-8A61-AFB0F25CE8D5}.Release|Win32.ActiveCfg = Release|Any CPU
		{A15808FF-153A-484A-8A61-AFB0F25CE8D5}.Release|x64.ActiveCfg = Release|Any CPU
		{A15808FF-153A-484A-8A61-AFB0F25CE8D5}.Release|x86.ActiveCfg = Release|x86
		{A15808FF-153A-484A-8A61-AFB0F25CE8D5}.Release|x86.Build.0 = Release|x86
		{F76B57AB-3717-4C02-A4E6-7B441C74010A}.Debug|Any CPU.ActiveCfg = Debug|Any CPU
		{F76B57AB-3717-4C02-A4E6-7B441C74010A}.Debug|Any CPU.Build.0 = Debug|Any CPU
		{F76B57AB-3717-4C02-A4E6-7B441C74010A}.Debug|Mixed Platforms.ActiveCfg = Debug|x86
		{F76B57AB-3717-4C02-A4E6-7B441C74010A}.Debug|Mixed Platforms.Build.0 = Debug|x86
		{F76B57AB-3717-4C02-A4E6-7B441C74010A}.Debug|Win32.ActiveCfg = Debug|Any CPU
		{F76B57AB-3717-4C02-A4E6-7B441C74010A}.Debug|x64.ActiveCfg = Debug|Any CPU
		{F76B57AB-3717-4C02-A4E6-7B441C74010A}.Debug|x86.ActiveCfg = Debug|x86
		{F76B57AB-3717-4C02-A4E6-7B441C74010A}.Debug|x86.Build.0 = Debug|x86
		{F76B57AB-3717-4C02-A4E6-7B441C74010A}.Release - Full|Any CPU.ActiveCfg = Release - Full|Any CPU
		{F76B57AB-3717-4C02-A4E6-7B441C74010A}.Release - Full|Any CPU.Build.0 = Release - Full|Any CPU
		{F76B57AB-3717-4C02-A4E6-7B441C74010A}.Release - Full|Mixed Platforms.ActiveCfg = Release - Full|Any CPU
		{F76B57AB-3717-4C02-A4E6-7B441C74010A}.Release - Full|Mixed Platforms.Build.0 = Release - Full|Any CPU
		{F76B57AB-3717-4C02-A4E6-7B441C74010A}.Release - Full|Win32.ActiveCfg = Release - Full|Any CPU
		{F76B57AB-3717-4C02-A4E6-7B441C74010A}.Release - Full|x64.ActiveCfg = Release - Full|Any CPU
		{F76B57AB-3717-4C02-A4E6-7B441C74010A}.Release - Full|x86.ActiveCfg = Release - Full|x86
		{F76B57AB-3717-4C02-A4E6-7B441C74010A}.Release - Full|x86.Build.0 = Release - Full|x86
		{F76B57AB-3717-4C02-A4E6-7B441C74010A}.Release|Any CPU.ActiveCfg = Release|Any CPU
		{F76B57AB-3717-4C02-A4E6-7B441C74010A}.Release|Any CPU.Build.0 = Release|Any CPU
		{F76B57AB-3717-4C02-A4E6-7B441C74010A}.Release|Mixed Platforms.ActiveCfg = Release|x86
		{F76B57AB-3717-4C02-A4E6-7B441C74010A}.Release|Mixed Platforms.Build.0 = Release|x86
		{F76B57AB-3717-4C02-A4E6-7B441C74010A}.Release|Win32.ActiveCfg = Release|Any CPU
		{F76B57AB-3717-4C02-A4E6-7B441C74010A}.Release|x64.ActiveCfg = Release|Any CPU
		{F76B57AB-3717-4C02-A4E6-7B441C74010A}.Release|x86.ActiveCfg = Release|x86
		{F76B57AB-3717-4C02-A4E6-7B441C74010A}.Release|x86.Build.0 = Release|x86
		{DF7B7F6B-0A32-4F38-BCAC-AF7813AF934E}.Debug|Any CPU.ActiveCfg = Debug|Any CPU
		{DF7B7F6B-0A32-4F38-BCAC-AF7813AF934E}.Debug|Any CPU.Build.0 = Debug|Any CPU
		{DF7B7F6B-0A32-4F38-BCAC-AF7813AF934E}.Debug|Mixed Platforms.ActiveCfg = Debug|x86
		{DF7B7F6B-0A32-4F38-BCAC-AF7813AF934E}.Debug|Mixed Platforms.Build.0 = Debug|x86
		{DF7B7F6B-0A32-4F38-BCAC-AF7813AF934E}.Debug|Win32.ActiveCfg = Debug|Any CPU
		{DF7B7F6B-0A32-4F38-BCAC-AF7813AF934E}.Debug|x64.ActiveCfg = Debug|Any CPU
		{DF7B7F6B-0A32-4F38-BCAC-AF7813AF934E}.Debug|x86.ActiveCfg = Debug|x86
		{DF7B7F6B-0A32-4F38-BCAC-AF7813AF934E}.Debug|x86.Build.0 = Debug|x86
		{DF7B7F6B-0A32-4F38-BCAC-AF7813AF934E}.Release - Full|Any CPU.ActiveCfg = Release - Full|Any CPU
		{DF7B7F6B-0A32-4F38-BCAC-AF7813AF934E}.Release - Full|Any CPU.Build.0 = Release - Full|Any CPU
		{DF7B7F6B-0A32-4F38-BCAC-AF7813AF934E}.Release - Full|Mixed Platforms.ActiveCfg = Release - Full|Any CPU
		{DF7B7F6B-0A32-4F38-BCAC-AF7813AF934E}.Release - Full|Mixed Platforms.Build.0 = Release - Full|Any CPU
		{DF7B7F6B-0A32-4F38-BCAC-AF7813AF934E}.Release - Full|Win32.ActiveCfg = Release - Full|Any CPU
		{DF7B7F6B-0A32-4F38-BCAC-AF7813AF934E}.Release - Full|x64.ActiveCfg = Release - Full|Any CPU
		{DF7B7F6B-0A32-4F38-BCAC-AF7813AF934E}.Release - Full|x86.ActiveCfg = Release - Full|x86
		{DF7B7F6B-0A32-4F38-BCAC-AF7813AF934E}.Release - Full|x86.Build.0 = Release - Full|x86
		{DF7B7F6B-0A32-4F38-BCAC-AF7813AF934E}.Release|Any CPU.ActiveCfg = Release|Any CPU
		{DF7B7F6B-0A32-4F38-BCAC-AF7813AF934E}.Release|Any CPU.Build.0 = Release|Any CPU
		{DF7B7F6B-0A32-4F38-BCAC-AF7813AF934E}.Release|Mixed Platforms.ActiveCfg = Release|x86
		{DF7B7F6B-0A32-4F38-BCAC-AF7813AF934E}.Release|Mixed Platforms.Build.0 = Release|x86
		{DF7B7F6B-0A32-4F38-BCAC-AF7813AF934E}.Release|Win32.ActiveCfg = Release|Any CPU
		{DF7B7F6B-0A32-4F38-BCAC-AF7813AF934E}.Release|x64.ActiveCfg = Release|Any CPU
		{DF7B7F6B-0A32-4F38-BCAC-AF7813AF934E}.Release|x86.ActiveCfg = Release|x86
		{DF7B7F6B-0A32-4F38-BCAC-AF7813AF934E}.Release|x86.Build.0 = Release|x86
		{093AF2D0-9FA6-4E1C-841C-661CE9DC5230}.Debug|Any CPU.ActiveCfg = Debug|Any CPU
		{093AF2D0-9FA6-4E1C-841C-661CE9DC5230}.Debug|Any CPU.Build.0 = Debug|Any CPU
		{093AF2D0-9FA6-4E1C-841C-661CE9DC5230}.Debug|Mixed Platforms.ActiveCfg = Debug|x86
		{093AF2D0-9FA6-4E1C-841C-661CE9DC5230}.Debug|Mixed Platforms.Build.0 = Debug|x86
		{093AF2D0-9FA6-4E1C-841C-661CE9DC5230}.Debug|Win32.ActiveCfg = Debug|Any CPU
		{093AF2D0-9FA6-4E1C-841C-661CE9DC5230}.Debug|x64.ActiveCfg = Debug|Any CPU
		{093AF2D0-9FA6-4E1C-841C-661CE9DC5230}.Debug|x86.ActiveCfg = Debug|x86
		{093AF2D0-9FA6-4E1C-841C-661CE9DC5230}.Debug|x86.Build.0 = Debug|x86
		{093AF2D0-9FA6-4E1C-841C-661CE9DC5230}.Release - Full|Any CPU.ActiveCfg = Release - Full|Any CPU
		{093AF2D0-9FA6-4E1C-841C-661CE9DC5230}.Release - Full|Any CPU.Build.0 = Release - Full|Any CPU
		{093AF2D0-9FA6-4E1C-841C-661CE9DC5230}.Release - Full|Mixed Platforms.ActiveCfg = Release - Full|Any CPU
		{093AF2D0-9FA6-4E1C-841C-661CE9DC5230}.Release - Full|Mixed Platforms.Build.0 = Release - Full|Any CPU
		{093AF2D0-9FA6-4E1C-841C-661CE9DC5230}.Release - Full|Win32.ActiveCfg = Release - Full|Any CPU
		{093AF2D0-9FA6-4E1C-841C-661CE9DC5230}.Release - Full|x64.ActiveCfg = Release - Full|Any CPU
		{093AF2D0-9FA6-4E1C-841C-661CE9DC5230}.Release - Full|x86.ActiveCfg = Release - Full|x86
		{093AF2D0-9FA6-4E1C-841C-661CE9DC5230}.Release - Full|x86.Build.0 = Release - Full|x86
		{093AF2D0-9FA6-4E1C-841C-661CE9DC5230}.Release|Any CPU.ActiveCfg = Release|Any CPU
		{093AF2D0-9FA6-4E1C-841C-661CE9DC5230}.Release|Any CPU.Build.0 = Release|Any CPU
		{093AF2D0-9FA6-4E1C-841C-661CE9DC5230}.Release|Mixed Platforms.ActiveCfg = Release|x86
		{093AF2D0-9FA6-4E1C-841C-661CE9DC5230}.Release|Mixed Platforms.Build.0 = Release|x86
		{093AF2D0-9FA6-4E1C-841C-661CE9DC5230}.Release|Win32.ActiveCfg = Release|Any CPU
		{093AF2D0-9FA6-4E1C-841C-661CE9DC5230}.Release|x64.ActiveCfg = Release|Any CPU
		{093AF2D0-9FA6-4E1C-841C-661CE9DC5230}.Release|x86.ActiveCfg = Release|x86
		{093AF2D0-9FA6-4E1C-841C-661CE9DC5230}.Release|x86.Build.0 = Release|x86
		{39469123-3EB7-45F3-A15B-3854DFD2C2EB}.Debug|Any CPU.ActiveCfg = Release|Win32
		{39469123-3EB7-45F3-A15B-3854DFD2C2EB}.Debug|Any CPU.Build.0 = Release|Win32
		{39469123-3EB7-45F3-A15B-3854DFD2C2EB}.Debug|Mixed Platforms.ActiveCfg = Debug|Win32
		{39469123-3EB7-45F3-A15B-3854DFD2C2EB}.Debug|Mixed Platforms.Build.0 = Debug|Win32
		{39469123-3EB7-45F3-A15B-3854DFD2C2EB}.Debug|Win32.ActiveCfg = Debug|Win32
		{39469123-3EB7-45F3-A15B-3854DFD2C2EB}.Debug|Win32.Build.0 = Debug|Win32
		{39469123-3EB7-45F3-A15B-3854DFD2C2EB}.Debug|x64.ActiveCfg = Debug|Win32
		{39469123-3EB7-45F3-A15B-3854DFD2C2EB}.Debug|x86.ActiveCfg = Debug|Win32
		{39469123-3EB7-45F3-A15B-3854DFD2C2EB}.Release - Full|Any CPU.ActiveCfg = Release - Full|Win32
		{39469123-3EB7-45F3-A15B-3854DFD2C2EB}.Release - Full|Any CPU.Build.0 = Release - Full|Win32
		{39469123-3EB7-45F3-A15B-3854DFD2C2EB}.Release - Full|Mixed Platforms.ActiveCfg = Release - Full|Win32
		{39469123-3EB7-45F3-A15B-3854DFD2C2EB}.Release - Full|Mixed Platforms.Build.0 = Release - Full|Win32
		{39469123-3EB7-45F3-A15B-3854DFD2C2EB}.Release - Full|Win32.ActiveCfg = Release - Full|Win32
		{39469123-3EB7-45F3-A15B-3854DFD2C2EB}.Release - Full|x64.ActiveCfg = Release - Full|Win32
		{39469123-3EB7-45F3-A15B-3854DFD2C2EB}.Release - Full|x86.ActiveCfg = Release - Full|Win32
		{39469123-3EB7-45F3-A15B-3854DFD2C2EB}.Release|Any CPU.ActiveCfg = Release|Win32
		{39469123-3EB7-45F3-A15B-3854DFD2C2EB}.Release|Any CPU.Build.0 = Release|Win32
		{39469123-3EB7-45F3-A15B-3854DFD2C2EB}.Release|Mixed Platforms.ActiveCfg = Release|Win32
		{39469123-3EB7-45F3-A15B-3854DFD2C2EB}.Release|Mixed Platforms.Build.0 = Release|Win32
		{39469123-3EB7-45F3-A15B-3854DFD2C2EB}.Release|Win32.ActiveCfg = Release|Win32
		{39469123-3EB7-45F3-A15B-3854DFD2C2EB}.Release|Win32.Build.0 = Release|Win32
		{39469123-3EB7-45F3-A15B-3854DFD2C2EB}.Release|x64.ActiveCfg = Release|Win32
		{39469123-3EB7-45F3-A15B-3854DFD2C2EB}.Release|x86.ActiveCfg = Release|Win32
		{E51CC5F9-4874-4F19-A917-F72F605AFA23}.Debug|Any CPU.ActiveCfg = Debug|Any CPU
		{E51CC5F9-4874-4F19-A917-F72F605AFA23}.Debug|Any CPU.Build.0 = Debug|Any CPU
		{E51CC5F9-4874-4F19-A917-F72F605AFA23}.Debug|Mixed Platforms.ActiveCfg = Debug|x86
		{E51CC5F9-4874-4F19-A917-F72F605AFA23}.Debug|Mixed Platforms.Build.0 = Debug|x86
		{E51CC5F9-4874-4F19-A917-F72F605AFA23}.Debug|Win32.ActiveCfg = Debug|Any CPU
		{E51CC5F9-4874-4F19-A917-F72F605AFA23}.Debug|x64.ActiveCfg = Debug|Any CPU
		{E51CC5F9-4874-4F19-A917-F72F605AFA23}.Debug|x86.ActiveCfg = Debug|x86
		{E51CC5F9-4874-4F19-A917-F72F605AFA23}.Debug|x86.Build.0 = Debug|x86
		{E51CC5F9-4874-4F19-A917-F72F605AFA23}.Release - Full|Any CPU.ActiveCfg = Release|Any CPU
		{E51CC5F9-4874-4F19-A917-F72F605AFA23}.Release - Full|Any CPU.Build.0 = Release|Any CPU
		{E51CC5F9-4874-4F19-A917-F72F605AFA23}.Release - Full|Mixed Platforms.ActiveCfg = Release|Any CPU
		{E51CC5F9-4874-4F19-A917-F72F605AFA23}.Release - Full|Mixed Platforms.Build.0 = Release|Any CPU
		{E51CC5F9-4874-4F19-A917-F72F605AFA23}.Release - Full|Win32.ActiveCfg = Release|Any CPU
		{E51CC5F9-4874-4F19-A917-F72F605AFA23}.Release - Full|x64.ActiveCfg = Release|Any CPU
		{E51CC5F9-4874-4F19-A917-F72F605AFA23}.Release - Full|x86.ActiveCfg = Release|x86
		{E51CC5F9-4874-4F19-A917-F72F605AFA23}.Release - Full|x86.Build.0 = Release|x86
		{E51CC5F9-4874-4F19-A917-F72F605AFA23}.Release|Any CPU.ActiveCfg = Release|Any CPU
		{E51CC5F9-4874-4F19-A917-F72F605AFA23}.Release|Any CPU.Build.0 = Release|Any CPU
		{E51CC5F9-4874-4F19-A917-F72F605AFA23}.Release|Mixed Platforms.ActiveCfg = Release|x86
		{E51CC5F9-4874-4F19-A917-F72F605AFA23}.Release|Mixed Platforms.Build.0 = Release|x86
		{E51CC5F9-4874-4F19-A917-F72F605AFA23}.Release|Win32.ActiveCfg = Release|Any CPU
		{E51CC5F9-4874-4F19-A917-F72F605AFA23}.Release|x64.ActiveCfg = Release|Any CPU
		{E51CC5F9-4874-4F19-A917-F72F605AFA23}.Release|x86.ActiveCfg = Release|x86
		{E51CC5F9-4874-4F19-A917-F72F605AFA23}.Release|x86.Build.0 = Release|x86
		{6F067A3A-EDB1-4F81-BF8D-2C29CCF4DA62}.Debug|Any CPU.ActiveCfg = Debug|Any CPU
		{6F067A3A-EDB1-4F81-BF8D-2C29CCF4DA62}.Debug|Any CPU.Build.0 = Debug|Any CPU
		{6F067A3A-EDB1-4F81-BF8D-2C29CCF4DA62}.Debug|Mixed Platforms.ActiveCfg = Debug|x86
		{6F067A3A-EDB1-4F81-BF8D-2C29CCF4DA62}.Debug|Mixed Platforms.Build.0 = Debug|x86
		{6F067A3A-EDB1-4F81-BF8D-2C29CCF4DA62}.Debug|Win32.ActiveCfg = Debug|Any CPU
		{6F067A3A-EDB1-4F81-BF8D-2C29CCF4DA62}.Debug|x64.ActiveCfg = Debug|Any CPU
		{6F067A3A-EDB1-4F81-BF8D-2C29CCF4DA62}.Debug|x86.ActiveCfg = Debug|x86
		{6F067A3A-EDB1-4F81-BF8D-2C29CCF4DA62}.Debug|x86.Build.0 = Debug|x86
		{6F067A3A-EDB1-4F81-BF8D-2C29CCF4DA62}.Release - Full|Any CPU.ActiveCfg = Release|Any CPU
		{6F067A3A-EDB1-4F81-BF8D-2C29CCF4DA62}.Release - Full|Any CPU.Build.0 = Release|Any CPU
		{6F067A3A-EDB1-4F81-BF8D-2C29CCF4DA62}.Release - Full|Mixed Platforms.ActiveCfg = Release|Any CPU
		{6F067A3A-EDB1-4F81-BF8D-2C29CCF4DA62}.Release - Full|Mixed Platforms.Build.0 = Release|Any CPU
		{6F067A3A-EDB1-4F81-BF8D-2C29CCF4DA62}.Release - Full|Win32.ActiveCfg = Release|Any CPU
		{6F067A3A-EDB1-4F81-BF8D-2C29CCF4DA62}.Release - Full|x64.ActiveCfg = Release|Any CPU
		{6F067A3A-EDB1-4F81-BF8D-2C29CCF4DA62}.Release - Full|x86.ActiveCfg = Release|x86
		{6F067A3A-EDB1-4F81-BF8D-2C29CCF4DA62}.Release - Full|x86.Build.0 = Release|x86
		{6F067A3A-EDB1-4F81-BF8D-2C29CCF4DA62}.Release|Any CPU.ActiveCfg = Release|Any CPU
		{6F067A3A-EDB1-4F81-BF8D-2C29CCF4DA62}.Release|Any CPU.Build.0 = Release|Any CPU
		{6F067A3A-EDB1-4F81-BF8D-2C29CCF4DA62}.Release|Mixed Platforms.ActiveCfg = Release|x86
		{6F067A3A-EDB1-4F81-BF8D-2C29CCF4DA62}.Release|Mixed Platforms.Build.0 = Release|x86
		{6F067A3A-EDB1-4F81-BF8D-2C29CCF4DA62}.Release|Win32.ActiveCfg = Release|Any CPU
		{6F067A3A-EDB1-4F81-BF8D-2C29CCF4DA62}.Release|x64.ActiveCfg = Release|Any CPU
		{6F067A3A-EDB1-4F81-BF8D-2C29CCF4DA62}.Release|x86.ActiveCfg = Release|x86
		{6F067A3A-EDB1-4F81-BF8D-2C29CCF4DA62}.Release|x86.Build.0 = Release|x86
		{AA613619-0AC5-4F85-A2F8-EACDE7E04406}.Debug|Any CPU.ActiveCfg = Debug|Any CPU
		{AA613619-0AC5-4F85-A2F8-EACDE7E04406}.Debug|Any CPU.Build.0 = Debug|Any CPU
		{AA613619-0AC5-4F85-A2F8-EACDE7E04406}.Debug|Mixed Platforms.ActiveCfg = Debug|x86
		{AA613619-0AC5-4F85-A2F8-EACDE7E04406}.Debug|Mixed Platforms.Build.0 = Debug|x86
		{AA613619-0AC5-4F85-A2F8-EACDE7E04406}.Debug|Win32.ActiveCfg = Debug|Any CPU
		{AA613619-0AC5-4F85-A2F8-EACDE7E04406}.Debug|x64.ActiveCfg = Debug|Any CPU
		{AA613619-0AC5-4F85-A2F8-EACDE7E04406}.Debug|x86.ActiveCfg = Debug|x86
		{AA613619-0AC5-4F85-A2F8-EACDE7E04406}.Debug|x86.Build.0 = Debug|x86
		{AA613619-0AC5-4F85-A2F8-EACDE7E04406}.Release - Full|Any CPU.ActiveCfg = Release|Any CPU
		{AA613619-0AC5-4F85-A2F8-EACDE7E04406}.Release - Full|Any CPU.Build.0 = Release|Any CPU
		{AA613619-0AC5-4F85-A2F8-EACDE7E04406}.Release - Full|Mixed Platforms.ActiveCfg = Release|Any CPU
		{AA613619-0AC5-4F85-A2F8-EACDE7E04406}.Release - Full|Mixed Platforms.Build.0 = Release|Any CPU
		{AA613619-0AC5-4F85-A2F8-EACDE7E04406}.Release - Full|Win32.ActiveCfg = Release|Any CPU
		{AA613619-0AC5-4F85-A2F8-EACDE7E04406}.Release - Full|x64.ActiveCfg = Release|Any CPU
		{AA613619-0AC5-4F85-A2F8-EACDE7E04406}.Release - Full|x86.ActiveCfg = Release|x86
		{AA613619-0AC5-4F85-A2F8-EACDE7E04406}.Release - Full|x86.Build.0 = Release|x86
		{AA613619-0AC5-4F85-A2F8-EACDE7E04406}.Release|Any CPU.ActiveCfg = Release|Any CPU
		{AA613619-0AC5-4F85-A2F8-EACDE7E04406}.Release|Any CPU.Build.0 = Release|Any CPU
		{AA613619-0AC5-4F85-A2F8-EACDE7E04406}.Release|Mixed Platforms.ActiveCfg = Release|x86
		{AA613619-0AC5-4F85-A2F8-EACDE7E04406}.Release|Mixed Platforms.Build.0 = Release|x86
		{AA613619-0AC5-4F85-A2F8-EACDE7E04406}.Release|Win32.ActiveCfg = Release|Any CPU
		{AA613619-0AC5-4F85-A2F8-EACDE7E04406}.Release|x64.ActiveCfg = Release|Any CPU
		{AA613619-0AC5-4F85-A2F8-EACDE7E04406}.Release|x86.ActiveCfg = Release|x86
		{AA613619-0AC5-4F85-A2F8-EACDE7E04406}.Release|x86.Build.0 = Release|x86
		{8540E99D-499E-4CFA-BC8C-5EF6F2C7F28D}.Debug|Any CPU.ActiveCfg = Debug|Any CPU
		{8540E99D-499E-4CFA-BC8C-5EF6F2C7F28D}.Debug|Any CPU.Build.0 = Debug|Any CPU
		{8540E99D-499E-4CFA-BC8C-5EF6F2C7F28D}.Debug|Mixed Platforms.ActiveCfg = Debug|x86
		{8540E99D-499E-4CFA-BC8C-5EF6F2C7F28D}.Debug|Mixed Platforms.Build.0 = Debug|x86
		{8540E99D-499E-4CFA-BC8C-5EF6F2C7F28D}.Debug|Win32.ActiveCfg = Debug|Any CPU
		{8540E99D-499E-4CFA-BC8C-5EF6F2C7F28D}.Debug|x64.ActiveCfg = Debug|Any CPU
		{8540E99D-499E-4CFA-BC8C-5EF6F2C7F28D}.Debug|x86.ActiveCfg = Debug|x86
		{8540E99D-499E-4CFA-BC8C-5EF6F2C7F28D}.Debug|x86.Build.0 = Debug|x86
		{8540E99D-499E-4CFA-BC8C-5EF6F2C7F28D}.Release - Full|Any CPU.ActiveCfg = Release|Any CPU
		{8540E99D-499E-4CFA-BC8C-5EF6F2C7F28D}.Release - Full|Any CPU.Build.0 = Release|Any CPU
		{8540E99D-499E-4CFA-BC8C-5EF6F2C7F28D}.Release - Full|Mixed Platforms.ActiveCfg = Release|Any CPU
		{8540E99D-499E-4CFA-BC8C-5EF6F2C7F28D}.Release - Full|Mixed Platforms.Build.0 = Release|Any CPU
		{8540E99D-499E-4CFA-BC8C-5EF6F2C7F28D}.Release - Full|Win32.ActiveCfg = Release|Any CPU
		{8540E99D-499E-4CFA-BC8C-5EF6F2C7F28D}.Release - Full|x64.ActiveCfg = Release|Any CPU
		{8540E99D-499E-4CFA-BC8C-5EF6F2C7F28D}.Release - Full|x86.ActiveCfg = Release|x86
		{8540E99D-499E-4CFA-BC8C-5EF6F2C7F28D}.Release - Full|x86.Build.0 = Release|x86
		{8540E99D-499E-4CFA-BC8C-5EF6F2C7F28D}.Release|Any CPU.ActiveCfg = Release|Any CPU
		{8540E99D-499E-4CFA-BC8C-5EF6F2C7F28D}.Release|Any CPU.Build.0 = Release|Any CPU
		{8540E99D-499E-4CFA-BC8C-5EF6F2C7F28D}.Release|Mixed Platforms.ActiveCfg = Release|x86
		{8540E99D-499E-4CFA-BC8C-5EF6F2C7F28D}.Release|Mixed Platforms.Build.0 = Release|x86
		{8540E99D-499E-4CFA-BC8C-5EF6F2C7F28D}.Release|Win32.ActiveCfg = Release|Any CPU
		{8540E99D-499E-4CFA-BC8C-5EF6F2C7F28D}.Release|x64.ActiveCfg = Release|Any CPU
		{8540E99D-499E-4CFA-BC8C-5EF6F2C7F28D}.Release|x86.ActiveCfg = Release|x86
		{8540E99D-499E-4CFA-BC8C-5EF6F2C7F28D}.Release|x86.Build.0 = Release|x86
		{DB093FA2-8843-4E11-B0A3-17AB97F61644}.Debug|Any CPU.ActiveCfg = Debug|Win32
		{DB093FA2-8843-4E11-B0A3-17AB97F61644}.Debug|Mixed Platforms.ActiveCfg = Debug|Win32
		{DB093FA2-8843-4E11-B0A3-17AB97F61644}.Debug|Mixed Platforms.Build.0 = Debug|Win32
		{DB093FA2-8843-4E11-B0A3-17AB97F61644}.Debug|Win32.ActiveCfg = Debug|Win32
		{DB093FA2-8843-4E11-B0A3-17AB97F61644}.Debug|Win32.Build.0 = Debug|Win32
		{DB093FA2-8843-4E11-B0A3-17AB97F61644}.Debug|x64.ActiveCfg = Debug|Win32
		{DB093FA2-8843-4E11-B0A3-17AB97F61644}.Debug|x86.ActiveCfg = Debug|Win32
		{DB093FA2-8843-4E11-B0A3-17AB97F61644}.Release - Full|Any CPU.ActiveCfg = Release|Win32
		{DB093FA2-8843-4E11-B0A3-17AB97F61644}.Release - Full|Mixed Platforms.ActiveCfg = Release|Win32
		{DB093FA2-8843-4E11-B0A3-17AB97F61644}.Release - Full|Mixed Platforms.Build.0 = Release|Win32
		{DB093FA2-8843-4E11-B0A3-17AB97F61644}.Release - Full|Win32.ActiveCfg = Release|Win32
		{DB093FA2-8843-4E11-B0A3-17AB97F61644}.Release - Full|Win32.Build.0 = Release|Win32
		{DB093FA2-8843-4E11-B0A3-17AB97F61644}.Release - Full|x64.ActiveCfg = Release|Win32
		{DB093FA2-8843-4E11-B0A3-17AB97F61644}.Release - Full|x86.ActiveCfg = Release|Win32
		{DB093FA2-8843-4E11-B0A3-17AB97F61644}.Release|Any CPU.ActiveCfg = Release|Win32
		{DB093FA2-8843-4E11-B0A3-17AB97F61644}.Release|Mixed Platforms.ActiveCfg = Release|Win32
		{DB093FA2-8843-4E11-B0A3-17AB97F61644}.Release|Mixed Platforms.Build.0 = Release|Win32
		{DB093FA2-8843-4E11-B0A3-17AB97F61644}.Release|Win32.ActiveCfg = Release|Win32
		{DB093FA2-8843-4E11-B0A3-17AB97F61644}.Release|Win32.Build.0 = Release|Win32
		{DB093FA2-8843-4E11-B0A3-17AB97F61644}.Release|x64.ActiveCfg = Release|Win32
		{DB093FA2-8843-4E11-B0A3-17AB97F61644}.Release|x86.ActiveCfg = Release|Win32
		{53E27E3F-DA60-4E65-A378-BB6CE8260A30}.Debug|Any CPU.ActiveCfg = Debug|x86
		{53E27E3F-DA60-4E65-A378-BB6CE8260A30}.Debug|Mixed Platforms.ActiveCfg = Debug|x86
		{53E27E3F-DA60-4E65-A378-BB6CE8260A30}.Debug|Mixed Platforms.Build.0 = Debug|x86
		{53E27E3F-DA60-4E65-A378-BB6CE8260A30}.Debug|Win32.ActiveCfg = Debug|x86
		{53E27E3F-DA60-4E65-A378-BB6CE8260A30}.Debug|x64.ActiveCfg = Debug|x86
		{53E27E3F-DA60-4E65-A378-BB6CE8260A30}.Debug|x86.ActiveCfg = Debug|x86
		{53E27E3F-DA60-4E65-A378-BB6CE8260A30}.Debug|x86.Build.0 = Debug|x86
		{53E27E3F-DA60-4E65-A378-BB6CE8260A30}.Release - Full|Any CPU.ActiveCfg = Release|x86
		{53E27E3F-DA60-4E65-A378-BB6CE8260A30}.Release - Full|Mixed Platforms.ActiveCfg = Release|x86
		{53E27E3F-DA60-4E65-A378-BB6CE8260A30}.Release - Full|Mixed Platforms.Build.0 = Release|x86
		{53E27E3F-DA60-4E65-A378-BB6CE8260A30}.Release - Full|Win32.ActiveCfg = Release|x86
		{53E27E3F-DA60-4E65-A378-BB6CE8260A30}.Release - Full|x64.ActiveCfg = Release|x86
		{53E27E3F-DA60-4E65-A378-BB6CE8260A30}.Release - Full|x86.ActiveCfg = Release|x86
		{53E27E3F-DA60-4E65-A378-BB6CE8260A30}.Release - Full|x86.Build.0 = Release|x86
		{53E27E3F-DA60-4E65-A378-BB6CE8260A30}.Release|Any CPU.ActiveCfg = Release|x86
		{53E27E3F-DA60-4E65-A378-BB6CE8260A30}.Release|Mixed Platforms.ActiveCfg = Release|x86
		{53E27E3F-DA60-4E65-A378-BB6CE8260A30}.Release|Mixed Platforms.Build.0 = Release|x86
		{53E27E3F-DA60-4E65-A378-BB6CE8260A30}.Release|Win32.ActiveCfg = Release|x86
		{53E27E3F-DA60-4E65-A378-BB6CE8260A30}.Release|x64.ActiveCfg = Release|x86
		{53E27E3F-DA60-4E65-A378-BB6CE8260A30}.Release|x86.ActiveCfg = Release|x86
		{53E27E3F-DA60-4E65-A378-BB6CE8260A30}.Release|x86.Build.0 = Release|x86
	EndGlobalSection
	GlobalSection(SolutionProperties) = preSolution
		HideSolutionNode = FALSE
	EndGlobalSection
EndGlobal
