
Microsoft Visual Studio Solution File, Format Version 10.00
# Visual Studio 2008
Project("{FAE04EC0-301F-11D3-BF4B-00C04F79EFBC}") = "TransportTestService", "TransportTestService\TransportTestService.csproj", "{5A862C2E-2F57-4171-8A8B-8E5920279CAC}"
EndProject
Global
	GlobalSection(TeamFoundationVersionControl) = preSolution
		SccNumberOfProjects = 2
		SccEnterpriseProvider = {4CA58AB2-18FA-4F8D-95D4-32DDF27D184C}
		SccTeamFoundationServer = http://nov-tfs02:8080/tfs/DefaultCollection
		SccLocalPath0 = .
		SccProjectUniqueName1 = TransportTestService\\TransportTestService.csproj
		SccProjectName1 = TransportTestService
		SccLocalPath1 = TransportTestService
	EndGlobalSection
	GlobalSection(SolutionConfigurationPlatforms) = preSolution
		Debug|Any CPU = Debug|Any CPU
		Release|Any CPU = Release|Any CPU
	EndGlobalSection
	GlobalSection(ProjectConfigurationPlatforms) = postSolution
		{5A862C2E-2F57-4171-8A8B-8E5920279CAC}.Debug|Any CPU.ActiveCfg = Debug|Any CPU
		{5A862C2E-2F57-4171-8A8B-8E5920279CAC}.Debug|Any CPU.Build.0 = Debug|Any CPU
		{5A862C2E-2F57-4171-8A8B-8E5920279CAC}.Release|Any CPU.ActiveCfg = Release|Any CPU
		{5A862C2E-2F57-4171-8A8B-8E5920279CAC}.Release|Any CPU.Build.0 = Release|Any CPU
	EndGlobalSection
	GlobalSection(SolutionProperties) = preSolution
		HideSolutionNode = FALSE
	EndGlobalSection
EndGlobal
