
Microsoft Visual Studio Solution File, Format Version 10.00
# Visual Studio 2008
Project("{FAE04EC0-301F-11D3-BF4B-00C04F79EFBC}") = "ONVIF_GUI", "ONVIF_Tester\ONVIF_GUI.csproj", "{64672466-DB1E-48F6-8FD9-71A4A2D2DCD1}"
EndProject
Project("{FAE04EC0-301F-11D3-BF4B-00C04F79EFBC}") = "ONVIF_TestSummary", "ONVIF_TestSummary\ONVIF_TestSummary.csproj", "{3BC74D41-2E03-4D1A-913B-A3589B138505}"
EndProject
Project("{FAE04EC0-301F-11D3-BF4B-00C04F79EFBC}") = "ONVIF_NetworkInterface", "ONVIF_NetworkInterface\ONVIF_NetworkInterface.csproj", "{B9AFD0CA-C542-425C-905E-0637D95ED8DF}"
EndProject
Project("{FAE04EC0-301F-11D3-BF4B-00C04F79EFBC}") = "OnvifStreamerControl", "OnvifStreamerControl\OnvifStreamerControl.csproj", "{CE963E2C-30DE-4835-BDBE-70EF7DAF6696}"
EndProject
Project("{FAE04EC0-301F-11D3-BF4B-00C04F79EFBC}") = "ONVIF_TestCases", "ONVIF_TestCases\ONVIF_TestCases.csproj", "{380A2005-286F-4E6A-9549-67384B457A6D}"
	ProjectSection(ProjectDependencies) = postProject
		{CE963E2C-30DE-4835-BDBE-70EF7DAF6696} = {CE963E2C-30DE-4835-BDBE-70EF7DAF6696}
	EndProjectSection
EndProject
Project("{FAE04EC0-301F-11D3-BF4B-00C04F79EFBC}") = "ONVIF_Viewer", "ONVIF_Viewer\ONVIF_Viewer.csproj", "{6DC92D28-CEBA-44D3-B69C-5A49DC6D354E}"
EndProject
Global
	GlobalSection(SolutionConfigurationPlatforms) = preSolution
		Debug|Any CPU = Debug|Any CPU
		Release|Any CPU = Release|Any CPU
	EndGlobalSection
	GlobalSection(ProjectConfigurationPlatforms) = postSolution
		{64672466-DB1E-48F6-8FD9-71A4A2D2DCD1}.Debug|Any CPU.ActiveCfg = Debug|Any CPU
		{64672466-DB1E-48F6-8FD9-71A4A2D2DCD1}.Debug|Any CPU.Build.0 = Debug|Any CPU
		{64672466-DB1E-48F6-8FD9-71A4A2D2DCD1}.Release|Any CPU.ActiveCfg = Release|Any CPU
		{64672466-DB1E-48F6-8FD9-71A4A2D2DCD1}.Release|Any CPU.Build.0 = Release|Any CPU
		{3BC74D41-2E03-4D1A-913B-A3589B138505}.Debug|Any CPU.ActiveCfg = Debug|Any CPU
		{3BC74D41-2E03-4D1A-913B-A3589B138505}.Debug|Any CPU.Build.0 = Debug|Any CPU
		{3BC74D41-2E03-4D1A-913B-A3589B138505}.Release|Any CPU.ActiveCfg = Release|Any CPU
		{3BC74D41-2E03-4D1A-913B-A3589B138505}.Release|Any CPU.Build.0 = Release|Any CPU
		{B9AFD0CA-C542-425C-905E-0637D95ED8DF}.Debug|Any CPU.ActiveCfg = Debug|Any CPU
		{B9AFD0CA-C542-425C-905E-0637D95ED8DF}.Debug|Any CPU.Build.0 = Debug|Any CPU
		{B9AFD0CA-C542-425C-905E-0637D95ED8DF}.Release|Any CPU.ActiveCfg = Release|Any CPU
		{B9AFD0CA-C542-425C-905E-0637D95ED8DF}.Release|Any CPU.Build.0 = Release|Any CPU
		{CE963E2C-30DE-4835-BDBE-70EF7DAF6696}.Debug|Any CPU.ActiveCfg = Debug|Any CPU
		{CE963E2C-30DE-4835-BDBE-70EF7DAF6696}.Debug|Any CPU.Build.0 = Debug|Any CPU
		{CE963E2C-30DE-4835-BDBE-70EF7DAF6696}.Release|Any CPU.ActiveCfg = Release|Any CPU
		{CE963E2C-30DE-4835-BDBE-70EF7DAF6696}.Release|Any CPU.Build.0 = Release|Any CPU
		{380A2005-286F-4E6A-9549-67384B457A6D}.Debug|Any CPU.ActiveCfg = Debug|Any CPU
		{380A2005-286F-4E6A-9549-67384B457A6D}.Debug|Any CPU.Build.0 = Debug|Any CPU
		{380A2005-286F-4E6A-9549-67384B457A6D}.Release|Any CPU.ActiveCfg = Release|Any CPU
		{380A2005-286F-4E6A-9549-67384B457A6D}.Release|Any CPU.Build.0 = Release|Any CPU
		{6DC92D28-CEBA-44D3-B69C-5A49DC6D354E}.Debug|Any CPU.ActiveCfg = Debug|Any CPU
		{6DC92D28-CEBA-44D3-B69C-5A49DC6D354E}.Debug|Any CPU.Build.0 = Debug|Any CPU
		{6DC92D28-CEBA-44D3-B69C-5A49DC6D354E}.Release|Any CPU.ActiveCfg = Release|Any CPU
		{6DC92D28-CEBA-44D3-B69C-5A49DC6D354E}.Release|Any CPU.Build.0 = Release|Any CPU
	EndGlobalSection
	GlobalSection(SolutionProperties) = preSolution
		HideSolutionNode = FALSE
	EndGlobalSection
EndGlobal
