
Microsoft Visual Studio Solution File, Format Version 9.00
# Visual Studio 2005
Project("{8BC9CEB8-8B4A-11D0-8D11-00A0C91BC942}") = "PushSource", "PushSource.vcproj", "{39469123-3EB7-45F3-A15B-3854DFD2C2EB}"
	ProjectSection(ProjectDependencies) = postProject
		{7885F4C0-973A-42A2-AA41-EFF0D45BDC14} = {7885F4C0-973A-42A2-AA41-EFF0D45BDC14}
		{E8A3F6FA-AE1C-4C8E-A0B6-9C8480324EAA} = {E8A3F6FA-AE1C-4C8E-A0B6-9C8480324EAA}
	EndProjectSection
EndProject
Project("{8BC9CEB8-8B4A-11D0-8D11-00A0C91BC942}") = "live", "..\..\Version2\External\live\build\live.vcproj", "{7885F4C0-973A-42A2-AA41-EFF0D45BDC14}"
EndProject
Project("{8BC9CEB8-8B4A-11D0-8D11-00A0C91BC942}") = "BaseClasses", "..\..\..\..\Program Files\Microsoft SDKs\Windows\v6.1\Samples\Multimedia\DirectShow\BaseClasses\baseclasses.vcproj", "{E8A3F6FA-AE1C-4C8E-A0B6-9C8480324EAA}"
EndProject
Project("{8BC9CEB8-8B4A-11D0-8D11-00A0C91BC942}") = "pulllive", "pulllive.vcproj", "{901BC1D5-1165-418E-98AB-C63E8417C896}"
	ProjectSection(ProjectDependencies) = postProject
		{E8A3F6FA-AE1C-4C8E-A0B6-9C8480324EAA} = {E8A3F6FA-AE1C-4C8E-A0B6-9C8480324EAA}
		{7885F4C0-973A-42A2-AA41-EFF0D45BDC14} = {7885F4C0-973A-42A2-AA41-EFF0D45BDC14}
	EndProjectSection
EndProject
Project("{8BC9CEB8-8B4A-11D0-8D11-00A0C91BC942}") = "openRTSP", "openRTSP.vcproj", "{81076A11-483E-433B-B89C-8552CDEC03F3}"
	ProjectSection(ProjectDependencies) = postProject
		{7885F4C0-973A-42A2-AA41-EFF0D45BDC14} = {7885F4C0-973A-42A2-AA41-EFF0D45BDC14}
	EndProjectSection
EndProject
Global
	GlobalSection(SolutionConfigurationPlatforms) = preSolution
		Debug_MBCS|Win32 = Debug_MBCS|Win32
		Debug_MBCS|x64 = Debug_MBCS|x64
		Debug|Win32 = Debug|Win32
		Debug|x64 = Debug|x64
		Release_MBCS|Win32 = Release_MBCS|Win32
		Release_MBCS|x64 = Release_MBCS|x64
		Release|Win32 = Release|Win32
		Release|x64 = Release|x64
	EndGlobalSection
	GlobalSection(ProjectConfigurationPlatforms) = postSolution
		{39469123-3EB7-45F3-A15B-3854DFD2C2EB}.Debug_MBCS|Win32.ActiveCfg = Debug|x64
		{39469123-3EB7-45F3-A15B-3854DFD2C2EB}.Debug_MBCS|x64.ActiveCfg = Debug|x64
		{39469123-3EB7-45F3-A15B-3854DFD2C2EB}.Debug_MBCS|x64.Build.0 = Debug|x64
		{39469123-3EB7-45F3-A15B-3854DFD2C2EB}.Debug|Win32.ActiveCfg = Debug|Win32
		{39469123-3EB7-45F3-A15B-3854DFD2C2EB}.Debug|Win32.Build.0 = Debug|Win32
		{39469123-3EB7-45F3-A15B-3854DFD2C2EB}.Debug|x64.ActiveCfg = Debug|x64
		{39469123-3EB7-45F3-A15B-3854DFD2C2EB}.Debug|x64.Build.0 = Debug|x64
		{39469123-3EB7-45F3-A15B-3854DFD2C2EB}.Release_MBCS|Win32.ActiveCfg = Release|x64
		{39469123-3EB7-45F3-A15B-3854DFD2C2EB}.Release_MBCS|x64.ActiveCfg = Release|x64
		{39469123-3EB7-45F3-A15B-3854DFD2C2EB}.Release_MBCS|x64.Build.0 = Release|x64
		{39469123-3EB7-45F3-A15B-3854DFD2C2EB}.Release|Win32.ActiveCfg = Release|Win32
		{39469123-3EB7-45F3-A15B-3854DFD2C2EB}.Release|Win32.Build.0 = Release|Win32
		{39469123-3EB7-45F3-A15B-3854DFD2C2EB}.Release|x64.ActiveCfg = Release|x64
		{39469123-3EB7-45F3-A15B-3854DFD2C2EB}.Release|x64.Build.0 = Release|x64
		{7885F4C0-973A-42A2-AA41-EFF0D45BDC14}.Debug_MBCS|Win32.ActiveCfg = Debug|Win32
		{7885F4C0-973A-42A2-AA41-EFF0D45BDC14}.Debug_MBCS|Win32.Build.0 = Debug|Win32
		{7885F4C0-973A-42A2-AA41-EFF0D45BDC14}.Debug_MBCS|x64.ActiveCfg = Debug|Win32
		{7885F4C0-973A-42A2-AA41-EFF0D45BDC14}.Debug|Win32.ActiveCfg = Debug|Win32
		{7885F4C0-973A-42A2-AA41-EFF0D45BDC14}.Debug|Win32.Build.0 = Debug|Win32
		{7885F4C0-973A-42A2-AA41-EFF0D45BDC14}.Debug|x64.ActiveCfg = Debug|Win32
		{7885F4C0-973A-42A2-AA41-EFF0D45BDC14}.Release_MBCS|Win32.ActiveCfg = Release|Win32
		{7885F4C0-973A-42A2-AA41-EFF0D45BDC14}.Release_MBCS|Win32.Build.0 = Release|Win32
		{7885F4C0-973A-42A2-AA41-EFF0D45BDC14}.Release_MBCS|x64.ActiveCfg = Release|Win32
		{7885F4C0-973A-42A2-AA41-EFF0D45BDC14}.Release|Win32.ActiveCfg = Release|Win32
		{7885F4C0-973A-42A2-AA41-EFF0D45BDC14}.Release|Win32.Build.0 = Release|Win32
		{7885F4C0-973A-42A2-AA41-EFF0D45BDC14}.Release|x64.ActiveCfg = Release|Win32
		{E8A3F6FA-AE1C-4C8E-A0B6-9C8480324EAA}.Debug_MBCS|Win32.ActiveCfg = Debug_MBCS|Win32
		{E8A3F6FA-AE1C-4C8E-A0B6-9C8480324EAA}.Debug_MBCS|Win32.Build.0 = Debug_MBCS|Win32
		{E8A3F6FA-AE1C-4C8E-A0B6-9C8480324EAA}.Debug_MBCS|x64.ActiveCfg = Debug_MBCS|x64
		{E8A3F6FA-AE1C-4C8E-A0B6-9C8480324EAA}.Debug_MBCS|x64.Build.0 = Debug_MBCS|x64
		{E8A3F6FA-AE1C-4C8E-A0B6-9C8480324EAA}.Debug|Win32.ActiveCfg = Debug|Win32
		{E8A3F6FA-AE1C-4C8E-A0B6-9C8480324EAA}.Debug|Win32.Build.0 = Debug|Win32
		{E8A3F6FA-AE1C-4C8E-A0B6-9C8480324EAA}.Debug|x64.ActiveCfg = Debug|x64
		{E8A3F6FA-AE1C-4C8E-A0B6-9C8480324EAA}.Debug|x64.Build.0 = Debug|x64
		{E8A3F6FA-AE1C-4C8E-A0B6-9C8480324EAA}.Release_MBCS|Win32.ActiveCfg = Release_MBCS|Win32
		{E8A3F6FA-AE1C-4C8E-A0B6-9C8480324EAA}.Release_MBCS|Win32.Build.0 = Release_MBCS|Win32
		{E8A3F6FA-AE1C-4C8E-A0B6-9C8480324EAA}.Release_MBCS|x64.ActiveCfg = Release_MBCS|x64
		{E8A3F6FA-AE1C-4C8E-A0B6-9C8480324EAA}.Release_MBCS|x64.Build.0 = Release_MBCS|x64
		{E8A3F6FA-AE1C-4C8E-A0B6-9C8480324EAA}.Release|Win32.ActiveCfg = Release|Win32
		{E8A3F6FA-AE1C-4C8E-A0B6-9C8480324EAA}.Release|Win32.Build.0 = Release|Win32
		{E8A3F6FA-AE1C-4C8E-A0B6-9C8480324EAA}.Release|x64.ActiveCfg = Release|x64
		{E8A3F6FA-AE1C-4C8E-A0B6-9C8480324EAA}.Release|x64.Build.0 = Release|x64
		{901BC1D5-1165-418E-98AB-C63E8417C896}.Debug_MBCS|Win32.ActiveCfg = Debug|Win32
		{901BC1D5-1165-418E-98AB-C63E8417C896}.Debug_MBCS|Win32.Build.0 = Debug|Win32
		{901BC1D5-1165-418E-98AB-C63E8417C896}.Debug_MBCS|x64.ActiveCfg = Debug|Win32
		{901BC1D5-1165-418E-98AB-C63E8417C896}.Debug|Win32.ActiveCfg = Debug|Win32
		{901BC1D5-1165-418E-98AB-C63E8417C896}.Debug|x64.ActiveCfg = Debug|Win32
		{901BC1D5-1165-418E-98AB-C63E8417C896}.Release_MBCS|Win32.ActiveCfg = Release|Win32
		{901BC1D5-1165-418E-98AB-C63E8417C896}.Release_MBCS|Win32.Build.0 = Release|Win32
		{901BC1D5-1165-418E-98AB-C63E8417C896}.Release_MBCS|x64.ActiveCfg = Release|Win32
		{901BC1D5-1165-418E-98AB-C63E8417C896}.Release|Win32.ActiveCfg = Release|Win32
		{901BC1D5-1165-418E-98AB-C63E8417C896}.Release|x64.ActiveCfg = Release|Win32
		{81076A11-483E-433B-B89C-8552CDEC03F3}.Debug_MBCS|Win32.ActiveCfg = Debug|Win32
		{81076A11-483E-433B-B89C-8552CDEC03F3}.Debug_MBCS|Win32.Build.0 = Debug|Win32
		{81076A11-483E-433B-B89C-8552CDEC03F3}.Debug_MBCS|x64.ActiveCfg = Debug|Win32
		{81076A11-483E-433B-B89C-8552CDEC03F3}.Debug|Win32.ActiveCfg = Debug|Win32
		{81076A11-483E-433B-B89C-8552CDEC03F3}.Debug|x64.ActiveCfg = Debug|Win32
		{81076A11-483E-433B-B89C-8552CDEC03F3}.Release_MBCS|Win32.ActiveCfg = Release|Win32
		{81076A11-483E-433B-B89C-8552CDEC03F3}.Release_MBCS|Win32.Build.0 = Release|Win32
		{81076A11-483E-433B-B89C-8552CDEC03F3}.Release_MBCS|x64.ActiveCfg = Release|Win32
		{81076A11-483E-433B-B89C-8552CDEC03F3}.Release|Win32.ActiveCfg = Release|Win32
		{81076A11-483E-433B-B89C-8552CDEC03F3}.Release|x64.ActiveCfg = Release|Win32
	EndGlobalSection
	GlobalSection(SolutionProperties) = preSolution
		HideSolutionNode = FALSE
	EndGlobalSection
EndGlobal
