
Microsoft Visual Studio Solution File, Format Version 9.00
# Visual Studio 2005
Project("{FAE04EC0-301F-11D3-BF4B-00C04F79EFBC}") = "OnvifStreamerControl", "OnvifStreamerControl.csproj", "{CE963E2C-30DE-4835-BDBE-70EF7DAF6696}"
EndProject
Global
	GlobalSection(SolutionConfigurationPlatforms) = preSolution
		Debug|Any CPU = Debug|Any CPU
		Release|Any CPU = Release|Any CPU
	EndGlobalSection
	GlobalSection(ProjectConfigurationPlatforms) = postSolution
		{CE963E2C-30DE-4835-BDBE-70EF7DAF6696}.Debug|Any CPU.ActiveCfg = Debug|Any CPU
		{CE963E2C-30DE-4835-BDBE-70EF7DAF6696}.Debug|Any CPU.Build.0 = Debug|Any CPU
		{CE963E2C-30DE-4835-BDBE-70EF7DAF6696}.Release|Any CPU.ActiveCfg = Release|Any CPU
		{CE963E2C-30DE-4835-BDBE-70EF7DAF6696}.Release|Any CPU.Build.0 = Release|Any CPU
	EndGlobalSection
	GlobalSection(SolutionProperties) = preSolution
		HideSolutionNode = FALSE
	EndGlobalSection
EndGlobal
