
Microsoft Visual Studio Solution File, Format Version 12.00
# Visual Studio 2012
Project("{FAE04EC0-301F-11D3-BF4B-00C04F79EFBC}") = "CTTAutoResultsToXlsx", "autotestLogsToXlsx\CTTAutoResultsToXlsx.csproj", "{19FBE391-1C47-425A-A9FB-A7051C9B17EB}"
EndProject
Project("{2150E333-8FDC-42A3-9474-1A3956D46DE8}") = ".nuget", ".nuget", "{9C02BC6E-CD8E-4B51-8BEA-31BA5CFFB096}"
	ProjectSection(SolutionItems) = preProject
		.nuget\NuGet.Config = .nuget\NuGet.Config
		.nuget\NuGet.exe = .nuget\NuGet.exe
		.nuget\NuGet.targets = .nuget\NuGet.targets
	EndProjectSection
EndProject
Global
	GlobalSection(TeamFoundationVersionControl) = preSolution
		SccNumberOfProjects = 2
		SccEnterpriseProvider = {4CA58AB2-18FA-4F8D-95D4-32DDF27D184C}
		SccTeamFoundationServer = http://nov-tfs04:8080/tfs/defaultcollection
		SccLocalPath0 = .
		SccProjectUniqueName1 = autotestLogsToXlsx\\CTTAutoResultsToXlsx.csproj
		SccProjectName1 = autotestLogsToXlsx
		SccLocalPath1 = autotestLogsToXlsx
	EndGlobalSection
	GlobalSection(SolutionConfigurationPlatforms) = preSolution
		Debug|Any CPU = Debug|Any CPU
		Release|Any CPU = Release|Any CPU
	EndGlobalSection
	GlobalSection(ProjectConfigurationPlatforms) = postSolution
		{19FBE391-1C47-425A-A9FB-A7051C9B17EB}.Debug|Any CPU.ActiveCfg = Debug|Any CPU
		{19FBE391-1C47-425A-A9FB-A7051C9B17EB}.Debug|Any CPU.Build.0 = Debug|Any CPU
		{19FBE391-1C47-425A-A9FB-A7051C9B17EB}.Release|Any CPU.ActiveCfg = Release|Any CPU
		{19FBE391-1C47-425A-A9FB-A7051C9B17EB}.Release|Any CPU.Build.0 = Release|Any CPU
	EndGlobalSection
	GlobalSection(SolutionProperties) = preSolution
		HideSolutionNode = FALSE
	EndGlobalSection
EndGlobal
