
Microsoft Visual Studio Solution File, Format Version 12.00
# Visual Studio 2012
Project("{2150E333-8FDC-42A3-9474-1A3956D46DE8}") = "Test Suits", "Test Suits", "{55D8F520-FC3E-496D-86C9-84E2458E9BBF}"
	ProjectSection(SolutionItems) = preProject
		TS_Events\TS_Events.csproj = TS_Events\TS_Events.csproj
	EndProjectSection
EndProject
Project("{FAE04EC0-301F-11D3-BF4B-00C04F79EFBC}") = "DUT.WebService", "CameraWebService\DUT.WebService.csproj", "{42C8341B-69A3-4F73-B64A-732315465ACC}"
EndProject
Project("{FAE04EC0-301F-11D3-BF4B-00C04F79EFBC}") = "DUT.TestSuites", "TestSuites\DUT.TestSuites.csproj", "{A3FF692C-EEF0-48C5-BE59-8D19CFBD56E7}"
EndProject
Project("{FAE04EC0-301F-11D3-BF4B-00C04F79EFBC}") = "TS_AccessControl", "TS_AccessControl\TS_AccessControl.csproj", "{9FD750FB-E91D-4C99-B716-32FB88C78F2C}"
EndProject
Project("{FAE04EC0-301F-11D3-BF4B-00C04F79EFBC}") = "TS_Imaging", "TS_Imaging\TS_Imaging.csproj", "{F581912C-8791-41EE-BED3-92C5B77B0F81}"
EndProject
Project("{FAE04EC0-301F-11D3-BF4B-00C04F79EFBC}") = "TS_Events", "TS_Events\TS_Events.csproj", "{913809E5-CDE7-4E39-9DCA-BB12F9CBF3E9}"
EndProject
Project("{FAE04EC0-301F-11D3-BF4B-00C04F79EFBC}") = "TS_RTSS", "TS_RTSS\TS_RTSS.csproj", "{A16B91DA-1148-4003-86E6-078EAD1EC266}"
EndProject
Project("{FAE04EC0-301F-11D3-BF4B-00C04F79EFBC}") = "TS_DoorControl", "TS_DoorControl\TS_DoorControl.csproj", "{4C641958-383C-4FF0-841E-B8B40D4D1A0F}"
EndProject
Project("{FAE04EC0-301F-11D3-BF4B-00C04F79EFBC}") = "TS_Profiles", "TS_Profiles\TS_Profiles.csproj", "{A0CD17B4-C5E9-4861-A42E-2447C2C59A77}"
EndProject
Project("{FAE04EC0-301F-11D3-BF4B-00C04F79EFBC}") = "TS_AdvancedSecurity", "TS_AdvancedSecurity\TS_AdvancedSecurity.csproj", "{1DAE2DDD-2F9B-4A76-B037-3D235FAFD2DA}"
EndProject
Project("{FAE04EC0-301F-11D3-BF4B-00C04F79EFBC}") = "TS_DeviceManagement", "TS_DeviceManagement\TS_DeviceManagement.csproj", "{3F0F4360-F624-4A75-A37A-B6CE84EF9F52}"
EndProject
Project("{FAE04EC0-301F-11D3-BF4B-00C04F79EFBC}") = "TS_Features", "TS_Features\TS_Features.csproj", "{046B019D-2A79-4883-916D-1B0B8B9453DC}"
EndProject
Project("{FAE04EC0-301F-11D3-BF4B-00C04F79EFBC}") = "TS_PTZ", "TS_PTZ\TS_PTZ.csproj", "{CC066286-4331-4439-BFDE-3706FA57A548}"
EndProject
Project("{FAE04EC0-301F-11D3-BF4B-00C04F79EFBC}") = "TS_RecordingControl", "TS_RecordingControl\TS_RecordingControl.csproj", "{A863A761-F3B1-45C4-9597-2E2B2AFB6177}"
EndProject
Project("{FAE04EC0-301F-11D3-BF4B-00C04F79EFBC}") = "TS_Search", "TS_Search\TS_Search.csproj", "{CB05315A-039D-4B55-A6B7-60F82F6DC9A6}"
EndProject
Project("{FAE04EC0-301F-11D3-BF4B-00C04F79EFBC}") = "SmartAuthMod", "..\..\Samples\WebServiceFake\CameraWebService\SmartAuthMod\SmartAuthMod.csproj", "{9873EE5A-245B-4B18-912C-90551D8086EF}"
EndProject
Project("{FAE04EC0-301F-11D3-BF4B-00C04F79EFBC}") = "TS_MediaConfiguration", "TS_MediaConfiguration\TS_MediaConfiguration.csproj", "{7CC31244-99D3-404A-AB7F-F11CB67392BA}"
EndProject
Project("{FAE04EC0-301F-11D3-BF4B-00C04F79EFBC}") = "TS_ServiceScripts", "TS_ServiceScripts\TS_ServiceScripts.csproj", "{55E2702F-10A3-4A37-8297-1B45D2749903}"
EndProject
Project("{FAE04EC0-301F-11D3-BF4B-00C04F79EFBC}") = "TS_QuickInstall", "TS_QuickInstall\TS_QuickInstall.csproj", "{A25B3651-70E6-47E0-89F5-003B246AE969}"
EndProject
Project("{FAE04EC0-301F-11D3-BF4B-00C04F79EFBC}") = "TS_AccessRules", "TS_AccessRules\TS_AccessRules.csproj", "{101BE25F-88C0-4E69-BDDF-84AA7D12F0C4}"
EndProject
Project("{FAE04EC0-301F-11D3-BF4B-00C04F79EFBC}") = "TS_Credential", "TS_Credential\TS_Credential.csproj", "{1F408B75-228D-4681-81A4-AE927CF0E248}"
EndProject
Project("{FAE04EC0-301F-11D3-BF4B-00C04F79EFBC}") = "TS_Schedules", "TS_Schedules\TS_Schedules.csproj", "{2200644C-5593-4D8A-94C7-0342E0F16951}"
EndProject
Project("{FAE04EC0-301F-11D3-BF4B-00C04F79EFBC}") = "TS_IPConfig", "TS_IPConfig\TS_IPConfig.csproj", "{FC8BAD74-B383-46C5-ADDB-E88103B65D04}"
EndProject
Project("{FAE04EC0-301F-11D3-BF4B-00C04F79EFBC}") = "TS_FW", "TS_FW\TS_FW.csproj", "{0372BA09-D835-46D8-A345-F287E21C122F}"
EndProject
Project("{FAE04EC0-301F-11D3-BF4B-00C04F79EFBC}") = "TS_ClientTT", "TS_ClientTT\TS_ClientTT.csproj", "{1F539D96-3033-45EF-A265-DDC95126CEF3}"
EndProject
Project("{FAE04EC0-301F-11D3-BF4B-00C04F79EFBC}") = "DUT.WithLogic", "DUT.WithLogic\DUT.WithLogic.csproj", "{E6E830D2-C6DF-416B-AE14-FD292C11836F}"
EndProject
Project("{FAE04EC0-301F-11D3-BF4B-00C04F79EFBC}") = "TS_Media2Configuration", "TS_Media2Configuration\TS_Media2Configuration.csproj", "{2B0F65D6-50CD-4431-90E1-757A81A12253}"
EndProject
Project("{FAE04EC0-301F-11D3-BF4B-00C04F79EFBC}") = "TS_Replay", "TS_Replay\TS_Replay.csproj", "{9EA1485A-F751-4C70-A9E5-4ED01B55C95A}"
EndProject
Project("{FAE04EC0-301F-11D3-BF4B-00C04F79EFBC}") = "TS_CompactMode", "TS_CompactMode\TS_CompactMode.csproj", "{00BE8D5D-1C5F-4524-AB72-978F7E865224}"
EndProject
Project("{FAE04EC0-301F-11D3-BF4B-00C04F79EFBC}") = "TS_DeviceIO", "TS_DeviceIO\TS_DeviceIO.csproj", "{A899760E-3C37-44A0-A86A-8C1AF0FD3242}"
EndProject
Project("{FAE04EC0-301F-11D3-BF4B-00C04F79EFBC}") = "TS_PTZUsingMedia2", "TS_PTZUsingMedia2\TS_PTZUsingMedia2.csproj", "{A8973C80-71F2-47BF-8A8F-8A3D7622B5A7}"
EndProject
Project("{FAE04EC0-301F-11D3-BF4B-00C04F79EFBC}") = "TS_RTSS_Media2", "TS_RTSS_Media2\TS_RTSS_Media2.csproj", "{0F52D934-4711-47AC-9CC9-4029222EF9B0}"
EndProject
Project("{FAE04EC0-301F-11D3-BF4B-00C04F79EFBC}") = "TS_Analytics", "TS_Analytics\TS_Analytics.csproj", "{B02C24B3-C8D2-4444-9C86-ACE296B41286}"
EndProject
Project("{FAE04EC0-301F-11D3-BF4B-00C04F79EFBC}") = "TS_Thermal", "TS_Thermal\TS_Thermal.csproj", "{8AD4EEEF-4BCC-42D3-841E-6AB2B441DB6F}"
EndProject
Global
	GlobalSection(TeamFoundationVersionControl) = preSolution
		SccNumberOfProjects = 34
		SccEnterpriseProvider = {4CA58AB2-18FA-4F8D-95D4-32DDF27D184C}
		SccTeamFoundationServer = http://nov-tfs05:8080/tfs/defaultcollection
		SccLocalPath0 = .
		SccProjectUniqueName1 = CameraWebService\\DUT.WebService.csproj
		SccProjectName1 = CameraWebService
		SccLocalPath1 = CameraWebService
		SccProjectUniqueName2 = TestSuites\\DUT.TestSuites.csproj
		SccProjectName2 = TestSuites
		SccLocalPath2 = TestSuites
		SccProjectUniqueName3 = TS_AccessControl\\TS_AccessControl.csproj
		SccProjectTopLevelParentUniqueName3 = DUT.sln
		SccProjectName3 = TS_AccessControl
		SccLocalPath3 = TS_AccessControl
		SccProjectUniqueName4 = TS_Imaging\\TS_Imaging.csproj
		SccProjectTopLevelParentUniqueName4 = DUT.sln
		SccProjectName4 = TS_Imaging
		SccLocalPath4 = TS_Imaging
		SccProjectUniqueName5 = TS_Events\\TS_Events.csproj
		SccProjectTopLevelParentUniqueName5 = DUT.sln
		SccProjectName5 = TS_Events
		SccLocalPath5 = TS_Events
		SccProjectUniqueName6 = TS_RTSS\\TS_RTSS.csproj
		SccProjectTopLevelParentUniqueName6 = DUT.sln
		SccProjectName6 = TS_RTSS
		SccLocalPath6 = TS_RTSS
		SccProjectUniqueName7 = TS_DoorControl\\TS_DoorControl.csproj
		SccProjectTopLevelParentUniqueName7 = DUT.sln
		SccProjectName7 = TS_DoorControl
		SccLocalPath7 = TS_DoorControl
		SccProjectUniqueName8 = TS_Profiles\\TS_Profiles.csproj
		SccProjectTopLevelParentUniqueName8 = DUT.sln
		SccProjectName8 = TS_Profiles
		SccLocalPath8 = TS_Profiles
		SccProjectUniqueName9 = TS_AdvancedSecurity\\TS_AdvancedSecurity.csproj
		SccProjectTopLevelParentUniqueName9 = DUT.sln
		SccProjectName9 = TS_AdvancedSecurity
		SccLocalPath9 = TS_AdvancedSecurity
		SccProjectUniqueName10 = TS_DeviceManagement\\TS_DeviceManagement.csproj
		SccProjectTopLevelParentUniqueName10 = DUT.sln
		SccProjectName10 = TS_DeviceManagement
		SccLocalPath10 = TS_DeviceManagement
		SccProjectUniqueName11 = TS_Features\\TS_Features.csproj
		SccProjectTopLevelParentUniqueName11 = DUT.sln
		SccProjectName11 = TS_Features
		SccLocalPath11 = TS_Features
		SccProjectUniqueName12 = TS_PTZ\\TS_PTZ.csproj
		SccProjectTopLevelParentUniqueName12 = DUT.sln
		SccProjectName12 = TS_PTZ
		SccLocalPath12 = TS_PTZ
		SccProjectUniqueName13 = TS_RecordingControl\\TS_RecordingControl.csproj
		SccProjectTopLevelParentUniqueName13 = DUT.sln
		SccProjectName13 = TS_RecordingControl
		SccLocalPath13 = TS_RecordingControl
		SccProjectUniqueName14 = TS_Search\\TS_Search.csproj
		SccProjectTopLevelParentUniqueName14 = DUT.sln
		SccProjectName14 = TS_Search
		SccLocalPath14 = TS_Search
		SccProjectUniqueName15 = ..\\..\\Samples\\WebServiceFake\\CameraWebService\\SmartAuthMod\\SmartAuthMod.csproj
		SccProjectName15 = ../../Samples/WebServiceFake/CameraWebService/SmartAuthMod
		SccLocalPath15 = ..\\..\\Samples\\WebServiceFake\\CameraWebService\\SmartAuthMod
		SccProjectUniqueName16 = TS_MediaConfiguration\\TS_MediaConfiguration.csproj
		SccProjectTopLevelParentUniqueName16 = DUT.sln
		SccProjectName16 = TS_MediaConfiguration
		SccLocalPath16 = TS_MediaConfiguration
		SccProjectUniqueName17 = TS_ServiceScripts\\TS_ServiceScripts.csproj
		SccProjectTopLevelParentUniqueName17 = DUT.sln
		SccProjectName17 = TS_ServiceScripts
		SccLocalPath17 = TS_ServiceScripts
		SccProjectUniqueName18 = TS_QuickInstall\\TS_QuickInstall.csproj
		SccProjectTopLevelParentUniqueName18 = DUT.sln
		SccProjectName18 = TS_QuickInstall
		SccLocalPath18 = TS_QuickInstall
		SccProjectUniqueName19 = TS_AccessRules\\TS_AccessRules.csproj
		SccProjectTopLevelParentUniqueName19 = DUT.sln
		SccProjectName19 = TS_AccessRules
		SccLocalPath19 = TS_AccessRules
		SccProjectUniqueName20 = TS_Credential\\TS_Credential.csproj
		SccProjectTopLevelParentUniqueName20 = DUT.sln
		SccProjectName20 = TS_Credential
		SccLocalPath20 = TS_Credential
		SccProjectUniqueName21 = TS_Schedules\\TS_Schedules.csproj
		SccProjectTopLevelParentUniqueName21 = DUT.sln
		SccProjectName21 = TS_Schedules
		SccLocalPath21 = TS_Schedules
		SccProjectUniqueName22 = TS_IPConfig\\TS_IPConfig.csproj
		SccProjectTopLevelParentUniqueName22 = DUT.sln
		SccProjectName22 = TS_IPConfig
		SccLocalPath22 = TS_IPConfig
		SccProjectUniqueName23 = TS_FW\\TS_FW.csproj
		SccProjectTopLevelParentUniqueName23 = DUT.sln
		SccProjectName23 = TS_FW
		SccLocalPath23 = TS_FW
		SccProjectUniqueName24 = TS_ClientTT\\TS_ClientTT.csproj
		SccProjectTopLevelParentUniqueName24 = DUT.sln
		SccProjectName24 = TS_ClientTT
		SccLocalPath24 = TS_ClientTT
		SccProjectUniqueName25 = DUT.WithLogic\\DUT.WithLogic.csproj
		SccProjectName25 = DUT.WithLogic
		SccLocalPath25 = DUT.WithLogic
		SccProjectUniqueName26 = TS_Media2Configuration\\TS_Media2Configuration.csproj
		SccProjectTopLevelParentUniqueName26 = DUT.sln
		SccProjectName26 = TS_Media2Configuration
		SccLocalPath26 = TS_Media2Configuration
		SccProjectUniqueName27 = TS_Replay\\TS_Replay.csproj
		SccProjectTopLevelParentUniqueName27 = DUT.sln
		SccProjectName27 = TS_Replay
		SccLocalPath27 = TS_Replay
		SccProjectUniqueName28 = TS_CompactMode\\TS_CompactMode.csproj
		SccProjectTopLevelParentUniqueName28 = DUT.sln
		SccProjectName28 = TS_CompactMode
		SccLocalPath28 = TS_CompactMode
		SccProjectUniqueName29 = TS_DeviceIO\\TS_DeviceIO.csproj
		SccProjectTopLevelParentUniqueName29 = DUT.sln
		SccProjectName29 = TS_DeviceIO
		SccLocalPath29 = TS_DeviceIO
		SccProjectUniqueName30 = TS_PTZUsingMedia2\\TS_PTZUsingMedia2.csproj
		SccProjectTopLevelParentUniqueName30 = DUT.sln
		SccProjectName30 = TS_PTZUsingMedia2
		SccLocalPath30 = TS_PTZUsingMedia2
		SccProjectUniqueName31 = TS_RTSS_Media2\\TS_RTSS_Media2.csproj
		SccProjectTopLevelParentUniqueName31 = DUT.sln
		SccProjectName31 = TS_RTSS_Media2
		SccLocalPath31 = TS_RTSS_Media2
		SccProjectUniqueName32 = TS_Analytics\\TS_Analytics.csproj
		SccProjectTopLevelParentUniqueName32 = DUT.sln
		SccProjectName32 = TS_Analytics
		SccLocalPath32 = TS_Analytics
		SccProjectUniqueName33 = TS_Thermal\\TS_Thermal.csproj
		SccProjectTopLevelParentUniqueName33 = DUT.sln
		SccProjectName33 = TS_Thermal
		SccLocalPath33 = TS_Thermal
	EndGlobalSection
	GlobalSection(SolutionConfigurationPlatforms) = preSolution
		Debug|Any CPU = Debug|Any CPU
		Release|Any CPU = Release|Any CPU
	EndGlobalSection
	GlobalSection(ProjectConfigurationPlatforms) = postSolution
		{42C8341B-69A3-4F73-B64A-732315465ACC}.Debug|Any CPU.ActiveCfg = Debug|Any CPU
		{42C8341B-69A3-4F73-B64A-732315465ACC}.Debug|Any CPU.Build.0 = Debug|Any CPU
		{42C8341B-69A3-4F73-B64A-732315465ACC}.Release|Any CPU.ActiveCfg = Release|Any CPU
		{42C8341B-69A3-4F73-B64A-732315465ACC}.Release|Any CPU.Build.0 = Release|Any CPU
		{A3FF692C-EEF0-48C5-BE59-8D19CFBD56E7}.Debug|Any CPU.ActiveCfg = Debug|Any CPU
		{A3FF692C-EEF0-48C5-BE59-8D19CFBD56E7}.Debug|Any CPU.Build.0 = Debug|Any CPU
		{A3FF692C-EEF0-48C5-BE59-8D19CFBD56E7}.Release|Any CPU.ActiveCfg = Release|Any CPU
		{A3FF692C-EEF0-48C5-BE59-8D19CFBD56E7}.Release|Any CPU.Build.0 = Release|Any CPU
		{9FD750FB-E91D-4C99-B716-32FB88C78F2C}.Debug|Any CPU.ActiveCfg = Debug|Any CPU
		{9FD750FB-E91D-4C99-B716-32FB88C78F2C}.Debug|Any CPU.Build.0 = Debug|Any CPU
		{9FD750FB-E91D-4C99-B716-32FB88C78F2C}.Release|Any CPU.ActiveCfg = Release|Any CPU
		{9FD750FB-E91D-4C99-B716-32FB88C78F2C}.Release|Any CPU.Build.0 = Release|Any CPU
		{F581912C-8791-41EE-BED3-92C5B77B0F81}.Debug|Any CPU.ActiveCfg = Debug|Any CPU
		{F581912C-8791-41EE-BED3-92C5B77B0F81}.Debug|Any CPU.Build.0 = Debug|Any CPU
		{F581912C-8791-41EE-BED3-92C5B77B0F81}.Release|Any CPU.ActiveCfg = Release|Any CPU
		{F581912C-8791-41EE-BED3-92C5B77B0F81}.Release|Any CPU.Build.0 = Release|Any CPU
		{913809E5-CDE7-4E39-9DCA-BB12F9CBF3E9}.Debug|Any CPU.ActiveCfg = Debug|Any CPU
		{913809E5-CDE7-4E39-9DCA-BB12F9CBF3E9}.Debug|Any CPU.Build.0 = Debug|Any CPU
		{913809E5-CDE7-4E39-9DCA-BB12F9CBF3E9}.Release|Any CPU.ActiveCfg = Release|Any CPU
		{913809E5-CDE7-4E39-9DCA-BB12F9CBF3E9}.Release|Any CPU.Build.0 = Release|Any CPU
		{A16B91DA-1148-4003-86E6-078EAD1EC266}.Debug|Any CPU.ActiveCfg = Debug|Any CPU
		{A16B91DA-1148-4003-86E6-078EAD1EC266}.Debug|Any CPU.Build.0 = Debug|Any CPU
		{A16B91DA-1148-4003-86E6-078EAD1EC266}.Release|Any CPU.ActiveCfg = Release|Any CPU
		{A16B91DA-1148-4003-86E6-078EAD1EC266}.Release|Any CPU.Build.0 = Release|Any CPU
		{4C641958-383C-4FF0-841E-B8B40D4D1A0F}.Debug|Any CPU.ActiveCfg = Debug|Any CPU
		{4C641958-383C-4FF0-841E-B8B40D4D1A0F}.Debug|Any CPU.Build.0 = Debug|Any CPU
		{4C641958-383C-4FF0-841E-B8B40D4D1A0F}.Release|Any CPU.ActiveCfg = Release|Any CPU
		{4C641958-383C-4FF0-841E-B8B40D4D1A0F}.Release|Any CPU.Build.0 = Release|Any CPU
		{A0CD17B4-C5E9-4861-A42E-2447C2C59A77}.Debug|Any CPU.ActiveCfg = Debug|Any CPU
		{A0CD17B4-C5E9-4861-A42E-2447C2C59A77}.Debug|Any CPU.Build.0 = Debug|Any CPU
		{A0CD17B4-C5E9-4861-A42E-2447C2C59A77}.Release|Any CPU.ActiveCfg = Release|Any CPU
		{A0CD17B4-C5E9-4861-A42E-2447C2C59A77}.Release|Any CPU.Build.0 = Release|Any CPU
		{1DAE2DDD-2F9B-4A76-B037-3D235FAFD2DA}.Debug|Any CPU.ActiveCfg = Debug|Any CPU
		{1DAE2DDD-2F9B-4A76-B037-3D235FAFD2DA}.Debug|Any CPU.Build.0 = Debug|Any CPU
		{1DAE2DDD-2F9B-4A76-B037-3D235FAFD2DA}.Release|Any CPU.ActiveCfg = Release|Any CPU
		{1DAE2DDD-2F9B-4A76-B037-3D235FAFD2DA}.Release|Any CPU.Build.0 = Release|Any CPU
		{3F0F4360-F624-4A75-A37A-B6CE84EF9F52}.Debug|Any CPU.ActiveCfg = Debug|Any CPU
		{3F0F4360-F624-4A75-A37A-B6CE84EF9F52}.Debug|Any CPU.Build.0 = Debug|Any CPU
		{3F0F4360-F624-4A75-A37A-B6CE84EF9F52}.Release|Any CPU.ActiveCfg = Release|Any CPU
		{3F0F4360-F624-4A75-A37A-B6CE84EF9F52}.Release|Any CPU.Build.0 = Release|Any CPU
		{046B019D-2A79-4883-916D-1B0B8B9453DC}.Debug|Any CPU.ActiveCfg = Debug|Any CPU
		{046B019D-2A79-4883-916D-1B0B8B9453DC}.Debug|Any CPU.Build.0 = Debug|Any CPU
		{046B019D-2A79-4883-916D-1B0B8B9453DC}.Release|Any CPU.ActiveCfg = Release|Any CPU
		{046B019D-2A79-4883-916D-1B0B8B9453DC}.Release|Any CPU.Build.0 = Release|Any CPU
		{CC066286-4331-4439-BFDE-3706FA57A548}.Debug|Any CPU.ActiveCfg = Debug|Any CPU
		{CC066286-4331-4439-BFDE-3706FA57A548}.Debug|Any CPU.Build.0 = Debug|Any CPU
		{CC066286-4331-4439-BFDE-3706FA57A548}.Release|Any CPU.ActiveCfg = Release|Any CPU
		{CC066286-4331-4439-BFDE-3706FA57A548}.Release|Any CPU.Build.0 = Release|Any CPU
		{A863A761-F3B1-45C4-9597-2E2B2AFB6177}.Debug|Any CPU.ActiveCfg = Debug|Any CPU
		{A863A761-F3B1-45C4-9597-2E2B2AFB6177}.Debug|Any CPU.Build.0 = Debug|Any CPU
		{A863A761-F3B1-45C4-9597-2E2B2AFB6177}.Release|Any CPU.ActiveCfg = Release|Any CPU
		{A863A761-F3B1-45C4-9597-2E2B2AFB6177}.Release|Any CPU.Build.0 = Release|Any CPU
		{CB05315A-039D-4B55-A6B7-60F82F6DC9A6}.Debug|Any CPU.ActiveCfg = Debug|Any CPU
		{CB05315A-039D-4B55-A6B7-60F82F6DC9A6}.Debug|Any CPU.Build.0 = Debug|Any CPU
		{CB05315A-039D-4B55-A6B7-60F82F6DC9A6}.Release|Any CPU.ActiveCfg = Release|Any CPU
		{CB05315A-039D-4B55-A6B7-60F82F6DC9A6}.Release|Any CPU.Build.0 = Release|Any CPU
		{9873EE5A-245B-4B18-912C-90551D8086EF}.Debug|Any CPU.ActiveCfg = Debug|Any CPU
		{9873EE5A-245B-4B18-912C-90551D8086EF}.Debug|Any CPU.Build.0 = Debug|Any CPU
		{9873EE5A-245B-4B18-912C-90551D8086EF}.Release|Any CPU.ActiveCfg = Release|Any CPU
		{9873EE5A-245B-4B18-912C-90551D8086EF}.Release|Any CPU.Build.0 = Release|Any CPU
		{7CC31244-99D3-404A-AB7F-F11CB67392BA}.Debug|Any CPU.ActiveCfg = Debug|Any CPU
		{7CC31244-99D3-404A-AB7F-F11CB67392BA}.Debug|Any CPU.Build.0 = Debug|Any CPU
		{7CC31244-99D3-404A-AB7F-F11CB67392BA}.Release|Any CPU.ActiveCfg = Release|Any CPU
		{7CC31244-99D3-404A-AB7F-F11CB67392BA}.Release|Any CPU.Build.0 = Release|Any CPU
		{55E2702F-10A3-4A37-8297-1B45D2749903}.Debug|Any CPU.ActiveCfg = Debug|Any CPU
		{55E2702F-10A3-4A37-8297-1B45D2749903}.Debug|Any CPU.Build.0 = Debug|Any CPU
		{55E2702F-10A3-4A37-8297-1B45D2749903}.Release|Any CPU.ActiveCfg = Release|Any CPU
		{55E2702F-10A3-4A37-8297-1B45D2749903}.Release|Any CPU.Build.0 = Release|Any CPU
		{A25B3651-70E6-47E0-89F5-003B246AE969}.Debug|Any CPU.ActiveCfg = Debug|Any CPU
		{A25B3651-70E6-47E0-89F5-003B246AE969}.Debug|Any CPU.Build.0 = Debug|Any CPU
		{A25B3651-70E6-47E0-89F5-003B246AE969}.Release|Any CPU.ActiveCfg = Release|Any CPU
		{A25B3651-70E6-47E0-89F5-003B246AE969}.Release|Any CPU.Build.0 = Release|Any CPU
		{101BE25F-88C0-4E69-BDDF-84AA7D12F0C4}.Debug|Any CPU.ActiveCfg = Debug|Any CPU
		{101BE25F-88C0-4E69-BDDF-84AA7D12F0C4}.Debug|Any CPU.Build.0 = Debug|Any CPU
		{101BE25F-88C0-4E69-BDDF-84AA7D12F0C4}.Release|Any CPU.ActiveCfg = Release|Any CPU
		{101BE25F-88C0-4E69-BDDF-84AA7D12F0C4}.Release|Any CPU.Build.0 = Release|Any CPU
		{1F408B75-228D-4681-81A4-AE927CF0E248}.Debug|Any CPU.ActiveCfg = Debug|Any CPU
		{1F408B75-228D-4681-81A4-AE927CF0E248}.Debug|Any CPU.Build.0 = Debug|Any CPU
		{1F408B75-228D-4681-81A4-AE927CF0E248}.Release|Any CPU.ActiveCfg = Release|Any CPU
		{1F408B75-228D-4681-81A4-AE927CF0E248}.Release|Any CPU.Build.0 = Release|Any CPU
		{2200644C-5593-4D8A-94C7-0342E0F16951}.Debug|Any CPU.ActiveCfg = Debug|Any CPU
		{2200644C-5593-4D8A-94C7-0342E0F16951}.Debug|Any CPU.Build.0 = Debug|Any CPU
		{2200644C-5593-4D8A-94C7-0342E0F16951}.Release|Any CPU.ActiveCfg = Release|Any CPU
		{2200644C-5593-4D8A-94C7-0342E0F16951}.Release|Any CPU.Build.0 = Release|Any CPU
		{FC8BAD74-B383-46C5-ADDB-E88103B65D04}.Debug|Any CPU.ActiveCfg = Debug|Any CPU
		{FC8BAD74-B383-46C5-ADDB-E88103B65D04}.Debug|Any CPU.Build.0 = Debug|Any CPU
		{FC8BAD74-B383-46C5-ADDB-E88103B65D04}.Release|Any CPU.ActiveCfg = Release|Any CPU
		{FC8BAD74-B383-46C5-ADDB-E88103B65D04}.Release|Any CPU.Build.0 = Release|Any CPU
		{0372BA09-D835-46D8-A345-F287E21C122F}.Debug|Any CPU.ActiveCfg = Debug|Any CPU
		{0372BA09-D835-46D8-A345-F287E21C122F}.Debug|Any CPU.Build.0 = Debug|Any CPU
		{0372BA09-D835-46D8-A345-F287E21C122F}.Release|Any CPU.ActiveCfg = Release|Any CPU
		{0372BA09-D835-46D8-A345-F287E21C122F}.Release|Any CPU.Build.0 = Release|Any CPU
		{1F539D96-3033-45EF-A265-DDC95126CEF3}.Debug|Any CPU.ActiveCfg = Debug|Any CPU
		{1F539D96-3033-45EF-A265-DDC95126CEF3}.Debug|Any CPU.Build.0 = Debug|Any CPU
		{1F539D96-3033-45EF-A265-DDC95126CEF3}.Release|Any CPU.ActiveCfg = Release|Any CPU
		{1F539D96-3033-45EF-A265-DDC95126CEF3}.Release|Any CPU.Build.0 = Release|Any CPU
		{E6E830D2-C6DF-416B-AE14-FD292C11836F}.Debug|Any CPU.ActiveCfg = Debug|Any CPU
		{E6E830D2-C6DF-416B-AE14-FD292C11836F}.Debug|Any CPU.Build.0 = Debug|Any CPU
		{E6E830D2-C6DF-416B-AE14-FD292C11836F}.Release|Any CPU.ActiveCfg = Release|Any CPU
		{E6E830D2-C6DF-416B-AE14-FD292C11836F}.Release|Any CPU.Build.0 = Release|Any CPU
		{2B0F65D6-50CD-4431-90E1-757A81A12253}.Debug|Any CPU.ActiveCfg = Debug|Any CPU
		{2B0F65D6-50CD-4431-90E1-757A81A12253}.Debug|Any CPU.Build.0 = Debug|Any CPU
		{2B0F65D6-50CD-4431-90E1-757A81A12253}.Release|Any CPU.ActiveCfg = Release|Any CPU
		{2B0F65D6-50CD-4431-90E1-757A81A12253}.Release|Any CPU.Build.0 = Release|Any CPU
		{9EA1485A-F751-4C70-A9E5-4ED01B55C95A}.Debug|Any CPU.ActiveCfg = Debug|Any CPU
		{9EA1485A-F751-4C70-A9E5-4ED01B55C95A}.Debug|Any CPU.Build.0 = Debug|Any CPU
		{9EA1485A-F751-4C70-A9E5-4ED01B55C95A}.Release|Any CPU.ActiveCfg = Release|Any CPU
		{9EA1485A-F751-4C70-A9E5-4ED01B55C95A}.Release|Any CPU.Build.0 = Release|Any CPU
		{00BE8D5D-1C5F-4524-AB72-978F7E865224}.Debug|Any CPU.ActiveCfg = Debug|Any CPU
		{00BE8D5D-1C5F-4524-AB72-978F7E865224}.Debug|Any CPU.Build.0 = Debug|Any CPU
		{00BE8D5D-1C5F-4524-AB72-978F7E865224}.Release|Any CPU.ActiveCfg = Release|Any CPU
		{00BE8D5D-1C5F-4524-AB72-978F7E865224}.Release|Any CPU.Build.0 = Release|Any CPU
		{A899760E-3C37-44A0-A86A-8C1AF0FD3242}.Debug|Any CPU.ActiveCfg = Debug|Any CPU
		{A899760E-3C37-44A0-A86A-8C1AF0FD3242}.Debug|Any CPU.Build.0 = Debug|Any CPU
		{A899760E-3C37-44A0-A86A-8C1AF0FD3242}.Release|Any CPU.ActiveCfg = Release|Any CPU
		{A899760E-3C37-44A0-A86A-8C1AF0FD3242}.Release|Any CPU.Build.0 = Release|Any CPU
		{A8973C80-71F2-47BF-8A8F-8A3D7622B5A7}.Debug|Any CPU.ActiveCfg = Debug|Any CPU
		{A8973C80-71F2-47BF-8A8F-8A3D7622B5A7}.Debug|Any CPU.Build.0 = Debug|Any CPU
		{A8973C80-71F2-47BF-8A8F-8A3D7622B5A7}.Release|Any CPU.ActiveCfg = Release|Any CPU
		{A8973C80-71F2-47BF-8A8F-8A3D7622B5A7}.Release|Any CPU.Build.0 = Release|Any CPU
		{0F52D934-4711-47AC-9CC9-4029222EF9B0}.Debug|Any CPU.ActiveCfg = Debug|Any CPU
		{0F52D934-4711-47AC-9CC9-4029222EF9B0}.Debug|Any CPU.Build.0 = Debug|Any CPU
		{0F52D934-4711-47AC-9CC9-4029222EF9B0}.Release|Any CPU.ActiveCfg = Release|Any CPU
		{0F52D934-4711-47AC-9CC9-4029222EF9B0}.Release|Any CPU.Build.0 = Release|Any CPU
		{B02C24B3-C8D2-4444-9C86-ACE296B41286}.Debug|Any CPU.ActiveCfg = Debug|Any CPU
		{B02C24B3-C8D2-4444-9C86-ACE296B41286}.Debug|Any CPU.Build.0 = Debug|Any CPU
		{B02C24B3-C8D2-4444-9C86-ACE296B41286}.Release|Any CPU.ActiveCfg = Release|Any CPU
		{B02C24B3-C8D2-4444-9C86-ACE296B41286}.Release|Any CPU.Build.0 = Release|Any CPU
		{8AD4EEEF-4BCC-42D3-841E-6AB2B441DB6F}.Debug|Any CPU.ActiveCfg = Debug|Any CPU
		{8AD4EEEF-4BCC-42D3-841E-6AB2B441DB6F}.Debug|Any CPU.Build.0 = Debug|Any CPU
		{8AD4EEEF-4BCC-42D3-841E-6AB2B441DB6F}.Release|Any CPU.ActiveCfg = Release|Any CPU
		{8AD4EEEF-4BCC-42D3-841E-6AB2B441DB6F}.Release|Any CPU.Build.0 = Release|Any CPU
	EndGlobalSection
	GlobalSection(SolutionProperties) = preSolution
		HideSolutionNode = FALSE
	EndGlobalSection
	GlobalSection(NestedProjects) = preSolution
		{9FD750FB-E91D-4C99-B716-32FB88C78F2C} = {55D8F520-FC3E-496D-86C9-84E2458E9BBF}
		{F581912C-8791-41EE-BED3-92C5B77B0F81} = {55D8F520-FC3E-496D-86C9-84E2458E9BBF}
		{913809E5-CDE7-4E39-9DCA-BB12F9CBF3E9} = {55D8F520-FC3E-496D-86C9-84E2458E9BBF}
		{A16B91DA-1148-4003-86E6-078EAD1EC266} = {55D8F520-FC3E-496D-86C9-84E2458E9BBF}
		{4C641958-383C-4FF0-841E-B8B40D4D1A0F} = {55D8F520-FC3E-496D-86C9-84E2458E9BBF}
		{A0CD17B4-C5E9-4861-A42E-2447C2C59A77} = {55D8F520-FC3E-496D-86C9-84E2458E9BBF}
		{1DAE2DDD-2F9B-4A76-B037-3D235FAFD2DA} = {55D8F520-FC3E-496D-86C9-84E2458E9BBF}
		{3F0F4360-F624-4A75-A37A-B6CE84EF9F52} = {55D8F520-FC3E-496D-86C9-84E2458E9BBF}
		{046B019D-2A79-4883-916D-1B0B8B9453DC} = {55D8F520-FC3E-496D-86C9-84E2458E9BBF}
		{CC066286-4331-4439-BFDE-3706FA57A548} = {55D8F520-FC3E-496D-86C9-84E2458E9BBF}
		{A863A761-F3B1-45C4-9597-2E2B2AFB6177} = {55D8F520-FC3E-496D-86C9-84E2458E9BBF}
		{CB05315A-039D-4B55-A6B7-60F82F6DC9A6} = {55D8F520-FC3E-496D-86C9-84E2458E9BBF}
		{7CC31244-99D3-404A-AB7F-F11CB67392BA} = {55D8F520-FC3E-496D-86C9-84E2458E9BBF}
		{55E2702F-10A3-4A37-8297-1B45D2749903} = {55D8F520-FC3E-496D-86C9-84E2458E9BBF}
		{A25B3651-70E6-47E0-89F5-003B246AE969} = {55D8F520-FC3E-496D-86C9-84E2458E9BBF}
		{101BE25F-88C0-4E69-BDDF-84AA7D12F0C4} = {55D8F520-FC3E-496D-86C9-84E2458E9BBF}
		{1F408B75-228D-4681-81A4-AE927CF0E248} = {55D8F520-FC3E-496D-86C9-84E2458E9BBF}
		{2200644C-5593-4D8A-94C7-0342E0F16951} = {55D8F520-FC3E-496D-86C9-84E2458E9BBF}
		{FC8BAD74-B383-46C5-ADDB-E88103B65D04} = {55D8F520-FC3E-496D-86C9-84E2458E9BBF}
		{0372BA09-D835-46D8-A345-F287E21C122F} = {55D8F520-FC3E-496D-86C9-84E2458E9BBF}
		{1F539D96-3033-45EF-A265-DDC95126CEF3} = {55D8F520-FC3E-496D-86C9-84E2458E9BBF}
		{2B0F65D6-50CD-4431-90E1-757A81A12253} = {55D8F520-FC3E-496D-86C9-84E2458E9BBF}
		{9EA1485A-F751-4C70-A9E5-4ED01B55C95A} = {55D8F520-FC3E-496D-86C9-84E2458E9BBF}
		{00BE8D5D-1C5F-4524-AB72-978F7E865224} = {55D8F520-FC3E-496D-86C9-84E2458E9BBF}
		{A899760E-3C37-44A0-A86A-8C1AF0FD3242} = {55D8F520-FC3E-496D-86C9-84E2458E9BBF}
		{A8973C80-71F2-47BF-8A8F-8A3D7622B5A7} = {55D8F520-FC3E-496D-86C9-84E2458E9BBF}
		{0F52D934-4711-47AC-9CC9-4029222EF9B0} = {55D8F520-FC3E-496D-86C9-84E2458E9BBF}
		{B02C24B3-C8D2-4444-9C86-ACE296B41286} = {55D8F520-FC3E-496D-86C9-84E2458E9BBF}
		{8AD4EEEF-4BCC-42D3-841E-6AB2B441DB6F} = {55D8F520-FC3E-496D-86C9-84E2458E9BBF}
	EndGlobalSection
EndGlobal
