
Microsoft Visual Studio Solution File, Format Version 10.00
# Visual Studio 2008
Project("{FAE04EC0-301F-11D3-BF4B-00C04F79EFBC}") = "HttpClient", "HttpClient\HttpClient.csproj", "{BAE1E6FC-866B-47A8-96C6-BF62409E1B39}"
EndProject
Project("{FAE04EC0-301F-11D3-BF4B-00C04F79EFBC}") = "HttpTransport", "HttpTransport\HttpTransport.csproj", "{0E337FBA-8A54-4BDA-822F-0BB4015BE505}"
EndProject
Project("{FAE04EC0-301F-11D3-BF4B-00C04F79EFBC}") = "TestTool.HttpTransport", "TestTool.HttpTransport\TestTool.HttpTransport.csproj", "{093AF2D0-9FA6-4E1C-841C-661CE9DC5230}"
EndProject
Global
	GlobalSection(TeamFoundationVersionControl) = preSolution
		SccNumberOfProjects = 4
		SccEnterpriseProvider = {4CA58AB2-18FA-4F8D-95D4-32DDF27D184C}
		SccTeamFoundationServer = http://nov-tfs02:8080/tfs/defaultcollection
		SccLocalPath0 = .
		SccProjectUniqueName1 = HttpClient\\HttpClient.csproj
		SccProjectName1 = HttpClient
		SccLocalPath1 = HttpClient
		SccProjectUniqueName2 = HttpTransport\\HttpTransport.csproj
		SccProjectName2 = HttpTransport
		SccLocalPath2 = HttpTransport
		SccProjectUniqueName3 = TestTool.HttpTransport\\TestTool.HttpTransport.csproj
		SccProjectName3 = TestTool.HttpTransport
		SccLocalPath3 = TestTool.HttpTransport
	EndGlobalSection
	GlobalSection(SolutionConfigurationPlatforms) = preSolution
		Debug|Any CPU = Debug|Any CPU
		Release - all|Any CPU = Release - all|Any CPU
		Release - Full|Any CPU = Release - Full|Any CPU
		Release|Any CPU = Release|Any CPU
	EndGlobalSection
	GlobalSection(ProjectConfigurationPlatforms) = postSolution
		{BAE1E6FC-866B-47A8-96C6-BF62409E1B39}.Debug|Any CPU.ActiveCfg = Debug|Any CPU
		{BAE1E6FC-866B-47A8-96C6-BF62409E1B39}.Debug|Any CPU.Build.0 = Debug|Any CPU
		{BAE1E6FC-866B-47A8-96C6-BF62409E1B39}.Release - all|Any CPU.ActiveCfg = Release|Any CPU
		{BAE1E6FC-866B-47A8-96C6-BF62409E1B39}.Release - all|Any CPU.Build.0 = Release|Any CPU
		{BAE1E6FC-866B-47A8-96C6-BF62409E1B39}.Release - Full|Any CPU.ActiveCfg = Release|Any CPU
		{BAE1E6FC-866B-47A8-96C6-BF62409E1B39}.Release - Full|Any CPU.Build.0 = Release|Any CPU
		{BAE1E6FC-866B-47A8-96C6-BF62409E1B39}.Release|Any CPU.ActiveCfg = Release|Any CPU
		{BAE1E6FC-866B-47A8-96C6-BF62409E1B39}.Release|Any CPU.Build.0 = Release|Any CPU
		{0E337FBA-8A54-4BDA-822F-0BB4015BE505}.Debug|Any CPU.ActiveCfg = Debug|Any CPU
		{0E337FBA-8A54-4BDA-822F-0BB4015BE505}.Debug|Any CPU.Build.0 = Debug|Any CPU
		{0E337FBA-8A54-4BDA-822F-0BB4015BE505}.Release - all|Any CPU.ActiveCfg = Release|Any CPU
		{0E337FBA-8A54-4BDA-822F-0BB4015BE505}.Release - all|Any CPU.Build.0 = Release|Any CPU
		{0E337FBA-8A54-4BDA-822F-0BB4015BE505}.Release - Full|Any CPU.ActiveCfg = Release|Any CPU
		{0E337FBA-8A54-4BDA-822F-0BB4015BE505}.Release - Full|Any CPU.Build.0 = Release|Any CPU
		{0E337FBA-8A54-4BDA-822F-0BB4015BE505}.Release|Any CPU.ActiveCfg = Release|Any CPU
		{0E337FBA-8A54-4BDA-822F-0BB4015BE505}.Release|Any CPU.Build.0 = Release|Any CPU
		{093AF2D0-9FA6-4E1C-841C-661CE9DC5230}.Debug|Any CPU.ActiveCfg = Debug|Any CPU
		{093AF2D0-9FA6-4E1C-841C-661CE9DC5230}.Debug|Any CPU.Build.0 = Debug|Any CPU
		{093AF2D0-9FA6-4E1C-841C-661CE9DC5230}.Release - all|Any CPU.ActiveCfg = Release - all|Any CPU
		{093AF2D0-9FA6-4E1C-841C-661CE9DC5230}.Release - all|Any CPU.Build.0 = Release - all|Any CPU
		{093AF2D0-9FA6-4E1C-841C-661CE9DC5230}.Release - Full|Any CPU.ActiveCfg = Release - Full|Any CPU
		{093AF2D0-9FA6-4E1C-841C-661CE9DC5230}.Release - Full|Any CPU.Build.0 = Release - Full|Any CPU
		{093AF2D0-9FA6-4E1C-841C-661CE9DC5230}.Release|Any CPU.ActiveCfg = Release|Any CPU
		{093AF2D0-9FA6-4E1C-841C-661CE9DC5230}.Release|Any CPU.Build.0 = Release|Any CPU
	EndGlobalSection
	GlobalSection(SolutionProperties) = preSolution
		HideSolutionNode = FALSE
	EndGlobalSection
EndGlobal
