
Microsoft Visual Studio Solution File, Format Version 10.00
# Visual Studio 2008
Project("{FAE04EC0-301F-11D3-BF4B-00C04F79EFBC}") = "FakeClient", "FakeClient.csproj", "{ADC7D776-BA70-4718-A245-A0F846C55CBF}"
EndProject
Global
	GlobalSection(TeamFoundationVersionControl) = preSolution
		SccNumberOfProjects = 2
		SccEnterpriseProvider = {4CA58AB2-18FA-4F8D-95D4-32DDF27D184C}
		SccTeamFoundationServer = http://spb-tfs01:8080/
		SccLocalPath0 = .
		SccProjectUniqueName1 = FakeClient.csproj
		SccLocalPath1 = .
	EndGlobalSection
	GlobalSection(SolutionConfigurationPlatforms) = preSolution
		Debug|Any CPU = Debug|Any CPU
		Release|Any CPU = Release|Any CPU
	EndGlobalSection
	GlobalSection(ProjectConfigurationPlatforms) = postSolution
		{ADC7D776-BA70-4718-A245-A0F846C55CBF}.Debug|Any CPU.ActiveCfg = Debug|Any CPU
		{ADC7D776-BA70-4718-A245-A0F846C55CBF}.Debug|Any CPU.Build.0 = Debug|Any CPU
		{ADC7D776-BA70-4718-A245-A0F846C55CBF}.Release|Any CPU.ActiveCfg = Release|Any CPU
		{ADC7D776-BA70-4718-A245-A0F846C55CBF}.Release|Any CPU.Build.0 = Release|Any CPU
	EndGlobalSection
	GlobalSection(SolutionProperties) = preSolution
		HideSolutionNode = FALSE
	EndGlobalSection
EndGlobal
