
Microsoft Visual Studio Solution File, Format Version 10.00
# Visual Studio 2008
Project("{FAE04EC0-301F-11D3-BF4B-00C04F79EFBC}") = "HttpServer", "HttpServer.csproj", "{55EB4474-EE5B-4C2F-837B-CDC02DA60018}"
EndProject
Project("{FAE04EC0-301F-11D3-BF4B-00C04F79EFBC}") = "TestTool.Tests.Common", "..\..\Version2\TestTool\TestTool.Tests.Common\TestTool.Tests.Common.csproj", "{A15808FF-153A-484A-8A61-AFB0F25CE8D5}"
EndProject
Project("{FAE04EC0-301F-11D3-BF4B-00C04F79EFBC}") = "TestTool.Proxies", "..\..\Version2\TestTool\TestTool.Tests.Proxies\TestTool.Proxies.csproj", "{DF7B7F6B-0A32-4F38-BCAC-AF7813AF934E}"
EndProject
Global
	GlobalSection(TeamFoundationVersionControl) = preSolution
		SccNumberOfProjects = 4
		SccEnterpriseProvider = {4CA58AB2-18FA-4F8D-95D4-32DDF27D184C}
		SccTeamFoundationServer = http://spb-tfs01:8080/
		SccLocalPath0 = .
		SccProjectUniqueName1 = HttpServer.csproj
		SccLocalPath1 = .
		SccProjectUniqueName2 = ..\\..\\Version2\\TestTool\\TestTool.Tests.Common\\TestTool.Tests.Common.csproj
		SccProjectName2 = ../../Version2/TestTool/TestTool.Tests.Common
		SccLocalPath2 = ..\\..\\Version2\\TestTool\\TestTool.Tests.Common
		SccProjectUniqueName3 = ..\\..\\Version2\\TestTool\\TestTool.Tests.Proxies\\TestTool.Proxies.csproj
		SccProjectName3 = ../../Version2/TestTool/TestTool.Tests.Proxies
		SccLocalPath3 = ..\\..\\Version2\\TestTool\\TestTool.Tests.Proxies
	EndGlobalSection
	GlobalSection(SolutionConfigurationPlatforms) = preSolution
		Debug|Any CPU = Debug|Any CPU
		Release - all|Any CPU = Release - all|Any CPU
		Release - Full|Any CPU = Release - Full|Any CPU
		Release|Any CPU = Release|Any CPU
	EndGlobalSection
	GlobalSection(ProjectConfigurationPlatforms) = postSolution
		{55EB4474-EE5B-4C2F-837B-CDC02DA60018}.Debug|Any CPU.ActiveCfg = Debug|Any CPU
		{55EB4474-EE5B-4C2F-837B-CDC02DA60018}.Debug|Any CPU.Build.0 = Debug|Any CPU
		{55EB4474-EE5B-4C2F-837B-CDC02DA60018}.Release - all|Any CPU.ActiveCfg = Release|Any CPU
		{55EB4474-EE5B-4C2F-837B-CDC02DA60018}.Release - all|Any CPU.Build.0 = Release|Any CPU
		{55EB4474-EE5B-4C2F-837B-CDC02DA60018}.Release - Full|Any CPU.ActiveCfg = Release|Any CPU
		{55EB4474-EE5B-4C2F-837B-CDC02DA60018}.Release - Full|Any CPU.Build.0 = Release|Any CPU
		{55EB4474-EE5B-4C2F-837B-CDC02DA60018}.Release|Any CPU.ActiveCfg = Release|Any CPU
		{55EB4474-EE5B-4C2F-837B-CDC02DA60018}.Release|Any CPU.Build.0 = Release|Any CPU
		{A15808FF-153A-484A-8A61-AFB0F25CE8D5}.Debug|Any CPU.ActiveCfg = Debug|Any CPU
		{A15808FF-153A-484A-8A61-AFB0F25CE8D5}.Debug|Any CPU.Build.0 = Debug|Any CPU
		{A15808FF-153A-484A-8A61-AFB0F25CE8D5}.Release - all|Any CPU.ActiveCfg = Release - all|Any CPU
		{A15808FF-153A-484A-8A61-AFB0F25CE8D5}.Release - all|Any CPU.Build.0 = Release - all|Any CPU
		{A15808FF-153A-484A-8A61-AFB0F25CE8D5}.Release - Full|Any CPU.ActiveCfg = Release - Full|Any CPU
		{A15808FF-153A-484A-8A61-AFB0F25CE8D5}.Release - Full|Any CPU.Build.0 = Release - Full|Any CPU
		{A15808FF-153A-484A-8A61-AFB0F25CE8D5}.Release|Any CPU.ActiveCfg = Release|Any CPU
		{A15808FF-153A-484A-8A61-AFB0F25CE8D5}.Release|Any CPU.Build.0 = Release|Any CPU
		{DF7B7F6B-0A32-4F38-BCAC-AF7813AF934E}.Debug|Any CPU.ActiveCfg = Debug|Any CPU
		{DF7B7F6B-0A32-4F38-BCAC-AF7813AF934E}.Debug|Any CPU.Build.0 = Debug|Any CPU
		{DF7B7F6B-0A32-4F38-BCAC-AF7813AF934E}.Release - all|Any CPU.ActiveCfg = Release - all|Any CPU
		{DF7B7F6B-0A32-4F38-BCAC-AF7813AF934E}.Release - all|Any CPU.Build.0 = Release - all|Any CPU
		{DF7B7F6B-0A32-4F38-BCAC-AF7813AF934E}.Release - Full|Any CPU.ActiveCfg = Release - Full|Any CPU
		{DF7B7F6B-0A32-4F38-BCAC-AF7813AF934E}.Release - Full|Any CPU.Build.0 = Release - Full|Any CPU
		{DF7B7F6B-0A32-4F38-BCAC-AF7813AF934E}.Release|Any CPU.ActiveCfg = Release|Any CPU
		{DF7B7F6B-0A32-4F38-BCAC-AF7813AF934E}.Release|Any CPU.Build.0 = Release|Any CPU
	EndGlobalSection
	GlobalSection(SolutionProperties) = preSolution
		HideSolutionNode = FALSE
	EndGlobalSection
EndGlobal
