
Microsoft Visual Studio Solution File, Format Version 10.00
# Visual Studio 2008
Project("{FAE04EC0-301F-11D3-BF4B-00C04F79EFBC}") = "CameraClient", "CameraClient\CameraClient.csproj", "{8A8659A5-5290-4B74-8ACB-ABD7960EBE8C}"
EndProject
Project("{FAE04EC0-301F-11D3-BF4B-00C04F79EFBC}") = "testdoc", "testdoc\testdoc.csproj", "{BDDC9A84-D75B-4C61-A45A-21D7CCCA3B0D}"
EndProject
Global
	GlobalSection(TeamFoundationVersionControl) = preSolution
		SccNumberOfProjects = 3
		SccEnterpriseProvider = {4CA58AB2-18FA-4F8D-95D4-32DDF27D184C}
		SccTeamFoundationServer = http://spb-tfs01:8080/
		SccLocalPath0 = .
		SccProjectUniqueName1 = CameraClient\\CameraClient.csproj
		SccProjectName1 = CameraClient
		SccLocalPath1 = CameraClient
		SccProjectUniqueName2 = testdoc\\testdoc.csproj
		SccProjectName2 = testdoc
		SccLocalPath2 = testdoc
	EndGlobalSection
	GlobalSection(SolutionConfigurationPlatforms) = preSolution
		Debug|Any CPU = Debug|Any CPU
		Release|Any CPU = Release|Any CPU
	EndGlobalSection
	GlobalSection(ProjectConfigurationPlatforms) = postSolution
		{8A8659A5-5290-4B74-8ACB-ABD7960EBE8C}.Debug|Any CPU.ActiveCfg = Debug|Any CPU
		{8A8659A5-5290-4B74-8ACB-ABD7960EBE8C}.Debug|Any CPU.Build.0 = Debug|Any CPU
		{8A8659A5-5290-4B74-8ACB-ABD7960EBE8C}.Release|Any CPU.ActiveCfg = Release|Any CPU
		{8A8659A5-5290-4B74-8ACB-ABD7960EBE8C}.Release|Any CPU.Build.0 = Release|Any CPU
		{BDDC9A84-D75B-4C61-A45A-21D7CCCA3B0D}.Debug|Any CPU.ActiveCfg = Debug|Any CPU
		{BDDC9A84-D75B-4C61-A45A-21D7CCCA3B0D}.Debug|Any CPU.Build.0 = Debug|Any CPU
		{BDDC9A84-D75B-4C61-A45A-21D7CCCA3B0D}.Release|Any CPU.ActiveCfg = Release|Any CPU
		{BDDC9A84-D75B-4C61-A45A-21D7CCCA3B0D}.Release|Any CPU.Build.0 = Release|Any CPU
	EndGlobalSection
	GlobalSection(SolutionProperties) = preSolution
		HideSolutionNode = FALSE
	EndGlobalSection
EndGlobal
